
Microsoft Visual Studio Solution File, Format Version 12.00
# Visual Studio Version 16
VisualStudioVersion = 16.0.29123.88
MinimumVisualStudioVersion = 10.0.40219.1
Project("{9A19103F-16F7-4668-BE54-9A1E7A4F7556}") = "Hymnal.Core", "src\Hymnal.Core\Hymnal.Core.csproj", "{8651A503-045F-42AA-8EFD-1E20E5A73925}"
EndProject
Project("{9A19103F-16F7-4668-BE54-9A1E7A4F7556}") = "Hymnal.XF.UI", "src\Hymnal.XF.UI\Hymnal.XF.UI.csproj", "{D9BCF416-9F88-4089-83A6-D9C9B9B1EB7D}"
EndProject
Project("{2150E333-8FDC-42A3-9474-1A3956D46DE8}") = "!Solution Items", "!Solution Items", "{D86EA0D6-8581-45CA-8AF0-16AF124E4839}"
	ProjectSection(SolutionItems) = preProject
		.editorconfig = .editorconfig
		.gitignore = .gitignore
		README.md = README.md
	EndProjectSection
EndProject
Project("{2150E333-8FDC-42A3-9474-1A3956D46DE8}") = "Platform", "Platform", "{B5B24C14-6AE6-4F30-A089-F22876B55AA2}"
EndProject
Project("{2150E333-8FDC-42A3-9474-1A3956D46DE8}") = "Test", "Test", "{740B4B75-7B30-458C-846D-5E14B54B51BC}"
EndProject
Project("{9A19103F-16F7-4668-BE54-9A1E7A4F7556}") = "Hymnal.SharedNatives", "src\Hymnal.SharedNatives\Hymnal.SharedNatives.csproj", "{1AC8149A-B28F-4DB6-A65E-31E379605528}"
EndProject
Project("{2150E333-8FDC-42A3-9474-1A3956D46DE8}") = "Plugin", "Plugin", "{0B2B9CE5-5087-4670-BFDF-0FA71D85B82A}"
EndProject
Project("{9A19103F-16F7-4668-BE54-9A1E7A4F7556}") = "StorageManager", "Plugin\StorageManager\StorageManager.csproj", "{4A4AC861-6DEA-49E0-A330-5442B1F1F294}"
EndProject
Project("{FAE04EC0-301F-11D3-BF4B-00C04F79EFBC}") = "Hymnal.Native.iOS", "src\Hymnal.Native.iOS\Hymnal.Native.iOS.csproj", "{B6191ECE-AAA9-4563-B1E4-2D3CEADE4376}"
EndProject
Project("{9344BDBB-3E7F-41FC-A0DD-8665D75EE146}") = "Hymnal.XF.iOS", "src\Hymnal.XF.iOS\Hymnal.XF.iOS.csproj", "{E9E4B13A-CECE-4055-A1E0-7C5A088FA1C4}"
EndProject
Project("{9344BDBB-3E7F-41FC-A0DD-8665D75EE146}") = "Hymnal.XF.UWP", "src\Hymnal.XF.UWP\Hymnal.XF.UWP.csproj", "{F72EAD94-E404-4ABF-809C-11B6C13639FE}"
EndProject
Project("{9344BDBB-3E7F-41FC-A0DD-8665D75EE146}") = "Hymnal.Native.UWP", "src\Hymnal.Native.UWP\Hymnal.Native.UWP.csproj", "{2E385B99-D2AA-490C-BE41-8F5CC9B132E4}"
EndProject
Project("{9344BDBB-3E7F-41FC-A0DD-8665D75EE146}") = "Hymnal.XF.Droid.Shared", "src\Hymnal.XF.Droid.Shared\Hymnal.XF.Droid.Shared.shproj", "{B201B226-04C9-4815-983D-D4F8DAA2AC35}"
EndProject
Project("{9344BDBB-3E7F-41FC-A0DD-8665D75EE146}") = "Hymnal.Native.Droid.Shared", "src\Hymnal.Native.Droid.Shared\Hymnal.Native.Droid.Shared.shproj", "{71EFF1E6-CAAB-40EE-8D79-1872D7E63DC6}"
EndProject
Project("{9344BDBB-3E7F-41FC-A0DD-8665D75EE146}") = "Hymnal.XF.Tizen.TV", "src\Hymnal.XF.Tizen.TV\Hymnal.XF.Tizen.TV.csproj", "{7EE36A44-F157-477D-9414-CCC7EF757538}"
EndProject
Project("{9344BDBB-3E7F-41FC-A0DD-8665D75EE146}") = "Hymnal.XF.Droid", "src\Hymnal.XF.Droid\Hymnal.XF.Droid.csproj", "{86BD21A9-65CE-4B80-B6AC-B1E7B8ED85AA}"
EndProject
Project("{9344BDBB-3E7F-41FC-A0DD-8665D75EE146}") = "Hymnal.Native.Droid", "src\Hymnal.Native.Droid\Hymnal.Native.Droid.csproj", "{B391D933-FD4E-4E55-A15B-9A3118E9BC6D}"
EndProject
Project("{9344BDBB-3E7F-41FC-A0DD-8665D75EE146}") = "Hymnal.Native.UWP.Test", "test\Hymnal.Native.UWP.Test\Hymnal.Native.UWP.Test.csproj", "{E1C344D3-7CAC-431C-934A-C287CEABA0D8}"
EndProject
Project("{9344BDBB-3E7F-41FC-A0DD-8665D75EE146}") = "Hymnal.Core.Test", "test\Hymnal.Core.Test\Hymnal.Core.Test.csproj", "{E7C5BFAD-4A37-4C14-AF77-BDC12AA2951C}"
EndProject
Project("{9344BDBB-3E7F-41FC-A0DD-8665D75EE146}") = "Hymnal.XF.Droid.Test", "test\Hymnal.XF.Droid.Test\Hymnal.XF.Droid.Test.csproj", "{E8757D06-6E10-4987-BCC4-168F01CAD05D}"
EndProject
Project("{9344BDBB-3E7F-41FC-A0DD-8665D75EE146}") = "Hymnal.XF.iOS.Test", "test\Hymnal.XF.iOS.Test\Hymnal.XF.iOS.Test.csproj", "{313C0D46-34A3-472E-9E90-10FB143EACFF}"
EndProject
Project("{9344BDBB-3E7F-41FC-A0DD-8665D75EE146}") = "Hymnal.XF.UI.Test", "test\Hymnal.XF.UI.Test\Hymnal.XF.UI.Test.csproj", "{58468CC2-1A7B-46A9-93F6-1091287CF5BB}"
EndProject
Project("{9344BDBB-3E7F-41FC-A0DD-8665D75EE146}") = "Hymnal.XF.UWP.Test", "test\Hymnal.XF.UWP.Test\Hymnal.XF.UWP.Test.csproj", "{E0BB27ED-D1DA-4D56-9578-AAC64FECDD4A}"
EndProject
Project("{9344BDBB-3E7F-41FC-A0DD-8665D75EE146}") = "Hymnal.XF.UWP.UI.Test", "test\Hymnal.XF.UWP.UI.Test\Hymnal.XF.UWP.UI.Test.csproj", "{1A6E258E-1C8E-4D27-9699-1E096876AA7F}"
EndProject
Project("{9344BDBB-3E7F-41FC-A0DD-8665D75EE146}") = "Hymnal.Native.Droid.Test", "test\Hymnal.Native.Droid.Test\Hymnal.Native.Droid.Test.csproj", "{53D62845-8F40-48DD-9D6C-B743CC48F6B1}"
EndProject
Project("{9344BDBB-3E7F-41FC-A0DD-8665D75EE146}") = "Hymnal.Native.Droid.UI.Test", "test\Hymnal.Native.Droid.UI.Test\Hymnal.Native.Droid.UI.Test.csproj", "{548C1349-E55F-4E1D-8C33-5D483F06EE22}"
EndProject
Project("{9344BDBB-3E7F-41FC-A0DD-8665D75EE146}") = "Hymnal.Native.iOS.Test", "test\Hymnal.Native.iOS.Test\Hymnal.Native.iOS.Test.csproj", "{8E9E2E68-A70D-4ED5-B8EA-08B354FB5674}"
EndProject
Project("{9344BDBB-3E7F-41FC-A0DD-8665D75EE146}") = "Hymnal.Native.iOS.UI.Test", "test\Hymnal.Native.iOS.UI.Test\Hymnal.Native.iOS.UI.Test.csproj", "{D7EBEB08-92B3-44FB-A09B-7D1881CD0DAC}"
EndProject
Project("{9344BDBB-3E7F-41FC-A0DD-8665D75EE146}") = "Hymnal.Native.UWP.UI.Test", "test\Hymnal.Native.UWP.UI.Test\Hymnal.Native.UWP.UI.Test.csproj", "{52EA1D84-F2F2-420B-A2E1-7AD1D9576562}"
EndProject
Project("{FAE04EC0-301F-11D3-BF4B-00C04F79EFBC}") = "Hymnal.Native.TvOS", "src\Hymnal.Native.TvOS\Hymnal.Native.TvOS.csproj", "{135A31E6-E396-40A0-AE09-2C9E238C4538}"
EndProject
Global
	GlobalSection(SharedMSBuildProjectFiles) = preSolution
		src\Hymnal.XF.Droid.Shared\Hymnal.XF.Droid.Shared.projitems*{125e8cf8-4663-4fc0-8ae9-1de4d1fe9cb4}*SharedItemsImports = 13
		src\Hymnal.Native.Droid.Shared\Hymnal.Native.Droid.Shared.projitems*{9af8d99e-7d20-4c51-85c9-b0e6c9b263c0}*SharedItemsImports = 13
		src\Hymnal.Native.Droid.Shared\Hymnal.Native.Droid.Shared.projitems*{b1a3f8a2-fb5a-4f4f-a131-2acbe5b54334}*SharedItemsImports = 4
		src\Hymnal.Native.Droid.Shared\Hymnal.Native.Droid.Shared.projitems*{b7d138c7-543a-4776-a7c6-19fc8b87067e}*SharedItemsImports = 4
		src\Hymnal.XF.Droid.Shared\Hymnal.XF.Droid.Shared.projitems*{c494b802-1607-44bd-87d3-f94a0e28cc6c}*SharedItemsImports = 4
		src\Hymnal.XF.Droid.Shared\Hymnal.XF.Droid.Shared.projitems*{ccd55e9b-85f0-498c-ac98-bcaf92bf70ca}*SharedItemsImports = 4
	EndGlobalSection
	GlobalSection(SolutionConfigurationPlatforms) = preSolution
		Debug|Any CPU = Debug|Any CPU
		Debug|ARM = Debug|ARM
		Debug|iPhone = Debug|iPhone
		Debug|iPhoneSimulator = Debug|iPhoneSimulator
		Debug|x64 = Debug|x64
		Debug|x86 = Debug|x86
		Release|Any CPU = Release|Any CPU
		Release|ARM = Release|ARM
		Release|iPhone = Release|iPhone
		Release|iPhoneSimulator = Release|iPhoneSimulator
		Release|x64 = Release|x64
		Release|x86 = Release|x86
	EndGlobalSection
	GlobalSection(ProjectConfigurationPlatforms) = postSolution
		{8651A503-045F-42AA-8EFD-1E20E5A73925}.Debug|Any CPU.ActiveCfg = Debug|Any CPU
		{8651A503-045F-42AA-8EFD-1E20E5A73925}.Debug|Any CPU.Build.0 = Debug|Any CPU
		{8651A503-045F-42AA-8EFD-1E20E5A73925}.Debug|ARM.ActiveCfg = Debug|Any CPU
		{8651A503-045F-42AA-8EFD-1E20E5A73925}.Debug|ARM.Build.0 = Debug|Any CPU
		{8651A503-045F-42AA-8EFD-1E20E5A73925}.Debug|iPhone.ActiveCfg = Debug|Any CPU
		{8651A503-045F-42AA-8EFD-1E20E5A73925}.Debug|iPhone.Build.0 = Debug|Any CPU
		{8651A503-045F-42AA-8EFD-1E20E5A73925}.Debug|iPhoneSimulator.ActiveCfg = Debug|Any CPU
		{8651A503-045F-42AA-8EFD-1E20E5A73925}.Debug|iPhoneSimulator.Build.0 = Debug|Any CPU
		{8651A503-045F-42AA-8EFD-1E20E5A73925}.Debug|x64.ActiveCfg = Debug|Any CPU
		{8651A503-045F-42AA-8EFD-1E20E5A73925}.Debug|x64.Build.0 = Debug|Any CPU
		{8651A503-045F-42AA-8EFD-1E20E5A73925}.Debug|x86.ActiveCfg = Debug|Any CPU
		{8651A503-045F-42AA-8EFD-1E20E5A73925}.Debug|x86.Build.0 = Debug|Any CPU
		{8651A503-045F-42AA-8EFD-1E20E5A73925}.Release|Any CPU.ActiveCfg = Release|Any CPU
		{8651A503-045F-42AA-8EFD-1E20E5A73925}.Release|Any CPU.Build.0 = Release|Any CPU
		{8651A503-045F-42AA-8EFD-1E20E5A73925}.Release|ARM.ActiveCfg = Release|Any CPU
		{8651A503-045F-42AA-8EFD-1E20E5A73925}.Release|ARM.Build.0 = Release|Any CPU
		{8651A503-045F-42AA-8EFD-1E20E5A73925}.Release|iPhone.ActiveCfg = Release|Any CPU
		{8651A503-045F-42AA-8EFD-1E20E5A73925}.Release|iPhone.Build.0 = Release|Any CPU
		{8651A503-045F-42AA-8EFD-1E20E5A73925}.Release|iPhoneSimulator.ActiveCfg = Release|Any CPU
		{8651A503-045F-42AA-8EFD-1E20E5A73925}.Release|iPhoneSimulator.Build.0 = Release|Any CPU
		{8651A503-045F-42AA-8EFD-1E20E5A73925}.Release|x64.ActiveCfg = Release|Any CPU
		{8651A503-045F-42AA-8EFD-1E20E5A73925}.Release|x64.Build.0 = Release|Any CPU
		{8651A503-045F-42AA-8EFD-1E20E5A73925}.Release|x86.ActiveCfg = Release|Any CPU
		{8651A503-045F-42AA-8EFD-1E20E5A73925}.Release|x86.Build.0 = Release|Any CPU
		{D9BCF416-9F88-4089-83A6-D9C9B9B1EB7D}.Debug|Any CPU.ActiveCfg = Debug|Any CPU
		{D9BCF416-9F88-4089-83A6-D9C9B9B1EB7D}.Debug|Any CPU.Build.0 = Debug|Any CPU
		{D9BCF416-9F88-4089-83A6-D9C9B9B1EB7D}.Debug|ARM.ActiveCfg = Debug|Any CPU
		{D9BCF416-9F88-4089-83A6-D9C9B9B1EB7D}.Debug|ARM.Build.0 = Debug|Any CPU
		{D9BCF416-9F88-4089-83A6-D9C9B9B1EB7D}.Debug|iPhone.ActiveCfg = Debug|Any CPU
		{D9BCF416-9F88-4089-83A6-D9C9B9B1EB7D}.Debug|iPhone.Build.0 = Debug|Any CPU
		{D9BCF416-9F88-4089-83A6-D9C9B9B1EB7D}.Debug|iPhoneSimulator.ActiveCfg = Debug|Any CPU
		{D9BCF416-9F88-4089-83A6-D9C9B9B1EB7D}.Debug|iPhoneSimulator.Build.0 = Debug|Any CPU
		{D9BCF416-9F88-4089-83A6-D9C9B9B1EB7D}.Debug|x64.ActiveCfg = Debug|Any CPU
		{D9BCF416-9F88-4089-83A6-D9C9B9B1EB7D}.Debug|x64.Build.0 = Debug|Any CPU
		{D9BCF416-9F88-4089-83A6-D9C9B9B1EB7D}.Debug|x86.ActiveCfg = Debug|Any CPU
		{D9BCF416-9F88-4089-83A6-D9C9B9B1EB7D}.Debug|x86.Build.0 = Debug|Any CPU
		{D9BCF416-9F88-4089-83A6-D9C9B9B1EB7D}.Release|Any CPU.ActiveCfg = Release|Any CPU
		{D9BCF416-9F88-4089-83A6-D9C9B9B1EB7D}.Release|Any CPU.Build.0 = Release|Any CPU
		{D9BCF416-9F88-4089-83A6-D9C9B9B1EB7D}.Release|ARM.ActiveCfg = Release|Any CPU
		{D9BCF416-9F88-4089-83A6-D9C9B9B1EB7D}.Release|ARM.Build.0 = Release|Any CPU
		{D9BCF416-9F88-4089-83A6-D9C9B9B1EB7D}.Release|iPhone.ActiveCfg = Release|Any CPU
		{D9BCF416-9F88-4089-83A6-D9C9B9B1EB7D}.Release|iPhone.Build.0 = Release|Any CPU
		{D9BCF416-9F88-4089-83A6-D9C9B9B1EB7D}.Release|iPhoneSimulator.ActiveCfg = Release|Any CPU
		{D9BCF416-9F88-4089-83A6-D9C9B9B1EB7D}.Release|iPhoneSimulator.Build.0 = Release|Any CPU
		{D9BCF416-9F88-4089-83A6-D9C9B9B1EB7D}.Release|x64.ActiveCfg = Release|Any CPU
		{D9BCF416-9F88-4089-83A6-D9C9B9B1EB7D}.Release|x64.Build.0 = Release|Any CPU
		{D9BCF416-9F88-4089-83A6-D9C9B9B1EB7D}.Release|x86.ActiveCfg = Release|Any CPU
		{D9BCF416-9F88-4089-83A6-D9C9B9B1EB7D}.Release|x86.Build.0 = Release|Any CPU
		{1AC8149A-B28F-4DB6-A65E-31E379605528}.Debug|Any CPU.ActiveCfg = Debug|Any CPU
		{1AC8149A-B28F-4DB6-A65E-31E379605528}.Debug|Any CPU.Build.0 = Debug|Any CPU
		{1AC8149A-B28F-4DB6-A65E-31E379605528}.Debug|ARM.ActiveCfg = Debug|Any CPU
		{1AC8149A-B28F-4DB6-A65E-31E379605528}.Debug|ARM.Build.0 = Debug|Any CPU
		{1AC8149A-B28F-4DB6-A65E-31E379605528}.Debug|iPhone.ActiveCfg = Debug|Any CPU
		{1AC8149A-B28F-4DB6-A65E-31E379605528}.Debug|iPhone.Build.0 = Debug|Any CPU
		{1AC8149A-B28F-4DB6-A65E-31E379605528}.Debug|iPhoneSimulator.ActiveCfg = Debug|Any CPU
		{1AC8149A-B28F-4DB6-A65E-31E379605528}.Debug|iPhoneSimulator.Build.0 = Debug|Any CPU
		{1AC8149A-B28F-4DB6-A65E-31E379605528}.Debug|x64.ActiveCfg = Debug|Any CPU
		{1AC8149A-B28F-4DB6-A65E-31E379605528}.Debug|x64.Build.0 = Debug|Any CPU
		{1AC8149A-B28F-4DB6-A65E-31E379605528}.Debug|x86.ActiveCfg = Debug|Any CPU
		{1AC8149A-B28F-4DB6-A65E-31E379605528}.Debug|x86.Build.0 = Debug|Any CPU
		{1AC8149A-B28F-4DB6-A65E-31E379605528}.Release|Any CPU.ActiveCfg = Release|Any CPU
		{1AC8149A-B28F-4DB6-A65E-31E379605528}.Release|Any CPU.Build.0 = Release|Any CPU
		{1AC8149A-B28F-4DB6-A65E-31E379605528}.Release|ARM.ActiveCfg = Release|Any CPU
		{1AC8149A-B28F-4DB6-A65E-31E379605528}.Release|ARM.Build.0 = Release|Any CPU
		{1AC8149A-B28F-4DB6-A65E-31E379605528}.Release|iPhone.ActiveCfg = Release|Any CPU
		{1AC8149A-B28F-4DB6-A65E-31E379605528}.Release|iPhone.Build.0 = Release|Any CPU
		{1AC8149A-B28F-4DB6-A65E-31E379605528}.Release|iPhoneSimulator.ActiveCfg = Release|Any CPU
		{1AC8149A-B28F-4DB6-A65E-31E379605528}.Release|iPhoneSimulator.Build.0 = Release|Any CPU
		{1AC8149A-B28F-4DB6-A65E-31E379605528}.Release|x64.ActiveCfg = Release|Any CPU
		{1AC8149A-B28F-4DB6-A65E-31E379605528}.Release|x64.Build.0 = Release|Any CPU
		{1AC8149A-B28F-4DB6-A65E-31E379605528}.Release|x86.ActiveCfg = Release|Any CPU
		{1AC8149A-B28F-4DB6-A65E-31E379605528}.Release|x86.Build.0 = Release|Any CPU
		{4A4AC861-6DEA-49E0-A330-5442B1F1F294}.Debug|Any CPU.ActiveCfg = Debug|Any CPU
		{4A4AC861-6DEA-49E0-A330-5442B1F1F294}.Debug|Any CPU.Build.0 = Debug|Any CPU
		{4A4AC861-6DEA-49E0-A330-5442B1F1F294}.Debug|ARM.ActiveCfg = Debug|Any CPU
		{4A4AC861-6DEA-49E0-A330-5442B1F1F294}.Debug|ARM.Build.0 = Debug|Any CPU
		{4A4AC861-6DEA-49E0-A330-5442B1F1F294}.Debug|iPhone.ActiveCfg = Debug|Any CPU
		{4A4AC861-6DEA-49E0-A330-5442B1F1F294}.Debug|iPhone.Build.0 = Debug|Any CPU
		{4A4AC861-6DEA-49E0-A330-5442B1F1F294}.Debug|iPhoneSimulator.ActiveCfg = Debug|Any CPU
		{4A4AC861-6DEA-49E0-A330-5442B1F1F294}.Debug|iPhoneSimulator.Build.0 = Debug|Any CPU
		{4A4AC861-6DEA-49E0-A330-5442B1F1F294}.Debug|x64.ActiveCfg = Debug|Any CPU
		{4A4AC861-6DEA-49E0-A330-5442B1F1F294}.Debug|x64.Build.0 = Debug|Any CPU
		{4A4AC861-6DEA-49E0-A330-5442B1F1F294}.Debug|x86.ActiveCfg = Debug|Any CPU
		{4A4AC861-6DEA-49E0-A330-5442B1F1F294}.Debug|x86.Build.0 = Debug|Any CPU
		{4A4AC861-6DEA-49E0-A330-5442B1F1F294}.Release|Any CPU.ActiveCfg = Release|Any CPU
		{4A4AC861-6DEA-49E0-A330-5442B1F1F294}.Release|Any CPU.Build.0 = Release|Any CPU
		{4A4AC861-6DEA-49E0-A330-5442B1F1F294}.Release|ARM.ActiveCfg = Release|Any CPU
		{4A4AC861-6DEA-49E0-A330-5442B1F1F294}.Release|ARM.Build.0 = Release|Any CPU
		{4A4AC861-6DEA-49E0-A330-5442B1F1F294}.Release|iPhone.ActiveCfg = Release|Any CPU
		{4A4AC861-6DEA-49E0-A330-5442B1F1F294}.Release|iPhone.Build.0 = Release|Any CPU
		{4A4AC861-6DEA-49E0-A330-5442B1F1F294}.Release|iPhoneSimulator.ActiveCfg = Release|Any CPU
		{4A4AC861-6DEA-49E0-A330-5442B1F1F294}.Release|iPhoneSimulator.Build.0 = Release|Any CPU
		{4A4AC861-6DEA-49E0-A330-5442B1F1F294}.Release|x64.ActiveCfg = Release|Any CPU
		{4A4AC861-6DEA-49E0-A330-5442B1F1F294}.Release|x64.Build.0 = Release|Any CPU
		{4A4AC861-6DEA-49E0-A330-5442B1F1F294}.Release|x86.ActiveCfg = Release|Any CPU
		{4A4AC861-6DEA-49E0-A330-5442B1F1F294}.Release|x86.Build.0 = Release|Any CPU
		{B6191ECE-AAA9-4563-B1E4-2D3CEADE4376}.Debug|Any CPU.ActiveCfg = Debug|iPhone
		{B6191ECE-AAA9-4563-B1E4-2D3CEADE4376}.Debug|ARM.ActiveCfg = Debug|iPhone
		{B6191ECE-AAA9-4563-B1E4-2D3CEADE4376}.Debug|iPhone.ActiveCfg = Debug|iPhone
		{B6191ECE-AAA9-4563-B1E4-2D3CEADE4376}.Debug|iPhone.Build.0 = Debug|iPhone
		{B6191ECE-AAA9-4563-B1E4-2D3CEADE4376}.Debug|iPhoneSimulator.ActiveCfg = Debug|iPhoneSimulator
		{B6191ECE-AAA9-4563-B1E4-2D3CEADE4376}.Debug|iPhoneSimulator.Build.0 = Debug|iPhoneSimulator
		{B6191ECE-AAA9-4563-B1E4-2D3CEADE4376}.Debug|x64.ActiveCfg = Debug|iPhone
		{B6191ECE-AAA9-4563-B1E4-2D3CEADE4376}.Debug|x86.ActiveCfg = Debug|iPhone
		{B6191ECE-AAA9-4563-B1E4-2D3CEADE4376}.Release|Any CPU.ActiveCfg = Release|iPhone
		{B6191ECE-AAA9-4563-B1E4-2D3CEADE4376}.Release|ARM.ActiveCfg = Release|iPhone
		{B6191ECE-AAA9-4563-B1E4-2D3CEADE4376}.Release|iPhone.ActiveCfg = Release|iPhone
		{B6191ECE-AAA9-4563-B1E4-2D3CEADE4376}.Release|iPhone.Build.0 = Release|iPhone
		{B6191ECE-AAA9-4563-B1E4-2D3CEADE4376}.Release|iPhoneSimulator.ActiveCfg = Release|iPhoneSimulator
		{B6191ECE-AAA9-4563-B1E4-2D3CEADE4376}.Release|iPhoneSimulator.Build.0 = Release|iPhoneSimulator
		{B6191ECE-AAA9-4563-B1E4-2D3CEADE4376}.Release|x64.ActiveCfg = Release|iPhone
		{B6191ECE-AAA9-4563-B1E4-2D3CEADE4376}.Release|x86.ActiveCfg = Release|iPhone
		{E9E4B13A-CECE-4055-A1E0-7C5A088FA1C4}.Debug|Any CPU.ActiveCfg = Debug|iPhone
		{E9E4B13A-CECE-4055-A1E0-7C5A088FA1C4}.Debug|Any CPU.Build.0 = Debug|iPhone
		{E9E4B13A-CECE-4055-A1E0-7C5A088FA1C4}.Debug|ARM.ActiveCfg = Debug|iPhone
		{E9E4B13A-CECE-4055-A1E0-7C5A088FA1C4}.Debug|iPhone.ActiveCfg = Debug|iPhone
		{E9E4B13A-CECE-4055-A1E0-7C5A088FA1C4}.Debug|iPhone.Build.0 = Debug|iPhone
		{E9E4B13A-CECE-4055-A1E0-7C5A088FA1C4}.Debug|iPhone.Deploy.0 = Debug|iPhone
		{E9E4B13A-CECE-4055-A1E0-7C5A088FA1C4}.Debug|iPhoneSimulator.ActiveCfg = Debug|iPhoneSimulator
		{E9E4B13A-CECE-4055-A1E0-7C5A088FA1C4}.Debug|iPhoneSimulator.Build.0 = Debug|iPhoneSimulator
		{E9E4B13A-CECE-4055-A1E0-7C5A088FA1C4}.Debug|iPhoneSimulator.Deploy.0 = Debug|iPhoneSimulator
		{E9E4B13A-CECE-4055-A1E0-7C5A088FA1C4}.Debug|x64.ActiveCfg = Debug|iPhone
		{E9E4B13A-CECE-4055-A1E0-7C5A088FA1C4}.Debug|x86.ActiveCfg = Debug|iPhone
		{E9E4B13A-CECE-4055-A1E0-7C5A088FA1C4}.Release|Any CPU.ActiveCfg = Release|iPhone
		{E9E4B13A-CECE-4055-A1E0-7C5A088FA1C4}.Release|ARM.ActiveCfg = Release|iPhone
		{E9E4B13A-CECE-4055-A1E0-7C5A088FA1C4}.Release|iPhone.ActiveCfg = Release|iPhone
		{E9E4B13A-CECE-4055-A1E0-7C5A088FA1C4}.Release|iPhone.Build.0 = Release|iPhone
		{E9E4B13A-CECE-4055-A1E0-7C5A088FA1C4}.Release|iPhone.Deploy.0 = Release|iPhone
		{E9E4B13A-CECE-4055-A1E0-7C5A088FA1C4}.Release|iPhoneSimulator.ActiveCfg = Release|iPhoneSimulator
		{E9E4B13A-CECE-4055-A1E0-7C5A088FA1C4}.Release|iPhoneSimulator.Build.0 = Release|iPhoneSimulator
		{E9E4B13A-CECE-4055-A1E0-7C5A088FA1C4}.Release|iPhoneSimulator.Deploy.0 = Release|iPhoneSimulator
		{E9E4B13A-CECE-4055-A1E0-7C5A088FA1C4}.Release|x64.ActiveCfg = Release|iPhone
		{E9E4B13A-CECE-4055-A1E0-7C5A088FA1C4}.Release|x86.ActiveCfg = Release|iPhone
		{F72EAD94-E404-4ABF-809C-11B6C13639FE}.Debug|Any CPU.ActiveCfg = Debug|x86
		{F72EAD94-E404-4ABF-809C-11B6C13639FE}.Debug|ARM.ActiveCfg = Debug|ARM
		{F72EAD94-E404-4ABF-809C-11B6C13639FE}.Debug|ARM.Build.0 = Debug|ARM
		{F72EAD94-E404-4ABF-809C-11B6C13639FE}.Debug|ARM.Deploy.0 = Debug|ARM
		{F72EAD94-E404-4ABF-809C-11B6C13639FE}.Debug|iPhone.ActiveCfg = Debug|x86
		{F72EAD94-E404-4ABF-809C-11B6C13639FE}.Debug|iPhoneSimulator.ActiveCfg = Debug|x86
		{F72EAD94-E404-4ABF-809C-11B6C13639FE}.Debug|x64.ActiveCfg = Debug|x64
		{F72EAD94-E404-4ABF-809C-11B6C13639FE}.Debug|x64.Build.0 = Debug|x64
		{F72EAD94-E404-4ABF-809C-11B6C13639FE}.Debug|x64.Deploy.0 = Debug|x64
		{F72EAD94-E404-4ABF-809C-11B6C13639FE}.Debug|x86.ActiveCfg = Debug|x86
		{F72EAD94-E404-4ABF-809C-11B6C13639FE}.Debug|x86.Build.0 = Debug|x86
		{F72EAD94-E404-4ABF-809C-11B6C13639FE}.Debug|x86.Deploy.0 = Debug|x86
		{F72EAD94-E404-4ABF-809C-11B6C13639FE}.Release|Any CPU.ActiveCfg = Release|x86
		{F72EAD94-E404-4ABF-809C-11B6C13639FE}.Release|ARM.ActiveCfg = Release|ARM
		{F72EAD94-E404-4ABF-809C-11B6C13639FE}.Release|ARM.Build.0 = Release|ARM
		{F72EAD94-E404-4ABF-809C-11B6C13639FE}.Release|ARM.Deploy.0 = Release|ARM
		{F72EAD94-E404-4ABF-809C-11B6C13639FE}.Release|iPhone.ActiveCfg = Release|x86
		{F72EAD94-E404-4ABF-809C-11B6C13639FE}.Release|iPhoneSimulator.ActiveCfg = Release|x86
		{F72EAD94-E404-4ABF-809C-11B6C13639FE}.Release|x64.ActiveCfg = Release|x64
		{F72EAD94-E404-4ABF-809C-11B6C13639FE}.Release|x64.Build.0 = Release|x64
		{F72EAD94-E404-4ABF-809C-11B6C13639FE}.Release|x64.Deploy.0 = Release|x64
		{F72EAD94-E404-4ABF-809C-11B6C13639FE}.Release|x86.ActiveCfg = Release|x86
		{F72EAD94-E404-4ABF-809C-11B6C13639FE}.Release|x86.Build.0 = Release|x86
		{F72EAD94-E404-4ABF-809C-11B6C13639FE}.Release|x86.Deploy.0 = Release|x86
		{2E385B99-D2AA-490C-BE41-8F5CC9B132E4}.Debug|Any CPU.ActiveCfg = Debug|x86
		{2E385B99-D2AA-490C-BE41-8F5CC9B132E4}.Debug|ARM.ActiveCfg = Debug|ARM
		{2E385B99-D2AA-490C-BE41-8F5CC9B132E4}.Debug|ARM.Build.0 = Debug|ARM
		{2E385B99-D2AA-490C-BE41-8F5CC9B132E4}.Debug|ARM.Deploy.0 = Debug|ARM
		{2E385B99-D2AA-490C-BE41-8F5CC9B132E4}.Debug|iPhone.ActiveCfg = Debug|x86
		{2E385B99-D2AA-490C-BE41-8F5CC9B132E4}.Debug|iPhoneSimulator.ActiveCfg = Debug|x86
		{2E385B99-D2AA-490C-BE41-8F5CC9B132E4}.Debug|x64.ActiveCfg = Debug|x64
		{2E385B99-D2AA-490C-BE41-8F5CC9B132E4}.Debug|x64.Build.0 = Debug|x64
		{2E385B99-D2AA-490C-BE41-8F5CC9B132E4}.Debug|x64.Deploy.0 = Debug|x64
		{2E385B99-D2AA-490C-BE41-8F5CC9B132E4}.Debug|x86.ActiveCfg = Debug|x86
		{2E385B99-D2AA-490C-BE41-8F5CC9B132E4}.Debug|x86.Build.0 = Debug|x86
		{2E385B99-D2AA-490C-BE41-8F5CC9B132E4}.Debug|x86.Deploy.0 = Debug|x86
		{2E385B99-D2AA-490C-BE41-8F5CC9B132E4}.Release|Any CPU.ActiveCfg = Release|x86
		{2E385B99-D2AA-490C-BE41-8F5CC9B132E4}.Release|ARM.ActiveCfg = Release|ARM
		{2E385B99-D2AA-490C-BE41-8F5CC9B132E4}.Release|ARM.Build.0 = Release|ARM
		{2E385B99-D2AA-490C-BE41-8F5CC9B132E4}.Release|ARM.Deploy.0 = Release|ARM
		{2E385B99-D2AA-490C-BE41-8F5CC9B132E4}.Release|iPhone.ActiveCfg = Release|x86
		{2E385B99-D2AA-490C-BE41-8F5CC9B132E4}.Release|iPhoneSimulator.ActiveCfg = Release|x86
		{2E385B99-D2AA-490C-BE41-8F5CC9B132E4}.Release|x64.ActiveCfg = Release|x64
		{2E385B99-D2AA-490C-BE41-8F5CC9B132E4}.Release|x64.Build.0 = Release|x64
		{2E385B99-D2AA-490C-BE41-8F5CC9B132E4}.Release|x64.Deploy.0 = Release|x64
		{2E385B99-D2AA-490C-BE41-8F5CC9B132E4}.Release|x86.ActiveCfg = Release|x86
		{2E385B99-D2AA-490C-BE41-8F5CC9B132E4}.Release|x86.Build.0 = Release|x86
		{2E385B99-D2AA-490C-BE41-8F5CC9B132E4}.Release|x86.Deploy.0 = Release|x86
		{7EE36A44-F157-477D-9414-CCC7EF757538}.Debug|Any CPU.ActiveCfg = Debug|Any CPU
		{7EE36A44-F157-477D-9414-CCC7EF757538}.Debug|Any CPU.Build.0 = Debug|Any CPU
		{7EE36A44-F157-477D-9414-CCC7EF757538}.Debug|ARM.ActiveCfg = Debug|Any CPU
		{7EE36A44-F157-477D-9414-CCC7EF757538}.Debug|ARM.Build.0 = Debug|Any CPU
		{7EE36A44-F157-477D-9414-CCC7EF757538}.Debug|iPhone.ActiveCfg = Debug|Any CPU
		{7EE36A44-F157-477D-9414-CCC7EF757538}.Debug|iPhone.Build.0 = Debug|Any CPU
		{7EE36A44-F157-477D-9414-CCC7EF757538}.Debug|iPhoneSimulator.ActiveCfg = Debug|Any CPU
		{7EE36A44-F157-477D-9414-CCC7EF757538}.Debug|iPhoneSimulator.Build.0 = Debug|Any CPU
		{7EE36A44-F157-477D-9414-CCC7EF757538}.Debug|x64.ActiveCfg = Debug|Any CPU
		{7EE36A44-F157-477D-9414-CCC7EF757538}.Debug|x64.Build.0 = Debug|Any CPU
		{7EE36A44-F157-477D-9414-CCC7EF757538}.Debug|x86.ActiveCfg = Debug|Any CPU
		{7EE36A44-F157-477D-9414-CCC7EF757538}.Debug|x86.Build.0 = Debug|Any CPU
		{7EE36A44-F157-477D-9414-CCC7EF757538}.Release|Any CPU.ActiveCfg = Release|Any CPU
		{7EE36A44-F157-477D-9414-CCC7EF757538}.Release|Any CPU.Build.0 = Release|Any CPU
		{7EE36A44-F157-477D-9414-CCC7EF757538}.Release|ARM.ActiveCfg = Release|Any CPU
		{7EE36A44-F157-477D-9414-CCC7EF757538}.Release|ARM.Build.0 = Release|Any CPU
		{7EE36A44-F157-477D-9414-CCC7EF757538}.Release|iPhone.ActiveCfg = Release|Any CPU
		{7EE36A44-F157-477D-9414-CCC7EF757538}.Release|iPhone.Build.0 = Release|Any CPU
		{7EE36A44-F157-477D-9414-CCC7EF757538}.Release|iPhoneSimulator.ActiveCfg = Release|Any CPU
		{7EE36A44-F157-477D-9414-CCC7EF757538}.Release|iPhoneSimulator.Build.0 = Release|Any CPU
		{7EE36A44-F157-477D-9414-CCC7EF757538}.Release|x64.ActiveCfg = Release|Any CPU
		{7EE36A44-F157-477D-9414-CCC7EF757538}.Release|x64.Build.0 = Release|Any CPU
		{7EE36A44-F157-477D-9414-CCC7EF757538}.Release|x86.ActiveCfg = Release|Any CPU
		{7EE36A44-F157-477D-9414-CCC7EF757538}.Release|x86.Build.0 = Release|Any CPU
		{86BD21A9-65CE-4B80-B6AC-B1E7B8ED85AA}.Debug|Any CPU.ActiveCfg = Debug|Any CPU
		{86BD21A9-65CE-4B80-B6AC-B1E7B8ED85AA}.Debug|Any CPU.Build.0 = Debug|Any CPU
		{86BD21A9-65CE-4B80-B6AC-B1E7B8ED85AA}.Debug|Any CPU.Deploy.0 = Debug|Any CPU
		{86BD21A9-65CE-4B80-B6AC-B1E7B8ED85AA}.Debug|ARM.ActiveCfg = Debug|Any CPU
		{86BD21A9-65CE-4B80-B6AC-B1E7B8ED85AA}.Debug|ARM.Build.0 = Debug|Any CPU
		{86BD21A9-65CE-4B80-B6AC-B1E7B8ED85AA}.Debug|ARM.Deploy.0 = Debug|Any CPU
		{86BD21A9-65CE-4B80-B6AC-B1E7B8ED85AA}.Debug|iPhone.ActiveCfg = Debug|Any CPU
		{86BD21A9-65CE-4B80-B6AC-B1E7B8ED85AA}.Debug|iPhone.Build.0 = Debug|Any CPU
		{86BD21A9-65CE-4B80-B6AC-B1E7B8ED85AA}.Debug|iPhone.Deploy.0 = Debug|Any CPU
		{86BD21A9-65CE-4B80-B6AC-B1E7B8ED85AA}.Debug|iPhoneSimulator.ActiveCfg = Debug|Any CPU
		{86BD21A9-65CE-4B80-B6AC-B1E7B8ED85AA}.Debug|iPhoneSimulator.Build.0 = Debug|Any CPU
		{86BD21A9-65CE-4B80-B6AC-B1E7B8ED85AA}.Debug|iPhoneSimulator.Deploy.0 = Debug|Any CPU
		{86BD21A9-65CE-4B80-B6AC-B1E7B8ED85AA}.Debug|x64.ActiveCfg = Debug|Any CPU
		{86BD21A9-65CE-4B80-B6AC-B1E7B8ED85AA}.Debug|x64.Build.0 = Debug|Any CPU
		{86BD21A9-65CE-4B80-B6AC-B1E7B8ED85AA}.Debug|x64.Deploy.0 = Debug|Any CPU
		{86BD21A9-65CE-4B80-B6AC-B1E7B8ED85AA}.Debug|x86.ActiveCfg = Debug|Any CPU
		{86BD21A9-65CE-4B80-B6AC-B1E7B8ED85AA}.Debug|x86.Build.0 = Debug|Any CPU
		{86BD21A9-65CE-4B80-B6AC-B1E7B8ED85AA}.Debug|x86.Deploy.0 = Debug|Any CPU
		{86BD21A9-65CE-4B80-B6AC-B1E7B8ED85AA}.Release|Any CPU.ActiveCfg = Release|Any CPU
		{86BD21A9-65CE-4B80-B6AC-B1E7B8ED85AA}.Release|Any CPU.Build.0 = Release|Any CPU
		{86BD21A9-65CE-4B80-B6AC-B1E7B8ED85AA}.Release|Any CPU.Deploy.0 = Release|Any CPU
		{86BD21A9-65CE-4B80-B6AC-B1E7B8ED85AA}.Release|ARM.ActiveCfg = Release|Any CPU
		{86BD21A9-65CE-4B80-B6AC-B1E7B8ED85AA}.Release|ARM.Build.0 = Release|Any CPU
		{86BD21A9-65CE-4B80-B6AC-B1E7B8ED85AA}.Release|ARM.Deploy.0 = Release|Any CPU
		{86BD21A9-65CE-4B80-B6AC-B1E7B8ED85AA}.Release|iPhone.ActiveCfg = Release|Any CPU
		{86BD21A9-65CE-4B80-B6AC-B1E7B8ED85AA}.Release|iPhone.Build.0 = Release|Any CPU
		{86BD21A9-65CE-4B80-B6AC-B1E7B8ED85AA}.Release|iPhone.Deploy.0 = Release|Any CPU
		{86BD21A9-65CE-4B80-B6AC-B1E7B8ED85AA}.Release|iPhoneSimulator.ActiveCfg = Release|Any CPU
		{86BD21A9-65CE-4B80-B6AC-B1E7B8ED85AA}.Release|iPhoneSimulator.Build.0 = Release|Any CPU
		{86BD21A9-65CE-4B80-B6AC-B1E7B8ED85AA}.Release|iPhoneSimulator.Deploy.0 = Release|Any CPU
		{86BD21A9-65CE-4B80-B6AC-B1E7B8ED85AA}.Release|x64.ActiveCfg = Release|Any CPU
		{86BD21A9-65CE-4B80-B6AC-B1E7B8ED85AA}.Release|x64.Build.0 = Release|Any CPU
		{86BD21A9-65CE-4B80-B6AC-B1E7B8ED85AA}.Release|x64.Deploy.0 = Release|Any CPU
		{86BD21A9-65CE-4B80-B6AC-B1E7B8ED85AA}.Release|x86.ActiveCfg = Release|Any CPU
		{86BD21A9-65CE-4B80-B6AC-B1E7B8ED85AA}.Release|x86.Build.0 = Release|Any CPU
		{86BD21A9-65CE-4B80-B6AC-B1E7B8ED85AA}.Release|x86.Deploy.0 = Release|Any CPU
		{B391D933-FD4E-4E55-A15B-9A3118E9BC6D}.Debug|Any CPU.ActiveCfg = Debug|Any CPU
		{B391D933-FD4E-4E55-A15B-9A3118E9BC6D}.Debug|Any CPU.Build.0 = Debug|Any CPU
		{B391D933-FD4E-4E55-A15B-9A3118E9BC6D}.Debug|Any CPU.Deploy.0 = Debug|Any CPU
		{B391D933-FD4E-4E55-A15B-9A3118E9BC6D}.Debug|ARM.ActiveCfg = Debug|Any CPU
		{B391D933-FD4E-4E55-A15B-9A3118E9BC6D}.Debug|ARM.Build.0 = Debug|Any CPU
		{B391D933-FD4E-4E55-A15B-9A3118E9BC6D}.Debug|ARM.Deploy.0 = Debug|Any CPU
		{B391D933-FD4E-4E55-A15B-9A3118E9BC6D}.Debug|iPhone.ActiveCfg = Debug|Any CPU
		{B391D933-FD4E-4E55-A15B-9A3118E9BC6D}.Debug|iPhone.Build.0 = Debug|Any CPU
		{B391D933-FD4E-4E55-A15B-9A3118E9BC6D}.Debug|iPhone.Deploy.0 = Debug|Any CPU
		{B391D933-FD4E-4E55-A15B-9A3118E9BC6D}.Debug|iPhoneSimulator.ActiveCfg = Debug|Any CPU
		{B391D933-FD4E-4E55-A15B-9A3118E9BC6D}.Debug|iPhoneSimulator.Build.0 = Debug|Any CPU
		{B391D933-FD4E-4E55-A15B-9A3118E9BC6D}.Debug|iPhoneSimulator.Deploy.0 = Debug|Any CPU
		{B391D933-FD4E-4E55-A15B-9A3118E9BC6D}.Debug|x64.ActiveCfg = Debug|Any CPU
		{B391D933-FD4E-4E55-A15B-9A3118E9BC6D}.Debug|x64.Build.0 = Debug|Any CPU
		{B391D933-FD4E-4E55-A15B-9A3118E9BC6D}.Debug|x64.Deploy.0 = Debug|Any CPU
		{B391D933-FD4E-4E55-A15B-9A3118E9BC6D}.Debug|x86.ActiveCfg = Debug|Any CPU
		{B391D933-FD4E-4E55-A15B-9A3118E9BC6D}.Debug|x86.Build.0 = Debug|Any CPU
		{B391D933-FD4E-4E55-A15B-9A3118E9BC6D}.Debug|x86.Deploy.0 = Debug|Any CPU
		{B391D933-FD4E-4E55-A15B-9A3118E9BC6D}.Release|Any CPU.ActiveCfg = Release|Any CPU
		{B391D933-FD4E-4E55-A15B-9A3118E9BC6D}.Release|Any CPU.Build.0 = Release|Any CPU
		{B391D933-FD4E-4E55-A15B-9A3118E9BC6D}.Release|Any CPU.Deploy.0 = Release|Any CPU
		{B391D933-FD4E-4E55-A15B-9A3118E9BC6D}.Release|ARM.ActiveCfg = Release|Any CPU
		{B391D933-FD4E-4E55-A15B-9A3118E9BC6D}.Release|ARM.Build.0 = Release|Any CPU
		{B391D933-FD4E-4E55-A15B-9A3118E9BC6D}.Release|ARM.Deploy.0 = Release|Any CPU
		{B391D933-FD4E-4E55-A15B-9A3118E9BC6D}.Release|iPhone.ActiveCfg = Release|Any CPU
		{B391D933-FD4E-4E55-A15B-9A3118E9BC6D}.Release|iPhone.Build.0 = Release|Any CPU
		{B391D933-FD4E-4E55-A15B-9A3118E9BC6D}.Release|iPhone.Deploy.0 = Release|Any CPU
		{B391D933-FD4E-4E55-A15B-9A3118E9BC6D}.Release|iPhoneSimulator.ActiveCfg = Release|Any CPU
		{B391D933-FD4E-4E55-A15B-9A3118E9BC6D}.Release|iPhoneSimulator.Build.0 = Release|Any CPU
		{B391D933-FD4E-4E55-A15B-9A3118E9BC6D}.Release|iPhoneSimulator.Deploy.0 = Release|Any CPU
		{B391D933-FD4E-4E55-A15B-9A3118E9BC6D}.Release|x64.ActiveCfg = Release|Any CPU
		{B391D933-FD4E-4E55-A15B-9A3118E9BC6D}.Release|x64.Build.0 = Release|Any CPU
		{B391D933-FD4E-4E55-A15B-9A3118E9BC6D}.Release|x64.Deploy.0 = Release|Any CPU
		{B391D933-FD4E-4E55-A15B-9A3118E9BC6D}.Release|x86.ActiveCfg = Release|Any CPU
		{B391D933-FD4E-4E55-A15B-9A3118E9BC6D}.Release|x86.Build.0 = Release|Any CPU
		{B391D933-FD4E-4E55-A15B-9A3118E9BC6D}.Release|x86.Deploy.0 = Release|Any CPU
		{E1C344D3-7CAC-431C-934A-C287CEABA0D8}.Debug|Any CPU.ActiveCfg = Debug|x86
		{E1C344D3-7CAC-431C-934A-C287CEABA0D8}.Debug|ARM.ActiveCfg = Debug|ARM
		{E1C344D3-7CAC-431C-934A-C287CEABA0D8}.Debug|ARM.Build.0 = Debug|ARM
		{E1C344D3-7CAC-431C-934A-C287CEABA0D8}.Debug|ARM.Deploy.0 = Debug|ARM
		{E1C344D3-7CAC-431C-934A-C287CEABA0D8}.Debug|iPhone.ActiveCfg = Debug|x86
		{E1C344D3-7CAC-431C-934A-C287CEABA0D8}.Debug|iPhoneSimulator.ActiveCfg = Debug|x86
		{E1C344D3-7CAC-431C-934A-C287CEABA0D8}.Debug|x64.ActiveCfg = Debug|x64
		{E1C344D3-7CAC-431C-934A-C287CEABA0D8}.Debug|x64.Build.0 = Debug|x64
		{E1C344D3-7CAC-431C-934A-C287CEABA0D8}.Debug|x64.Deploy.0 = Debug|x64
		{E1C344D3-7CAC-431C-934A-C287CEABA0D8}.Debug|x86.ActiveCfg = Debug|x86
		{E1C344D3-7CAC-431C-934A-C287CEABA0D8}.Debug|x86.Build.0 = Debug|x86
		{E1C344D3-7CAC-431C-934A-C287CEABA0D8}.Debug|x86.Deploy.0 = Debug|x86
		{E1C344D3-7CAC-431C-934A-C287CEABA0D8}.Release|Any CPU.ActiveCfg = Release|x86
		{E1C344D3-7CAC-431C-934A-C287CEABA0D8}.Release|ARM.ActiveCfg = Release|ARM
		{E1C344D3-7CAC-431C-934A-C287CEABA0D8}.Release|ARM.Build.0 = Release|ARM
		{E1C344D3-7CAC-431C-934A-C287CEABA0D8}.Release|ARM.Deploy.0 = Release|ARM
		{E1C344D3-7CAC-431C-934A-C287CEABA0D8}.Release|iPhone.ActiveCfg = Release|x86
		{E1C344D3-7CAC-431C-934A-C287CEABA0D8}.Release|iPhoneSimulator.ActiveCfg = Release|x86
		{E1C344D3-7CAC-431C-934A-C287CEABA0D8}.Release|x64.ActiveCfg = Release|x64
		{E1C344D3-7CAC-431C-934A-C287CEABA0D8}.Release|x64.Build.0 = Release|x64
		{E1C344D3-7CAC-431C-934A-C287CEABA0D8}.Release|x64.Deploy.0 = Release|x64
		{E1C344D3-7CAC-431C-934A-C287CEABA0D8}.Release|x86.ActiveCfg = Release|x86
		{E1C344D3-7CAC-431C-934A-C287CEABA0D8}.Release|x86.Build.0 = Release|x86
		{E1C344D3-7CAC-431C-934A-C287CEABA0D8}.Release|x86.Deploy.0 = Release|x86
		{E7C5BFAD-4A37-4C14-AF77-BDC12AA2951C}.Debug|Any CPU.ActiveCfg = Debug|Any CPU
		{E7C5BFAD-4A37-4C14-AF77-BDC12AA2951C}.Debug|Any CPU.Build.0 = Debug|Any CPU
		{E7C5BFAD-4A37-4C14-AF77-BDC12AA2951C}.Debug|ARM.ActiveCfg = Debug|Any CPU
		{E7C5BFAD-4A37-4C14-AF77-BDC12AA2951C}.Debug|ARM.Build.0 = Debug|Any CPU
		{E7C5BFAD-4A37-4C14-AF77-BDC12AA2951C}.Debug|iPhone.ActiveCfg = Debug|Any CPU
		{E7C5BFAD-4A37-4C14-AF77-BDC12AA2951C}.Debug|iPhone.Build.0 = Debug|Any CPU
		{E7C5BFAD-4A37-4C14-AF77-BDC12AA2951C}.Debug|iPhoneSimulator.ActiveCfg = Debug|Any CPU
		{E7C5BFAD-4A37-4C14-AF77-BDC12AA2951C}.Debug|iPhoneSimulator.Build.0 = Debug|Any CPU
		{E7C5BFAD-4A37-4C14-AF77-BDC12AA2951C}.Debug|x64.ActiveCfg = Debug|Any CPU
		{E7C5BFAD-4A37-4C14-AF77-BDC12AA2951C}.Debug|x64.Build.0 = Debug|Any CPU
		{E7C5BFAD-4A37-4C14-AF77-BDC12AA2951C}.Debug|x86.ActiveCfg = Debug|Any CPU
		{E7C5BFAD-4A37-4C14-AF77-BDC12AA2951C}.Debug|x86.Build.0 = Debug|Any CPU
		{E7C5BFAD-4A37-4C14-AF77-BDC12AA2951C}.Release|Any CPU.ActiveCfg = Release|Any CPU
		{E7C5BFAD-4A37-4C14-AF77-BDC12AA2951C}.Release|Any CPU.Build.0 = Release|Any CPU
		{E7C5BFAD-4A37-4C14-AF77-BDC12AA2951C}.Release|ARM.ActiveCfg = Release|Any CPU
		{E7C5BFAD-4A37-4C14-AF77-BDC12AA2951C}.Release|ARM.Build.0 = Release|Any CPU
		{E7C5BFAD-4A37-4C14-AF77-BDC12AA2951C}.Release|iPhone.ActiveCfg = Release|Any CPU
		{E7C5BFAD-4A37-4C14-AF77-BDC12AA2951C}.Release|iPhone.Build.0 = Release|Any CPU
		{E7C5BFAD-4A37-4C14-AF77-BDC12AA2951C}.Release|iPhoneSimulator.ActiveCfg = Release|Any CPU
		{E7C5BFAD-4A37-4C14-AF77-BDC12AA2951C}.Release|iPhoneSimulator.Build.0 = Release|Any CPU
		{E7C5BFAD-4A37-4C14-AF77-BDC12AA2951C}.Release|x64.ActiveCfg = Release|Any CPU
		{E7C5BFAD-4A37-4C14-AF77-BDC12AA2951C}.Release|x64.Build.0 = Release|Any CPU
		{E7C5BFAD-4A37-4C14-AF77-BDC12AA2951C}.Release|x86.ActiveCfg = Release|Any CPU
		{E7C5BFAD-4A37-4C14-AF77-BDC12AA2951C}.Release|x86.Build.0 = Release|Any CPU
		{E8757D06-6E10-4987-BCC4-168F01CAD05D}.Debug|Any CPU.ActiveCfg = Debug|Any CPU
		{E8757D06-6E10-4987-BCC4-168F01CAD05D}.Debug|Any CPU.Build.0 = Debug|Any CPU
		{E8757D06-6E10-4987-BCC4-168F01CAD05D}.Debug|Any CPU.Deploy.0 = Debug|Any CPU
		{E8757D06-6E10-4987-BCC4-168F01CAD05D}.Debug|ARM.ActiveCfg = Debug|Any CPU
		{E8757D06-6E10-4987-BCC4-168F01CAD05D}.Debug|ARM.Build.0 = Debug|Any CPU
		{E8757D06-6E10-4987-BCC4-168F01CAD05D}.Debug|ARM.Deploy.0 = Debug|Any CPU
		{E8757D06-6E10-4987-BCC4-168F01CAD05D}.Debug|iPhone.ActiveCfg = Debug|Any CPU
		{E8757D06-6E10-4987-BCC4-168F01CAD05D}.Debug|iPhone.Build.0 = Debug|Any CPU
		{E8757D06-6E10-4987-BCC4-168F01CAD05D}.Debug|iPhone.Deploy.0 = Debug|Any CPU
		{E8757D06-6E10-4987-BCC4-168F01CAD05D}.Debug|iPhoneSimulator.ActiveCfg = Debug|Any CPU
		{E8757D06-6E10-4987-BCC4-168F01CAD05D}.Debug|iPhoneSimulator.Build.0 = Debug|Any CPU
		{E8757D06-6E10-4987-BCC4-168F01CAD05D}.Debug|iPhoneSimulator.Deploy.0 = Debug|Any CPU
		{E8757D06-6E10-4987-BCC4-168F01CAD05D}.Debug|x64.ActiveCfg = Debug|Any CPU
		{E8757D06-6E10-4987-BCC4-168F01CAD05D}.Debug|x64.Build.0 = Debug|Any CPU
		{E8757D06-6E10-4987-BCC4-168F01CAD05D}.Debug|x64.Deploy.0 = Debug|Any CPU
		{E8757D06-6E10-4987-BCC4-168F01CAD05D}.Debug|x86.ActiveCfg = Debug|Any CPU
		{E8757D06-6E10-4987-BCC4-168F01CAD05D}.Debug|x86.Build.0 = Debug|Any CPU
		{E8757D06-6E10-4987-BCC4-168F01CAD05D}.Debug|x86.Deploy.0 = Debug|Any CPU
		{E8757D06-6E10-4987-BCC4-168F01CAD05D}.Release|Any CPU.ActiveCfg = Release|Any CPU
		{E8757D06-6E10-4987-BCC4-168F01CAD05D}.Release|Any CPU.Build.0 = Release|Any CPU
		{E8757D06-6E10-4987-BCC4-168F01CAD05D}.Release|Any CPU.Deploy.0 = Release|Any CPU
		{E8757D06-6E10-4987-BCC4-168F01CAD05D}.Release|ARM.ActiveCfg = Release|Any CPU
		{E8757D06-6E10-4987-BCC4-168F01CAD05D}.Release|ARM.Build.0 = Release|Any CPU
		{E8757D06-6E10-4987-BCC4-168F01CAD05D}.Release|ARM.Deploy.0 = Release|Any CPU
		{E8757D06-6E10-4987-BCC4-168F01CAD05D}.Release|iPhone.ActiveCfg = Release|Any CPU
		{E8757D06-6E10-4987-BCC4-168F01CAD05D}.Release|iPhone.Build.0 = Release|Any CPU
		{E8757D06-6E10-4987-BCC4-168F01CAD05D}.Release|iPhone.Deploy.0 = Release|Any CPU
		{E8757D06-6E10-4987-BCC4-168F01CAD05D}.Release|iPhoneSimulator.ActiveCfg = Release|Any CPU
		{E8757D06-6E10-4987-BCC4-168F01CAD05D}.Release|iPhoneSimulator.Build.0 = Release|Any CPU
		{E8757D06-6E10-4987-BCC4-168F01CAD05D}.Release|iPhoneSimulator.Deploy.0 = Release|Any CPU
		{E8757D06-6E10-4987-BCC4-168F01CAD05D}.Release|x64.ActiveCfg = Release|Any CPU
		{E8757D06-6E10-4987-BCC4-168F01CAD05D}.Release|x64.Build.0 = Release|Any CPU
		{E8757D06-6E10-4987-BCC4-168F01CAD05D}.Release|x64.Deploy.0 = Release|Any CPU
		{E8757D06-6E10-4987-BCC4-168F01CAD05D}.Release|x86.ActiveCfg = Release|Any CPU
		{E8757D06-6E10-4987-BCC4-168F01CAD05D}.Release|x86.Build.0 = Release|Any CPU
		{E8757D06-6E10-4987-BCC4-168F01CAD05D}.Release|x86.Deploy.0 = Release|Any CPU
		{313C0D46-34A3-472E-9E90-10FB143EACFF}.Debug|Any CPU.ActiveCfg = Debug|iPhone
		{313C0D46-34A3-472E-9E90-10FB143EACFF}.Debug|Any CPU.Build.0 = Debug|iPhone
		{313C0D46-34A3-472E-9E90-10FB143EACFF}.Debug|ARM.ActiveCfg = Debug|iPhone
		{313C0D46-34A3-472E-9E90-10FB143EACFF}.Debug|iPhone.ActiveCfg = Debug|iPhone
		{313C0D46-34A3-472E-9E90-10FB143EACFF}.Debug|iPhone.Build.0 = Debug|iPhone
		{313C0D46-34A3-472E-9E90-10FB143EACFF}.Debug|iPhoneSimulator.ActiveCfg = Debug|iPhoneSimulator
		{313C0D46-34A3-472E-9E90-10FB143EACFF}.Debug|iPhoneSimulator.Build.0 = Debug|iPhoneSimulator
		{313C0D46-34A3-472E-9E90-10FB143EACFF}.Debug|x64.ActiveCfg = Debug|iPhone
		{313C0D46-34A3-472E-9E90-10FB143EACFF}.Debug|x86.ActiveCfg = Debug|iPhone
		{313C0D46-34A3-472E-9E90-10FB143EACFF}.Release|Any CPU.ActiveCfg = Release|iPhone
		{313C0D46-34A3-472E-9E90-10FB143EACFF}.Release|ARM.ActiveCfg = Release|iPhone
		{313C0D46-34A3-472E-9E90-10FB143EACFF}.Release|iPhone.ActiveCfg = Release|iPhone
		{313C0D46-34A3-472E-9E90-10FB143EACFF}.Release|iPhone.Build.0 = Release|iPhone
		{313C0D46-34A3-472E-9E90-10FB143EACFF}.Release|iPhoneSimulator.ActiveCfg = Release|iPhoneSimulator
		{313C0D46-34A3-472E-9E90-10FB143EACFF}.Release|iPhoneSimulator.Build.0 = Release|iPhoneSimulator
		{313C0D46-34A3-472E-9E90-10FB143EACFF}.Release|x64.ActiveCfg = Release|iPhone
		{313C0D46-34A3-472E-9E90-10FB143EACFF}.Release|x86.ActiveCfg = Release|iPhone
		{58468CC2-1A7B-46A9-93F6-1091287CF5BB}.Debug|Any CPU.ActiveCfg = Debug|Any CPU
		{58468CC2-1A7B-46A9-93F6-1091287CF5BB}.Debug|Any CPU.Build.0 = Debug|Any CPU
		{58468CC2-1A7B-46A9-93F6-1091287CF5BB}.Debug|ARM.ActiveCfg = Debug|Any CPU
		{58468CC2-1A7B-46A9-93F6-1091287CF5BB}.Debug|ARM.Build.0 = Debug|Any CPU
		{58468CC2-1A7B-46A9-93F6-1091287CF5BB}.Debug|iPhone.ActiveCfg = Debug|Any CPU
		{58468CC2-1A7B-46A9-93F6-1091287CF5BB}.Debug|iPhone.Build.0 = Debug|Any CPU
		{58468CC2-1A7B-46A9-93F6-1091287CF5BB}.Debug|iPhoneSimulator.ActiveCfg = Debug|Any CPU
		{58468CC2-1A7B-46A9-93F6-1091287CF5BB}.Debug|iPhoneSimulator.Build.0 = Debug|Any CPU
		{58468CC2-1A7B-46A9-93F6-1091287CF5BB}.Debug|x64.ActiveCfg = Debug|Any CPU
		{58468CC2-1A7B-46A9-93F6-1091287CF5BB}.Debug|x64.Build.0 = Debug|Any CPU
		{58468CC2-1A7B-46A9-93F6-1091287CF5BB}.Debug|x86.ActiveCfg = Debug|Any CPU
		{58468CC2-1A7B-46A9-93F6-1091287CF5BB}.Debug|x86.Build.0 = Debug|Any CPU
		{58468CC2-1A7B-46A9-93F6-1091287CF5BB}.Release|Any CPU.ActiveCfg = Release|Any CPU
		{58468CC2-1A7B-46A9-93F6-1091287CF5BB}.Release|Any CPU.Build.0 = Release|Any CPU
		{58468CC2-1A7B-46A9-93F6-1091287CF5BB}.Release|ARM.ActiveCfg = Release|Any CPU
		{58468CC2-1A7B-46A9-93F6-1091287CF5BB}.Release|ARM.Build.0 = Release|Any CPU
		{58468CC2-1A7B-46A9-93F6-1091287CF5BB}.Release|iPhone.ActiveCfg = Release|Any CPU
		{58468CC2-1A7B-46A9-93F6-1091287CF5BB}.Release|iPhone.Build.0 = Release|Any CPU
		{58468CC2-1A7B-46A9-93F6-1091287CF5BB}.Release|iPhoneSimulator.ActiveCfg = Release|Any CPU
		{58468CC2-1A7B-46A9-93F6-1091287CF5BB}.Release|iPhoneSimulator.Build.0 = Release|Any CPU
		{58468CC2-1A7B-46A9-93F6-1091287CF5BB}.Release|x64.ActiveCfg = Release|Any CPU
		{58468CC2-1A7B-46A9-93F6-1091287CF5BB}.Release|x64.Build.0 = Release|Any CPU
		{58468CC2-1A7B-46A9-93F6-1091287CF5BB}.Release|x86.ActiveCfg = Release|Any CPU
		{58468CC2-1A7B-46A9-93F6-1091287CF5BB}.Release|x86.Build.0 = Release|Any CPU
		{E0BB27ED-D1DA-4D56-9578-AAC64FECDD4A}.Debug|Any CPU.ActiveCfg = Debug|x86
		{E0BB27ED-D1DA-4D56-9578-AAC64FECDD4A}.Debug|ARM.ActiveCfg = Debug|ARM
		{E0BB27ED-D1DA-4D56-9578-AAC64FECDD4A}.Debug|ARM.Build.0 = Debug|ARM
		{E0BB27ED-D1DA-4D56-9578-AAC64FECDD4A}.Debug|ARM.Deploy.0 = Debug|ARM
		{E0BB27ED-D1DA-4D56-9578-AAC64FECDD4A}.Debug|iPhone.ActiveCfg = Debug|x86
		{E0BB27ED-D1DA-4D56-9578-AAC64FECDD4A}.Debug|iPhoneSimulator.ActiveCfg = Debug|x86
		{E0BB27ED-D1DA-4D56-9578-AAC64FECDD4A}.Debug|x64.ActiveCfg = Debug|x64
		{E0BB27ED-D1DA-4D56-9578-AAC64FECDD4A}.Debug|x64.Build.0 = Debug|x64
		{E0BB27ED-D1DA-4D56-9578-AAC64FECDD4A}.Debug|x64.Deploy.0 = Debug|x64
		{E0BB27ED-D1DA-4D56-9578-AAC64FECDD4A}.Debug|x86.ActiveCfg = Debug|x86
		{E0BB27ED-D1DA-4D56-9578-AAC64FECDD4A}.Debug|x86.Build.0 = Debug|x86
		{E0BB27ED-D1DA-4D56-9578-AAC64FECDD4A}.Debug|x86.Deploy.0 = Debug|x86
		{E0BB27ED-D1DA-4D56-9578-AAC64FECDD4A}.Release|Any CPU.ActiveCfg = Release|x86
		{E0BB27ED-D1DA-4D56-9578-AAC64FECDD4A}.Release|ARM.ActiveCfg = Release|ARM
		{E0BB27ED-D1DA-4D56-9578-AAC64FECDD4A}.Release|ARM.Build.0 = Release|ARM
		{E0BB27ED-D1DA-4D56-9578-AAC64FECDD4A}.Release|ARM.Deploy.0 = Release|ARM
		{E0BB27ED-D1DA-4D56-9578-AAC64FECDD4A}.Release|iPhone.ActiveCfg = Release|x86
		{E0BB27ED-D1DA-4D56-9578-AAC64FECDD4A}.Release|iPhoneSimulator.ActiveCfg = Release|x86
		{E0BB27ED-D1DA-4D56-9578-AAC64FECDD4A}.Release|x64.ActiveCfg = Release|x64
		{E0BB27ED-D1DA-4D56-9578-AAC64FECDD4A}.Release|x64.Build.0 = Release|x64
		{E0BB27ED-D1DA-4D56-9578-AAC64FECDD4A}.Release|x64.Deploy.0 = Release|x64
		{E0BB27ED-D1DA-4D56-9578-AAC64FECDD4A}.Release|x86.ActiveCfg = Release|x86
		{E0BB27ED-D1DA-4D56-9578-AAC64FECDD4A}.Release|x86.Build.0 = Release|x86
		{E0BB27ED-D1DA-4D56-9578-AAC64FECDD4A}.Release|x86.Deploy.0 = Release|x86
		{1A6E258E-1C8E-4D27-9699-1E096876AA7F}.Debug|Any CPU.ActiveCfg = Debug|Any CPU
		{1A6E258E-1C8E-4D27-9699-1E096876AA7F}.Debug|Any CPU.Build.0 = Debug|Any CPU
		{1A6E258E-1C8E-4D27-9699-1E096876AA7F}.Debug|ARM.ActiveCfg = Debug|Any CPU
		{1A6E258E-1C8E-4D27-9699-1E096876AA7F}.Debug|ARM.Build.0 = Debug|Any CPU
		{1A6E258E-1C8E-4D27-9699-1E096876AA7F}.Debug|iPhone.ActiveCfg = Debug|Any CPU
		{1A6E258E-1C8E-4D27-9699-1E096876AA7F}.Debug|iPhone.Build.0 = Debug|Any CPU
		{1A6E258E-1C8E-4D27-9699-1E096876AA7F}.Debug|iPhoneSimulator.ActiveCfg = Debug|Any CPU
		{1A6E258E-1C8E-4D27-9699-1E096876AA7F}.Debug|iPhoneSimulator.Build.0 = Debug|Any CPU
		{1A6E258E-1C8E-4D27-9699-1E096876AA7F}.Debug|x64.ActiveCfg = Debug|Any CPU
		{1A6E258E-1C8E-4D27-9699-1E096876AA7F}.Debug|x64.Build.0 = Debug|Any CPU
		{1A6E258E-1C8E-4D27-9699-1E096876AA7F}.Debug|x86.ActiveCfg = Debug|Any CPU
		{1A6E258E-1C8E-4D27-9699-1E096876AA7F}.Debug|x86.Build.0 = Debug|Any CPU
		{1A6E258E-1C8E-4D27-9699-1E096876AA7F}.Release|Any CPU.ActiveCfg = Release|Any CPU
		{1A6E258E-1C8E-4D27-9699-1E096876AA7F}.Release|Any CPU.Build.0 = Release|Any CPU
		{1A6E258E-1C8E-4D27-9699-1E096876AA7F}.Release|ARM.ActiveCfg = Release|Any CPU
		{1A6E258E-1C8E-4D27-9699-1E096876AA7F}.Release|ARM.Build.0 = Release|Any CPU
		{1A6E258E-1C8E-4D27-9699-1E096876AA7F}.Release|iPhone.ActiveCfg = Release|Any CPU
		{1A6E258E-1C8E-4D27-9699-1E096876AA7F}.Release|iPhone.Build.0 = Release|Any CPU
		{1A6E258E-1C8E-4D27-9699-1E096876AA7F}.Release|iPhoneSimulator.ActiveCfg = Release|Any CPU
		{1A6E258E-1C8E-4D27-9699-1E096876AA7F}.Release|iPhoneSimulator.Build.0 = Release|Any CPU
		{1A6E258E-1C8E-4D27-9699-1E096876AA7F}.Release|x64.ActiveCfg = Release|Any CPU
		{1A6E258E-1C8E-4D27-9699-1E096876AA7F}.Release|x64.Build.0 = Release|Any CPU
		{1A6E258E-1C8E-4D27-9699-1E096876AA7F}.Release|x86.ActiveCfg = Release|Any CPU
		{1A6E258E-1C8E-4D27-9699-1E096876AA7F}.Release|x86.Build.0 = Release|Any CPU
		{53D62845-8F40-48DD-9D6C-B743CC48F6B1}.Debug|Any CPU.ActiveCfg = Debug|Any CPU
		{53D62845-8F40-48DD-9D6C-B743CC48F6B1}.Debug|Any CPU.Build.0 = Debug|Any CPU
		{53D62845-8F40-48DD-9D6C-B743CC48F6B1}.Debug|Any CPU.Deploy.0 = Debug|Any CPU
		{53D62845-8F40-48DD-9D6C-B743CC48F6B1}.Debug|ARM.ActiveCfg = Debug|Any CPU
		{53D62845-8F40-48DD-9D6C-B743CC48F6B1}.Debug|ARM.Build.0 = Debug|Any CPU
		{53D62845-8F40-48DD-9D6C-B743CC48F6B1}.Debug|ARM.Deploy.0 = Debug|Any CPU
		{53D62845-8F40-48DD-9D6C-B743CC48F6B1}.Debug|iPhone.ActiveCfg = Debug|Any CPU
		{53D62845-8F40-48DD-9D6C-B743CC48F6B1}.Debug|iPhone.Build.0 = Debug|Any CPU
		{53D62845-8F40-48DD-9D6C-B743CC48F6B1}.Debug|iPhone.Deploy.0 = Debug|Any CPU
		{53D62845-8F40-48DD-9D6C-B743CC48F6B1}.Debug|iPhoneSimulator.ActiveCfg = Debug|Any CPU
		{53D62845-8F40-48DD-9D6C-B743CC48F6B1}.Debug|iPhoneSimulator.Build.0 = Debug|Any CPU
		{53D62845-8F40-48DD-9D6C-B743CC48F6B1}.Debug|iPhoneSimulator.Deploy.0 = Debug|Any CPU
		{53D62845-8F40-48DD-9D6C-B743CC48F6B1}.Debug|x64.ActiveCfg = Debug|Any CPU
		{53D62845-8F40-48DD-9D6C-B743CC48F6B1}.Debug|x64.Build.0 = Debug|Any CPU
		{53D62845-8F40-48DD-9D6C-B743CC48F6B1}.Debug|x64.Deploy.0 = Debug|Any CPU
		{53D62845-8F40-48DD-9D6C-B743CC48F6B1}.Debug|x86.ActiveCfg = Debug|Any CPU
		{53D62845-8F40-48DD-9D6C-B743CC48F6B1}.Debug|x86.Build.0 = Debug|Any CPU
		{53D62845-8F40-48DD-9D6C-B743CC48F6B1}.Debug|x86.Deploy.0 = Debug|Any CPU
		{53D62845-8F40-48DD-9D6C-B743CC48F6B1}.Release|Any CPU.ActiveCfg = Release|Any CPU
		{53D62845-8F40-48DD-9D6C-B743CC48F6B1}.Release|Any CPU.Build.0 = Release|Any CPU
		{53D62845-8F40-48DD-9D6C-B743CC48F6B1}.Release|Any CPU.Deploy.0 = Release|Any CPU
		{53D62845-8F40-48DD-9D6C-B743CC48F6B1}.Release|ARM.ActiveCfg = Release|Any CPU
		{53D62845-8F40-48DD-9D6C-B743CC48F6B1}.Release|ARM.Build.0 = Release|Any CPU
		{53D62845-8F40-48DD-9D6C-B743CC48F6B1}.Release|ARM.Deploy.0 = Release|Any CPU
		{53D62845-8F40-48DD-9D6C-B743CC48F6B1}.Release|iPhone.ActiveCfg = Release|Any CPU
		{53D62845-8F40-48DD-9D6C-B743CC48F6B1}.Release|iPhone.Build.0 = Release|Any CPU
		{53D62845-8F40-48DD-9D6C-B743CC48F6B1}.Release|iPhone.Deploy.0 = Release|Any CPU
		{53D62845-8F40-48DD-9D6C-B743CC48F6B1}.Release|iPhoneSimulator.ActiveCfg = Release|Any CPU
		{53D62845-8F40-48DD-9D6C-B743CC48F6B1}.Release|iPhoneSimulator.Build.0 = Release|Any CPU
		{53D62845-8F40-48DD-9D6C-B743CC48F6B1}.Release|iPhoneSimulator.Deploy.0 = Release|Any CPU
		{53D62845-8F40-48DD-9D6C-B743CC48F6B1}.Release|x64.ActiveCfg = Release|Any CPU
		{53D62845-8F40-48DD-9D6C-B743CC48F6B1}.Release|x64.Build.0 = Release|Any CPU
		{53D62845-8F40-48DD-9D6C-B743CC48F6B1}.Release|x64.Deploy.0 = Release|Any CPU
		{53D62845-8F40-48DD-9D6C-B743CC48F6B1}.Release|x86.ActiveCfg = Release|Any CPU
		{53D62845-8F40-48DD-9D6C-B743CC48F6B1}.Release|x86.Build.0 = Release|Any CPU
		{53D62845-8F40-48DD-9D6C-B743CC48F6B1}.Release|x86.Deploy.0 = Release|Any CPU
		{548C1349-E55F-4E1D-8C33-5D483F06EE22}.Debug|Any CPU.ActiveCfg = Debug|Any CPU
		{548C1349-E55F-4E1D-8C33-5D483F06EE22}.Debug|Any CPU.Build.0 = Debug|Any CPU
		{548C1349-E55F-4E1D-8C33-5D483F06EE22}.Debug|ARM.ActiveCfg = Debug|Any CPU
		{548C1349-E55F-4E1D-8C33-5D483F06EE22}.Debug|ARM.Build.0 = Debug|Any CPU
		{548C1349-E55F-4E1D-8C33-5D483F06EE22}.Debug|iPhone.ActiveCfg = Debug|Any CPU
		{548C1349-E55F-4E1D-8C33-5D483F06EE22}.Debug|iPhone.Build.0 = Debug|Any CPU
		{548C1349-E55F-4E1D-8C33-5D483F06EE22}.Debug|iPhoneSimulator.ActiveCfg = Debug|Any CPU
		{548C1349-E55F-4E1D-8C33-5D483F06EE22}.Debug|iPhoneSimulator.Build.0 = Debug|Any CPU
		{548C1349-E55F-4E1D-8C33-5D483F06EE22}.Debug|x64.ActiveCfg = Debug|Any CPU
		{548C1349-E55F-4E1D-8C33-5D483F06EE22}.Debug|x64.Build.0 = Debug|Any CPU
		{548C1349-E55F-4E1D-8C33-5D483F06EE22}.Debug|x86.ActiveCfg = Debug|Any CPU
		{548C1349-E55F-4E1D-8C33-5D483F06EE22}.Debug|x86.Build.0 = Debug|Any CPU
		{548C1349-E55F-4E1D-8C33-5D483F06EE22}.Release|Any CPU.ActiveCfg = Release|Any CPU
		{548C1349-E55F-4E1D-8C33-5D483F06EE22}.Release|Any CPU.Build.0 = Release|Any CPU
		{548C1349-E55F-4E1D-8C33-5D483F06EE22}.Release|ARM.ActiveCfg = Release|Any CPU
		{548C1349-E55F-4E1D-8C33-5D483F06EE22}.Release|ARM.Build.0 = Release|Any CPU
		{548C1349-E55F-4E1D-8C33-5D483F06EE22}.Release|iPhone.ActiveCfg = Release|Any CPU
		{548C1349-E55F-4E1D-8C33-5D483F06EE22}.Release|iPhone.Build.0 = Release|Any CPU
		{548C1349-E55F-4E1D-8C33-5D483F06EE22}.Release|iPhoneSimulator.ActiveCfg = Release|Any CPU
		{548C1349-E55F-4E1D-8C33-5D483F06EE22}.Release|iPhoneSimulator.Build.0 = Release|Any CPU
		{548C1349-E55F-4E1D-8C33-5D483F06EE22}.Release|x64.ActiveCfg = Release|Any CPU
		{548C1349-E55F-4E1D-8C33-5D483F06EE22}.Release|x64.Build.0 = Release|Any CPU
		{548C1349-E55F-4E1D-8C33-5D483F06EE22}.Release|x86.ActiveCfg = Release|Any CPU
		{548C1349-E55F-4E1D-8C33-5D483F06EE22}.Release|x86.Build.0 = Release|Any CPU
		{8E9E2E68-A70D-4ED5-B8EA-08B354FB5674}.Debug|Any CPU.ActiveCfg = Debug|iPhone
		{8E9E2E68-A70D-4ED5-B8EA-08B354FB5674}.Debug|ARM.ActiveCfg = Debug|iPhone
		{8E9E2E68-A70D-4ED5-B8EA-08B354FB5674}.Debug|iPhone.ActiveCfg = Debug|iPhone
		{8E9E2E68-A70D-4ED5-B8EA-08B354FB5674}.Debug|iPhone.Build.0 = Debug|iPhone
		{8E9E2E68-A70D-4ED5-B8EA-08B354FB5674}.Debug|iPhoneSimulator.ActiveCfg = Debug|iPhoneSimulator
		{8E9E2E68-A70D-4ED5-B8EA-08B354FB5674}.Debug|iPhoneSimulator.Build.0 = Debug|iPhoneSimulator
		{8E9E2E68-A70D-4ED5-B8EA-08B354FB5674}.Debug|x64.ActiveCfg = Debug|iPhone
		{8E9E2E68-A70D-4ED5-B8EA-08B354FB5674}.Debug|x86.ActiveCfg = Debug|iPhone
		{8E9E2E68-A70D-4ED5-B8EA-08B354FB5674}.Release|Any CPU.ActiveCfg = Release|iPhone
		{8E9E2E68-A70D-4ED5-B8EA-08B354FB5674}.Release|ARM.ActiveCfg = Release|iPhone
		{8E9E2E68-A70D-4ED5-B8EA-08B354FB5674}.Release|iPhone.ActiveCfg = Release|iPhone
		{8E9E2E68-A70D-4ED5-B8EA-08B354FB5674}.Release|iPhone.Build.0 = Release|iPhone
		{8E9E2E68-A70D-4ED5-B8EA-08B354FB5674}.Release|iPhoneSimulator.ActiveCfg = Release|iPhoneSimulator
		{8E9E2E68-A70D-4ED5-B8EA-08B354FB5674}.Release|iPhoneSimulator.Build.0 = Release|iPhoneSimulator
		{8E9E2E68-A70D-4ED5-B8EA-08B354FB5674}.Release|x64.ActiveCfg = Release|iPhone
		{8E9E2E68-A70D-4ED5-B8EA-08B354FB5674}.Release|x86.ActiveCfg = Release|iPhone
		{D7EBEB08-92B3-44FB-A09B-7D1881CD0DAC}.Debug|Any CPU.ActiveCfg = Debug|Any CPU
		{D7EBEB08-92B3-44FB-A09B-7D1881CD0DAC}.Debug|Any CPU.Build.0 = Debug|Any CPU
		{D7EBEB08-92B3-44FB-A09B-7D1881CD0DAC}.Debug|ARM.ActiveCfg = Debug|Any CPU
		{D7EBEB08-92B3-44FB-A09B-7D1881CD0DAC}.Debug|ARM.Build.0 = Debug|Any CPU
		{D7EBEB08-92B3-44FB-A09B-7D1881CD0DAC}.Debug|iPhone.ActiveCfg = Debug|Any CPU
		{D7EBEB08-92B3-44FB-A09B-7D1881CD0DAC}.Debug|iPhone.Build.0 = Debug|Any CPU
		{D7EBEB08-92B3-44FB-A09B-7D1881CD0DAC}.Debug|iPhoneSimulator.ActiveCfg = Debug|Any CPU
		{D7EBEB08-92B3-44FB-A09B-7D1881CD0DAC}.Debug|iPhoneSimulator.Build.0 = Debug|Any CPU
		{D7EBEB08-92B3-44FB-A09B-7D1881CD0DAC}.Debug|x64.ActiveCfg = Debug|Any CPU
		{D7EBEB08-92B3-44FB-A09B-7D1881CD0DAC}.Debug|x64.Build.0 = Debug|Any CPU
		{D7EBEB08-92B3-44FB-A09B-7D1881CD0DAC}.Debug|x86.ActiveCfg = Debug|Any CPU
		{D7EBEB08-92B3-44FB-A09B-7D1881CD0DAC}.Debug|x86.Build.0 = Debug|Any CPU
		{D7EBEB08-92B3-44FB-A09B-7D1881CD0DAC}.Release|Any CPU.ActiveCfg = Release|Any CPU
		{D7EBEB08-92B3-44FB-A09B-7D1881CD0DAC}.Release|Any CPU.Build.0 = Release|Any CPU
		{D7EBEB08-92B3-44FB-A09B-7D1881CD0DAC}.Release|ARM.ActiveCfg = Release|Any CPU
		{D7EBEB08-92B3-44FB-A09B-7D1881CD0DAC}.Release|ARM.Build.0 = Release|Any CPU
		{D7EBEB08-92B3-44FB-A09B-7D1881CD0DAC}.Release|iPhone.ActiveCfg = Release|Any CPU
		{D7EBEB08-92B3-44FB-A09B-7D1881CD0DAC}.Release|iPhone.Build.0 = Release|Any CPU
		{D7EBEB08-92B3-44FB-A09B-7D1881CD0DAC}.Release|iPhoneSimulator.ActiveCfg = Release|Any CPU
		{D7EBEB08-92B3-44FB-A09B-7D1881CD0DAC}.Release|iPhoneSimulator.Build.0 = Release|Any CPU
		{D7EBEB08-92B3-44FB-A09B-7D1881CD0DAC}.Release|x64.ActiveCfg = Release|Any CPU
		{D7EBEB08-92B3-44FB-A09B-7D1881CD0DAC}.Release|x64.Build.0 = Release|Any CPU
		{D7EBEB08-92B3-44FB-A09B-7D1881CD0DAC}.Release|x86.ActiveCfg = Release|Any CPU
		{D7EBEB08-92B3-44FB-A09B-7D1881CD0DAC}.Release|x86.Build.0 = Release|Any CPU
		{52EA1D84-F2F2-420B-A2E1-7AD1D9576562}.Debug|Any CPU.ActiveCfg = Debug|Any CPU
		{52EA1D84-F2F2-420B-A2E1-7AD1D9576562}.Debug|Any CPU.Build.0 = Debug|Any CPU
		{52EA1D84-F2F2-420B-A2E1-7AD1D9576562}.Debug|ARM.ActiveCfg = Debug|Any CPU
		{52EA1D84-F2F2-420B-A2E1-7AD1D9576562}.Debug|ARM.Build.0 = Debug|Any CPU
		{52EA1D84-F2F2-420B-A2E1-7AD1D9576562}.Debug|iPhone.ActiveCfg = Debug|Any CPU
		{52EA1D84-F2F2-420B-A2E1-7AD1D9576562}.Debug|iPhone.Build.0 = Debug|Any CPU
		{52EA1D84-F2F2-420B-A2E1-7AD1D9576562}.Debug|iPhoneSimulator.ActiveCfg = Debug|Any CPU
		{52EA1D84-F2F2-420B-A2E1-7AD1D9576562}.Debug|iPhoneSimulator.Build.0 = Debug|Any CPU
		{52EA1D84-F2F2-420B-A2E1-7AD1D9576562}.Debug|x64.ActiveCfg = Debug|Any CPU
		{52EA1D84-F2F2-420B-A2E1-7AD1D9576562}.Debug|x64.Build.0 = Debug|Any CPU
		{52EA1D84-F2F2-420B-A2E1-7AD1D9576562}.Debug|x86.ActiveCfg = Debug|Any CPU
		{52EA1D84-F2F2-420B-A2E1-7AD1D9576562}.Debug|x86.Build.0 = Debug|Any CPU
		{52EA1D84-F2F2-420B-A2E1-7AD1D9576562}.Release|Any CPU.ActiveCfg = Release|Any CPU
		{52EA1D84-F2F2-420B-A2E1-7AD1D9576562}.Release|Any CPU.Build.0 = Release|Any CPU
		{52EA1D84-F2F2-420B-A2E1-7AD1D9576562}.Release|ARM.ActiveCfg = Release|Any CPU
		{52EA1D84-F2F2-420B-A2E1-7AD1D9576562}.Release|ARM.Build.0 = Release|Any CPU
		{52EA1D84-F2F2-420B-A2E1-7AD1D9576562}.Release|iPhone.ActiveCfg = Release|Any CPU
		{52EA1D84-F2F2-420B-A2E1-7AD1D9576562}.Release|iPhone.Build.0 = Release|Any CPU
		{52EA1D84-F2F2-420B-A2E1-7AD1D9576562}.Release|iPhoneSimulator.ActiveCfg = Release|Any CPU
		{52EA1D84-F2F2-420B-A2E1-7AD1D9576562}.Release|iPhoneSimulator.Build.0 = Release|Any CPU
		{52EA1D84-F2F2-420B-A2E1-7AD1D9576562}.Release|x64.ActiveCfg = Release|Any CPU
		{52EA1D84-F2F2-420B-A2E1-7AD1D9576562}.Release|x64.Build.0 = Release|Any CPU
		{52EA1D84-F2F2-420B-A2E1-7AD1D9576562}.Release|x86.ActiveCfg = Release|Any CPU
		{52EA1D84-F2F2-420B-A2E1-7AD1D9576562}.Release|x86.Build.0 = Release|Any CPU
		{135A31E6-E396-40A0-AE09-2C9E238C4538}.Debug|Any CPU.ActiveCfg = Debug|iPhone
		{135A31E6-E396-40A0-AE09-2C9E238C4538}.Debug|ARM.ActiveCfg = Debug|iPhone
		{135A31E6-E396-40A0-AE09-2C9E238C4538}.Debug|iPhone.ActiveCfg = Debug|iPhone
		{135A31E6-E396-40A0-AE09-2C9E238C4538}.Debug|iPhone.Build.0 = Debug|iPhone
		{135A31E6-E396-40A0-AE09-2C9E238C4538}.Debug|iPhoneSimulator.ActiveCfg = Debug|iPhoneSimulator
		{135A31E6-E396-40A0-AE09-2C9E238C4538}.Debug|iPhoneSimulator.Build.0 = Debug|iPhoneSimulator
		{135A31E6-E396-40A0-AE09-2C9E238C4538}.Debug|x64.ActiveCfg = Debug|iPhone
		{135A31E6-E396-40A0-AE09-2C9E238C4538}.Debug|x86.ActiveCfg = Debug|iPhone
		{135A31E6-E396-40A0-AE09-2C9E238C4538}.Release|Any CPU.ActiveCfg = Release|iPhone
		{135A31E6-E396-40A0-AE09-2C9E238C4538}.Release|ARM.ActiveCfg = Release|iPhone
		{135A31E6-E396-40A0-AE09-2C9E238C4538}.Release|iPhone.ActiveCfg = Release|iPhone
		{135A31E6-E396-40A0-AE09-2C9E238C4538}.Release|iPhone.Build.0 = Release|iPhone
		{135A31E6-E396-40A0-AE09-2C9E238C4538}.Release|iPhoneSimulator.ActiveCfg = Release|iPhoneSimulator
		{135A31E6-E396-40A0-AE09-2C9E238C4538}.Release|iPhoneSimulator.Build.0 = Release|iPhoneSimulator
		{135A31E6-E396-40A0-AE09-2C9E238C4538}.Release|x64.ActiveCfg = Release|iPhone
		{135A31E6-E396-40A0-AE09-2C9E238C4538}.Release|x86.ActiveCfg = Release|iPhone
	EndGlobalSection
	GlobalSection(SolutionProperties) = preSolution
		HideSolutionNode = FALSE
	EndGlobalSection
	GlobalSection(NestedProjects) = preSolution
		{1AC8149A-B28F-4DB6-A65E-31E379605528} = {B5B24C14-6AE6-4F30-A089-F22876B55AA2}
		{4A4AC861-6DEA-49E0-A330-5442B1F1F294} = {0B2B9CE5-5087-4670-BFDF-0FA71D85B82A}
		{B6191ECE-AAA9-4563-B1E4-2D3CEADE4376} = {B5B24C14-6AE6-4F30-A089-F22876B55AA2}
		{E9E4B13A-CECE-4055-A1E0-7C5A088FA1C4} = {B5B24C14-6AE6-4F30-A089-F22876B55AA2}
		{F72EAD94-E404-4ABF-809C-11B6C13639FE} = {B5B24C14-6AE6-4F30-A089-F22876B55AA2}
		{2E385B99-D2AA-490C-BE41-8F5CC9B132E4} = {B5B24C14-6AE6-4F30-A089-F22876B55AA2}
		{B201B226-04C9-4815-983D-D4F8DAA2AC35} = {B5B24C14-6AE6-4F30-A089-F22876B55AA2}
		{71EFF1E6-CAAB-40EE-8D79-1872D7E63DC6} = {B5B24C14-6AE6-4F30-A089-F22876B55AA2}
		{7EE36A44-F157-477D-9414-CCC7EF757538} = {B5B24C14-6AE6-4F30-A089-F22876B55AA2}
		{86BD21A9-65CE-4B80-B6AC-B1E7B8ED85AA} = {B5B24C14-6AE6-4F30-A089-F22876B55AA2}
		{B391D933-FD4E-4E55-A15B-9A3118E9BC6D} = {B5B24C14-6AE6-4F30-A089-F22876B55AA2}
		{E1C344D3-7CAC-431C-934A-C287CEABA0D8} = {740B4B75-7B30-458C-846D-5E14B54B51BC}
		{E7C5BFAD-4A37-4C14-AF77-BDC12AA2951C} = {740B4B75-7B30-458C-846D-5E14B54B51BC}
		{E8757D06-6E10-4987-BCC4-168F01CAD05D} = {740B4B75-7B30-458C-846D-5E14B54B51BC}
		{313C0D46-34A3-472E-9E90-10FB143EACFF} = {740B4B75-7B30-458C-846D-5E14B54B51BC}
		{58468CC2-1A7B-46A9-93F6-1091287CF5BB} = {740B4B75-7B30-458C-846D-5E14B54B51BC}
		{E0BB27ED-D1DA-4D56-9578-AAC64FECDD4A} = {740B4B75-7B30-458C-846D-5E14B54B51BC}
		{1A6E258E-1C8E-4D27-9699-1E096876AA7F} = {740B4B75-7B30-458C-846D-5E14B54B51BC}
		{53D62845-8F40-48DD-9D6C-B743CC48F6B1} = {740B4B75-7B30-458C-846D-5E14B54B51BC}
		{548C1349-E55F-4E1D-8C33-5D483F06EE22} = {740B4B75-7B30-458C-846D-5E14B54B51BC}
		{8E9E2E68-A70D-4ED5-B8EA-08B354FB5674} = {740B4B75-7B30-458C-846D-5E14B54B51BC}
		{D7EBEB08-92B3-44FB-A09B-7D1881CD0DAC} = {740B4B75-7B30-458C-846D-5E14B54B51BC}
		{52EA1D84-F2F2-420B-A2E1-7AD1D9576562} = {740B4B75-7B30-458C-846D-5E14B54B51BC}
		{135A31E6-E396-40A0-AE09-2C9E238C4538} = {B5B24C14-6AE6-4F30-A089-F22876B55AA2}
	EndGlobalSection
	GlobalSection(ExtensibilityGlobals) = postSolution
		SolutionGuid = {80DD99F3-7A4C-49E7-B942-07960D455516}
	EndGlobalSection
EndGlobal
