
Microsoft Visual Studio Solution File, Format Version 12.00
# Visual Studio Version 16
VisualStudioVersion = 16.0.29123.88
MinimumVisualStudioVersion = 10.0.40219.1
Project("{9A19103F-16F7-4668-BE54-9A1E7A4F7556}") = "Hymnal.Core", "src\Hymnal.Core\Hymnal.Core.csproj", "{8651A503-045F-42AA-8EFD-1E20E5A73925}"
EndProject
Project("{9A19103F-16F7-4668-BE54-9A1E7A4F7556}") = "Hymnal.XF.UI", "src\Hymnal.XF.UI\Hymnal.XF.UI.csproj", "{D9BCF416-9F88-4089-83A6-D9C9B9B1EB7D}"
EndProject
Project("{2150E333-8FDC-42A3-9474-1A3956D46DE8}") = "!Solution Items", "!Solution Items", "{D86EA0D6-8581-45CA-8AF0-16AF124E4839}"
	ProjectSection(SolutionItems) = preProject
		.editorconfig = .editorconfig
		.gitignore = .gitignore
		README.md = README.md
	EndProjectSection
EndProject
Project("{2150E333-8FDC-42A3-9474-1A3956D46DE8}") = "Platform", "Platform", "{B5B24C14-6AE6-4F30-A089-F22876B55AA2}"
EndProject
Project("{2150E333-8FDC-42A3-9474-1A3956D46DE8}") = "Test", "Test", "{740B4B75-7B30-458C-846D-5E14B54B51BC}"
EndProject
Project("{9A19103F-16F7-4668-BE54-9A1E7A4F7556}") = "Hymnal.SharedNatives", "src\Hymnal.SharedNatives\Hymnal.SharedNatives.csproj", "{1AC8149A-B28F-4DB6-A65E-31E379605528}"
EndProject
Project("{2150E333-8FDC-42A3-9474-1A3956D46DE8}") = "Plugin", "Plugin", "{0B2B9CE5-5087-4670-BFDF-0FA71D85B82A}"
EndProject
Project("{9A19103F-16F7-4668-BE54-9A1E7A4F7556}") = "StorageManager", "Plugin\StorageManager\StorageManager.csproj", "{4A4AC861-6DEA-49E0-A330-5442B1F1F294}"
EndProject
Project("{FAE04EC0-301F-11D3-BF4B-00C04F79EFBC}") = "Hymnal.Native.TvOS", "src\Hymnal.Native.TvOS\Hymnal.Native.TvOS.csproj", "{135A31E6-E396-40A0-AE09-2C9E238C4538}"
EndProject
Project("{FAE04EC0-301F-11D3-BF4B-00C04F79EFBC}") = "Hymnal.Native.iOS", "src\Hymnal.Native.iOS\Hymnal.Native.iOS.csproj", "{B6191ECE-AAA9-4563-B1E4-2D3CEADE4376}"
EndProject
Project("{FAE04EC0-301F-11D3-BF4B-00C04F79EFBC}") = "Hymnal.XF.iOS", "src\Hymnal.XF.iOS\Hymnal.XF.iOS.csproj", "{A737FCED-1BDA-412A-BD1E-35275D961D30}"
EndProject
Project("{9344BDBB-3E7F-41FC-A0DD-8665D75EE146}") = "Hymnal.XF.UWP", "src\Hymnal.XF.UWP\Hymnal.XF.UWP.csproj", "{4ED7BB11-5DBE-41C0-BDCC-56DBE619096C}"
EndProject
Project("{9344BDBB-3E7F-41FC-A0DD-8665D75EE146}") = "Hymnal.Native.UWP", "src\Hymnal.Native.UWP\Hymnal.Native.UWP.csproj", "{BD3BCDA2-B5EB-46F6-9B6B-E138911B7DE7}"
EndProject
Project("{9344BDBB-3E7F-41FC-A0DD-8665D75EE146}") = "Hymnal.XF.Droid.Shared", "src\Hymnal.XF.Droid.Shared\Hymnal.XF.Droid.Shared.shproj", "{0FC159BF-5C26-4CF1-9DE5-000139B39EE0}"
EndProject
Project("{9344BDBB-3E7F-41FC-A0DD-8665D75EE146}") = "Hymnal.Native.Droid.Shared", "src\Hymnal.Native.Droid.Shared\Hymnal.Native.Droid.Shared.shproj", "{D1D998D6-35CE-4B79-9539-3110B55BE19C}"
EndProject
Project("{9344BDBB-3E7F-41FC-A0DD-8665D75EE146}") = "Hymnal.XF.Tizen.TV", "src\Hymnal.XF.Tizen.TV\Hymnal.XF.Tizen.TV.csproj", "{F759FC51-32C4-4B42-8C64-2EE8D73555BA}"
EndProject
Project("{9344BDBB-3E7F-41FC-A0DD-8665D75EE146}") = "Hymnal.XF.Droid", "src\Hymnal.XF.Droid\Hymnal.XF.Droid.csproj", "{D3FA59B0-246B-4CC0-A01F-92499A7CED73}"
EndProject
Project("{9344BDBB-3E7F-41FC-A0DD-8665D75EE146}") = "Hymnal.Native.Droid", "src\Hymnal.Native.Droid\Hymnal.Native.Droid.csproj", "{F771FB8D-E929-435D-A3B4-7D936CDE2C18}"
EndProject
Project("{9344BDBB-3E7F-41FC-A0DD-8665D75EE146}") = "Hymnal.Native.UWP.Test", "test\Hymnal.Native.UWP.Test\Hymnal.Native.UWP.Test.csproj", "{3B849217-44F7-4947-8A56-55AA345DC648}"
EndProject
Project("{9344BDBB-3E7F-41FC-A0DD-8665D75EE146}") = "Hymnal.Core.Test", "test\Hymnal.Core.Test\Hymnal.Core.Test.csproj", "{82A1931E-F04F-4862-B74A-2F911820D456}"
EndProject
Project("{9344BDBB-3E7F-41FC-A0DD-8665D75EE146}") = "Hymnal.XF.Droid.Test", "test\Hymnal.XF.Droid.Test\Hymnal.XF.Droid.Test.csproj", "{E0D5B059-5DAC-4262-9D9E-F25AFAF75851}"
EndProject
Project("{9344BDBB-3E7F-41FC-A0DD-8665D75EE146}") = "Hymnal.XF.iOS.Test", "test\Hymnal.XF.iOS.Test\Hymnal.XF.iOS.Test.csproj", "{F75E6DAC-F339-4166-9066-2A3C0F092BF9}"
EndProject
Project("{9344BDBB-3E7F-41FC-A0DD-8665D75EE146}") = "Hymnal.XF.UI.Test", "test\Hymnal.XF.UI.Test\Hymnal.XF.UI.Test.csproj", "{813E086E-912A-46DC-B4A7-A61E2ECFC7E9}"
EndProject
Project("{9344BDBB-3E7F-41FC-A0DD-8665D75EE146}") = "Hymnal.XF.UWP.Test", "test\Hymnal.XF.UWP.Test\Hymnal.XF.UWP.Test.csproj", "{65D28285-E7B9-4CDB-89FA-77BD2D50A57D}"
EndProject
Project("{9344BDBB-3E7F-41FC-A0DD-8665D75EE146}") = "Hymnal.XF.UWP.UI.Test", "test\Hymnal.XF.UWP.UI.Test\Hymnal.XF.UWP.UI.Test.csproj", "{7EDD7650-3B80-4B71-AFB6-18D24E44B146}"
EndProject
Project("{9344BDBB-3E7F-41FC-A0DD-8665D75EE146}") = "Hymnal.Native.Droid.Test", "test\Hymnal.Native.Droid.Test\Hymnal.Native.Droid.Test.csproj", "{F87347BC-A468-4E4E-8F8E-387E98B1BE92}"
EndProject
Project("{9344BDBB-3E7F-41FC-A0DD-8665D75EE146}") = "Hymnal.Native.Droid.UI.Test", "test\Hymnal.Native.Droid.UI.Test\Hymnal.Native.Droid.UI.Test.csproj", "{92E81594-526C-4F0F-8421-B3FDB03AEC21}"
EndProject
Project("{9344BDBB-3E7F-41FC-A0DD-8665D75EE146}") = "Hymnal.Native.iOS.Test", "test\Hymnal.Native.iOS.Test\Hymnal.Native.iOS.Test.csproj", "{52420733-05FF-454C-AFF1-23B6C7AE1915}"
EndProject
Project("{9344BDBB-3E7F-41FC-A0DD-8665D75EE146}") = "Hymnal.Native.iOS.UI.Test", "test\Hymnal.Native.iOS.UI.Test\Hymnal.Native.iOS.UI.Test.csproj", "{389777F9-4C0F-4262-9A44-8C7F548C0B75}"
EndProject
Project("{9344BDBB-3E7F-41FC-A0DD-8665D75EE146}") = "Hymnal.Native.UWP.UI.Test", "test\Hymnal.Native.UWP.UI.Test\Hymnal.Native.UWP.UI.Test.csproj", "{A7322883-D6B3-4CD9-AF40-845836058B9F}"
EndProject
Global
	GlobalSection(SharedMSBuildProjectFiles) = preSolution
		src\Hymnal.XF.Droid.Shared\Hymnal.XF.Droid.Shared.projitems*{125e8cf8-4663-4fc0-8ae9-1de4d1fe9cb4}*SharedItemsImports = 13
		src\Hymnal.Native.Droid.Shared\Hymnal.Native.Droid.Shared.projitems*{9af8d99e-7d20-4c51-85c9-b0e6c9b263c0}*SharedItemsImports = 13
		src\Hymnal.Native.Droid.Shared\Hymnal.Native.Droid.Shared.projitems*{b1a3f8a2-fb5a-4f4f-a131-2acbe5b54334}*SharedItemsImports = 4
		src\Hymnal.Native.Droid.Shared\Hymnal.Native.Droid.Shared.projitems*{b7d138c7-543a-4776-a7c6-19fc8b87067e}*SharedItemsImports = 4
		src\Hymnal.XF.Droid.Shared\Hymnal.XF.Droid.Shared.projitems*{c494b802-1607-44bd-87d3-f94a0e28cc6c}*SharedItemsImports = 4
		src\Hymnal.XF.Droid.Shared\Hymnal.XF.Droid.Shared.projitems*{ccd55e9b-85f0-498c-ac98-bcaf92bf70ca}*SharedItemsImports = 4
	EndGlobalSection
	GlobalSection(SolutionConfigurationPlatforms) = preSolution
		Debug|Any CPU = Debug|Any CPU
		Debug|ARM = Debug|ARM
		Debug|iPhone = Debug|iPhone
		Debug|iPhoneSimulator = Debug|iPhoneSimulator
		Debug|x64 = Debug|x64
		Debug|x86 = Debug|x86
		Release|Any CPU = Release|Any CPU
		Release|ARM = Release|ARM
		Release|iPhone = Release|iPhone
		Release|iPhoneSimulator = Release|iPhoneSimulator
		Release|x64 = Release|x64
		Release|x86 = Release|x86
	EndGlobalSection
	GlobalSection(ProjectConfigurationPlatforms) = postSolution
		{8651A503-045F-42AA-8EFD-1E20E5A73925}.Debug|Any CPU.ActiveCfg = Debug|Any CPU
		{8651A503-045F-42AA-8EFD-1E20E5A73925}.Debug|Any CPU.Build.0 = Debug|Any CPU
		{8651A503-045F-42AA-8EFD-1E20E5A73925}.Debug|ARM.ActiveCfg = Debug|Any CPU
		{8651A503-045F-42AA-8EFD-1E20E5A73925}.Debug|ARM.Build.0 = Debug|Any CPU
		{8651A503-045F-42AA-8EFD-1E20E5A73925}.Debug|iPhone.ActiveCfg = Debug|Any CPU
		{8651A503-045F-42AA-8EFD-1E20E5A73925}.Debug|iPhone.Build.0 = Debug|Any CPU
		{8651A503-045F-42AA-8EFD-1E20E5A73925}.Debug|iPhoneSimulator.ActiveCfg = Debug|Any CPU
		{8651A503-045F-42AA-8EFD-1E20E5A73925}.Debug|iPhoneSimulator.Build.0 = Debug|Any CPU
		{8651A503-045F-42AA-8EFD-1E20E5A73925}.Debug|x64.ActiveCfg = Debug|Any CPU
		{8651A503-045F-42AA-8EFD-1E20E5A73925}.Debug|x64.Build.0 = Debug|Any CPU
		{8651A503-045F-42AA-8EFD-1E20E5A73925}.Debug|x86.ActiveCfg = Debug|Any CPU
		{8651A503-045F-42AA-8EFD-1E20E5A73925}.Debug|x86.Build.0 = Debug|Any CPU
		{8651A503-045F-42AA-8EFD-1E20E5A73925}.Release|Any CPU.ActiveCfg = Release|Any CPU
		{8651A503-045F-42AA-8EFD-1E20E5A73925}.Release|Any CPU.Build.0 = Release|Any CPU
		{8651A503-045F-42AA-8EFD-1E20E5A73925}.Release|ARM.ActiveCfg = Release|Any CPU
		{8651A503-045F-42AA-8EFD-1E20E5A73925}.Release|ARM.Build.0 = Release|Any CPU
		{8651A503-045F-42AA-8EFD-1E20E5A73925}.Release|iPhone.ActiveCfg = Release|Any CPU
		{8651A503-045F-42AA-8EFD-1E20E5A73925}.Release|iPhone.Build.0 = Release|Any CPU
		{8651A503-045F-42AA-8EFD-1E20E5A73925}.Release|iPhoneSimulator.ActiveCfg = Release|Any CPU
		{8651A503-045F-42AA-8EFD-1E20E5A73925}.Release|iPhoneSimulator.Build.0 = Release|Any CPU
		{8651A503-045F-42AA-8EFD-1E20E5A73925}.Release|x64.ActiveCfg = Release|Any CPU
		{8651A503-045F-42AA-8EFD-1E20E5A73925}.Release|x64.Build.0 = Release|Any CPU
		{8651A503-045F-42AA-8EFD-1E20E5A73925}.Release|x86.ActiveCfg = Release|Any CPU
		{8651A503-045F-42AA-8EFD-1E20E5A73925}.Release|x86.Build.0 = Release|Any CPU
		{D9BCF416-9F88-4089-83A6-D9C9B9B1EB7D}.Debug|Any CPU.ActiveCfg = Debug|Any CPU
		{D9BCF416-9F88-4089-83A6-D9C9B9B1EB7D}.Debug|Any CPU.Build.0 = Debug|Any CPU
		{D9BCF416-9F88-4089-83A6-D9C9B9B1EB7D}.Debug|ARM.ActiveCfg = Debug|Any CPU
		{D9BCF416-9F88-4089-83A6-D9C9B9B1EB7D}.Debug|ARM.Build.0 = Debug|Any CPU
		{D9BCF416-9F88-4089-83A6-D9C9B9B1EB7D}.Debug|iPhone.ActiveCfg = Debug|Any CPU
		{D9BCF416-9F88-4089-83A6-D9C9B9B1EB7D}.Debug|iPhone.Build.0 = Debug|Any CPU
		{D9BCF416-9F88-4089-83A6-D9C9B9B1EB7D}.Debug|iPhoneSimulator.ActiveCfg = Debug|Any CPU
		{D9BCF416-9F88-4089-83A6-D9C9B9B1EB7D}.Debug|iPhoneSimulator.Build.0 = Debug|Any CPU
		{D9BCF416-9F88-4089-83A6-D9C9B9B1EB7D}.Debug|x64.ActiveCfg = Debug|Any CPU
		{D9BCF416-9F88-4089-83A6-D9C9B9B1EB7D}.Debug|x64.Build.0 = Debug|Any CPU
		{D9BCF416-9F88-4089-83A6-D9C9B9B1EB7D}.Debug|x86.ActiveCfg = Debug|Any CPU
		{D9BCF416-9F88-4089-83A6-D9C9B9B1EB7D}.Debug|x86.Build.0 = Debug|Any CPU
		{D9BCF416-9F88-4089-83A6-D9C9B9B1EB7D}.Release|Any CPU.ActiveCfg = Release|Any CPU
		{D9BCF416-9F88-4089-83A6-D9C9B9B1EB7D}.Release|Any CPU.Build.0 = Release|Any CPU
		{D9BCF416-9F88-4089-83A6-D9C9B9B1EB7D}.Release|ARM.ActiveCfg = Release|Any CPU
		{D9BCF416-9F88-4089-83A6-D9C9B9B1EB7D}.Release|ARM.Build.0 = Release|Any CPU
		{D9BCF416-9F88-4089-83A6-D9C9B9B1EB7D}.Release|iPhone.ActiveCfg = Release|Any CPU
		{D9BCF416-9F88-4089-83A6-D9C9B9B1EB7D}.Release|iPhone.Build.0 = Release|Any CPU
		{D9BCF416-9F88-4089-83A6-D9C9B9B1EB7D}.Release|iPhoneSimulator.ActiveCfg = Release|Any CPU
		{D9BCF416-9F88-4089-83A6-D9C9B9B1EB7D}.Release|iPhoneSimulator.Build.0 = Release|Any CPU
		{D9BCF416-9F88-4089-83A6-D9C9B9B1EB7D}.Release|x64.ActiveCfg = Release|Any CPU
		{D9BCF416-9F88-4089-83A6-D9C9B9B1EB7D}.Release|x64.Build.0 = Release|Any CPU
		{D9BCF416-9F88-4089-83A6-D9C9B9B1EB7D}.Release|x86.ActiveCfg = Release|Any CPU
		{D9BCF416-9F88-4089-83A6-D9C9B9B1EB7D}.Release|x86.Build.0 = Release|Any CPU
		{1AC8149A-B28F-4DB6-A65E-31E379605528}.Debug|Any CPU.ActiveCfg = Debug|Any CPU
		{1AC8149A-B28F-4DB6-A65E-31E379605528}.Debug|Any CPU.Build.0 = Debug|Any CPU
		{1AC8149A-B28F-4DB6-A65E-31E379605528}.Debug|ARM.ActiveCfg = Debug|Any CPU
		{1AC8149A-B28F-4DB6-A65E-31E379605528}.Debug|ARM.Build.0 = Debug|Any CPU
		{1AC8149A-B28F-4DB6-A65E-31E379605528}.Debug|iPhone.ActiveCfg = Debug|Any CPU
		{1AC8149A-B28F-4DB6-A65E-31E379605528}.Debug|iPhone.Build.0 = Debug|Any CPU
		{1AC8149A-B28F-4DB6-A65E-31E379605528}.Debug|iPhoneSimulator.ActiveCfg = Debug|Any CPU
		{1AC8149A-B28F-4DB6-A65E-31E379605528}.Debug|iPhoneSimulator.Build.0 = Debug|Any CPU
		{1AC8149A-B28F-4DB6-A65E-31E379605528}.Debug|x64.ActiveCfg = Debug|Any CPU
		{1AC8149A-B28F-4DB6-A65E-31E379605528}.Debug|x64.Build.0 = Debug|Any CPU
		{1AC8149A-B28F-4DB6-A65E-31E379605528}.Debug|x86.ActiveCfg = Debug|Any CPU
		{1AC8149A-B28F-4DB6-A65E-31E379605528}.Debug|x86.Build.0 = Debug|Any CPU
		{1AC8149A-B28F-4DB6-A65E-31E379605528}.Release|Any CPU.ActiveCfg = Release|Any CPU
		{1AC8149A-B28F-4DB6-A65E-31E379605528}.Release|Any CPU.Build.0 = Release|Any CPU
		{1AC8149A-B28F-4DB6-A65E-31E379605528}.Release|ARM.ActiveCfg = Release|Any CPU
		{1AC8149A-B28F-4DB6-A65E-31E379605528}.Release|ARM.Build.0 = Release|Any CPU
		{1AC8149A-B28F-4DB6-A65E-31E379605528}.Release|iPhone.ActiveCfg = Release|Any CPU
		{1AC8149A-B28F-4DB6-A65E-31E379605528}.Release|iPhone.Build.0 = Release|Any CPU
		{1AC8149A-B28F-4DB6-A65E-31E379605528}.Release|iPhoneSimulator.ActiveCfg = Release|Any CPU
		{1AC8149A-B28F-4DB6-A65E-31E379605528}.Release|iPhoneSimulator.Build.0 = Release|Any CPU
		{1AC8149A-B28F-4DB6-A65E-31E379605528}.Release|x64.ActiveCfg = Release|Any CPU
		{1AC8149A-B28F-4DB6-A65E-31E379605528}.Release|x64.Build.0 = Release|Any CPU
		{1AC8149A-B28F-4DB6-A65E-31E379605528}.Release|x86.ActiveCfg = Release|Any CPU
		{1AC8149A-B28F-4DB6-A65E-31E379605528}.Release|x86.Build.0 = Release|Any CPU
		{4A4AC861-6DEA-49E0-A330-5442B1F1F294}.Debug|Any CPU.ActiveCfg = Debug|Any CPU
		{4A4AC861-6DEA-49E0-A330-5442B1F1F294}.Debug|Any CPU.Build.0 = Debug|Any CPU
		{4A4AC861-6DEA-49E0-A330-5442B1F1F294}.Debug|ARM.ActiveCfg = Debug|Any CPU
		{4A4AC861-6DEA-49E0-A330-5442B1F1F294}.Debug|ARM.Build.0 = Debug|Any CPU
		{4A4AC861-6DEA-49E0-A330-5442B1F1F294}.Debug|iPhone.ActiveCfg = Debug|Any CPU
		{4A4AC861-6DEA-49E0-A330-5442B1F1F294}.Debug|iPhone.Build.0 = Debug|Any CPU
		{4A4AC861-6DEA-49E0-A330-5442B1F1F294}.Debug|iPhoneSimulator.ActiveCfg = Debug|Any CPU
		{4A4AC861-6DEA-49E0-A330-5442B1F1F294}.Debug|iPhoneSimulator.Build.0 = Debug|Any CPU
		{4A4AC861-6DEA-49E0-A330-5442B1F1F294}.Debug|x64.ActiveCfg = Debug|Any CPU
		{4A4AC861-6DEA-49E0-A330-5442B1F1F294}.Debug|x64.Build.0 = Debug|Any CPU
		{4A4AC861-6DEA-49E0-A330-5442B1F1F294}.Debug|x86.ActiveCfg = Debug|Any CPU
		{4A4AC861-6DEA-49E0-A330-5442B1F1F294}.Debug|x86.Build.0 = Debug|Any CPU
		{4A4AC861-6DEA-49E0-A330-5442B1F1F294}.Release|Any CPU.ActiveCfg = Release|Any CPU
		{4A4AC861-6DEA-49E0-A330-5442B1F1F294}.Release|Any CPU.Build.0 = Release|Any CPU
		{4A4AC861-6DEA-49E0-A330-5442B1F1F294}.Release|ARM.ActiveCfg = Release|Any CPU
		{4A4AC861-6DEA-49E0-A330-5442B1F1F294}.Release|ARM.Build.0 = Release|Any CPU
		{4A4AC861-6DEA-49E0-A330-5442B1F1F294}.Release|iPhone.ActiveCfg = Release|Any CPU
		{4A4AC861-6DEA-49E0-A330-5442B1F1F294}.Release|iPhone.Build.0 = Release|Any CPU
		{4A4AC861-6DEA-49E0-A330-5442B1F1F294}.Release|iPhoneSimulator.ActiveCfg = Release|Any CPU
		{4A4AC861-6DEA-49E0-A330-5442B1F1F294}.Release|iPhoneSimulator.Build.0 = Release|Any CPU
		{4A4AC861-6DEA-49E0-A330-5442B1F1F294}.Release|x64.ActiveCfg = Release|Any CPU
		{4A4AC861-6DEA-49E0-A330-5442B1F1F294}.Release|x64.Build.0 = Release|Any CPU
		{4A4AC861-6DEA-49E0-A330-5442B1F1F294}.Release|x86.ActiveCfg = Release|Any CPU
		{4A4AC861-6DEA-49E0-A330-5442B1F1F294}.Release|x86.Build.0 = Release|Any CPU
		{135A31E6-E396-40A0-AE09-2C9E238C4538}.Debug|Any CPU.ActiveCfg = Debug|iPhone
		{135A31E6-E396-40A0-AE09-2C9E238C4538}.Debug|ARM.ActiveCfg = Debug|iPhone
		{135A31E6-E396-40A0-AE09-2C9E238C4538}.Debug|iPhone.ActiveCfg = Debug|iPhone
		{135A31E6-E396-40A0-AE09-2C9E238C4538}.Debug|iPhone.Build.0 = Debug|iPhone
		{135A31E6-E396-40A0-AE09-2C9E238C4538}.Debug|iPhoneSimulator.ActiveCfg = Debug|iPhoneSimulator
		{135A31E6-E396-40A0-AE09-2C9E238C4538}.Debug|iPhoneSimulator.Build.0 = Debug|iPhoneSimulator
		{135A31E6-E396-40A0-AE09-2C9E238C4538}.Debug|x64.ActiveCfg = Debug|iPhone
		{135A31E6-E396-40A0-AE09-2C9E238C4538}.Debug|x86.ActiveCfg = Debug|iPhone
		{135A31E6-E396-40A0-AE09-2C9E238C4538}.Release|Any CPU.ActiveCfg = Release|iPhone
		{135A31E6-E396-40A0-AE09-2C9E238C4538}.Release|ARM.ActiveCfg = Release|iPhone
		{135A31E6-E396-40A0-AE09-2C9E238C4538}.Release|iPhone.ActiveCfg = Release|iPhone
		{135A31E6-E396-40A0-AE09-2C9E238C4538}.Release|iPhone.Build.0 = Release|iPhone
		{135A31E6-E396-40A0-AE09-2C9E238C4538}.Release|iPhoneSimulator.ActiveCfg = Release|iPhoneSimulator
		{135A31E6-E396-40A0-AE09-2C9E238C4538}.Release|iPhoneSimulator.Build.0 = Release|iPhoneSimulator
		{135A31E6-E396-40A0-AE09-2C9E238C4538}.Release|x64.ActiveCfg = Release|iPhone
		{135A31E6-E396-40A0-AE09-2C9E238C4538}.Release|x86.ActiveCfg = Release|iPhone
		{B6191ECE-AAA9-4563-B1E4-2D3CEADE4376}.Debug|Any CPU.ActiveCfg = Debug|iPhone
		{B6191ECE-AAA9-4563-B1E4-2D3CEADE4376}.Debug|ARM.ActiveCfg = Debug|iPhone
		{B6191ECE-AAA9-4563-B1E4-2D3CEADE4376}.Debug|iPhone.ActiveCfg = Debug|iPhone
		{B6191ECE-AAA9-4563-B1E4-2D3CEADE4376}.Debug|iPhone.Build.0 = Debug|iPhone
		{B6191ECE-AAA9-4563-B1E4-2D3CEADE4376}.Debug|iPhoneSimulator.ActiveCfg = Debug|iPhoneSimulator
		{B6191ECE-AAA9-4563-B1E4-2D3CEADE4376}.Debug|iPhoneSimulator.Build.0 = Debug|iPhoneSimulator
		{B6191ECE-AAA9-4563-B1E4-2D3CEADE4376}.Debug|x64.ActiveCfg = Debug|iPhone
		{B6191ECE-AAA9-4563-B1E4-2D3CEADE4376}.Debug|x86.ActiveCfg = Debug|iPhone
		{B6191ECE-AAA9-4563-B1E4-2D3CEADE4376}.Release|Any CPU.ActiveCfg = Release|iPhone
		{B6191ECE-AAA9-4563-B1E4-2D3CEADE4376}.Release|ARM.ActiveCfg = Release|iPhone
		{B6191ECE-AAA9-4563-B1E4-2D3CEADE4376}.Release|iPhone.ActiveCfg = Release|iPhone
		{B6191ECE-AAA9-4563-B1E4-2D3CEADE4376}.Release|iPhone.Build.0 = Release|iPhone
		{B6191ECE-AAA9-4563-B1E4-2D3CEADE4376}.Release|iPhoneSimulator.ActiveCfg = Release|iPhoneSimulator
		{B6191ECE-AAA9-4563-B1E4-2D3CEADE4376}.Release|iPhoneSimulator.Build.0 = Release|iPhoneSimulator
		{B6191ECE-AAA9-4563-B1E4-2D3CEADE4376}.Release|x64.ActiveCfg = Release|iPhone
		{B6191ECE-AAA9-4563-B1E4-2D3CEADE4376}.Release|x86.ActiveCfg = Release|iPhone
		{A737FCED-1BDA-412A-BD1E-35275D961D30}.Debug|Any CPU.ActiveCfg = Debug|iPhone
		{A737FCED-1BDA-412A-BD1E-35275D961D30}.Debug|Any CPU.Build.0 = Debug|iPhone
		{A737FCED-1BDA-412A-BD1E-35275D961D30}.Debug|ARM.ActiveCfg = Debug|iPhone
		{A737FCED-1BDA-412A-BD1E-35275D961D30}.Debug|iPhone.ActiveCfg = Debug|iPhone
		{A737FCED-1BDA-412A-BD1E-35275D961D30}.Debug|iPhone.Build.0 = Debug|iPhone
		{A737FCED-1BDA-412A-BD1E-35275D961D30}.Debug|iPhone.Deploy.0 = Debug|iPhone
		{A737FCED-1BDA-412A-BD1E-35275D961D30}.Debug|iPhoneSimulator.ActiveCfg = Debug|iPhoneSimulator
		{A737FCED-1BDA-412A-BD1E-35275D961D30}.Debug|iPhoneSimulator.Build.0 = Debug|iPhoneSimulator
		{A737FCED-1BDA-412A-BD1E-35275D961D30}.Debug|iPhoneSimulator.Deploy.0 = Debug|iPhoneSimulator
		{A737FCED-1BDA-412A-BD1E-35275D961D30}.Debug|x64.ActiveCfg = Debug|iPhone
		{A737FCED-1BDA-412A-BD1E-35275D961D30}.Debug|x86.ActiveCfg = Debug|iPhone
		{A737FCED-1BDA-412A-BD1E-35275D961D30}.Release|Any CPU.ActiveCfg = Release|iPhone
		{A737FCED-1BDA-412A-BD1E-35275D961D30}.Release|ARM.ActiveCfg = Release|iPhone
		{A737FCED-1BDA-412A-BD1E-35275D961D30}.Release|iPhone.ActiveCfg = Release|iPhone
		{A737FCED-1BDA-412A-BD1E-35275D961D30}.Release|iPhone.Build.0 = Release|iPhone
		{A737FCED-1BDA-412A-BD1E-35275D961D30}.Release|iPhone.Deploy.0 = Release|iPhone
		{A737FCED-1BDA-412A-BD1E-35275D961D30}.Release|iPhoneSimulator.ActiveCfg = Release|iPhoneSimulator
		{A737FCED-1BDA-412A-BD1E-35275D961D30}.Release|iPhoneSimulator.Build.0 = Release|iPhoneSimulator
		{A737FCED-1BDA-412A-BD1E-35275D961D30}.Release|iPhoneSimulator.Deploy.0 = Release|iPhoneSimulator
		{A737FCED-1BDA-412A-BD1E-35275D961D30}.Release|x64.ActiveCfg = Release|iPhone
		{A737FCED-1BDA-412A-BD1E-35275D961D30}.Release|x86.ActiveCfg = Release|iPhone
		{4ED7BB11-5DBE-41C0-BDCC-56DBE619096C}.Debug|Any CPU.ActiveCfg = Debug|x86
		{4ED7BB11-5DBE-41C0-BDCC-56DBE619096C}.Debug|ARM.ActiveCfg = Debug|ARM
		{4ED7BB11-5DBE-41C0-BDCC-56DBE619096C}.Debug|ARM.Build.0 = Debug|ARM
		{4ED7BB11-5DBE-41C0-BDCC-56DBE619096C}.Debug|ARM.Deploy.0 = Debug|ARM
		{4ED7BB11-5DBE-41C0-BDCC-56DBE619096C}.Debug|iPhone.ActiveCfg = Debug|x86
		{4ED7BB11-5DBE-41C0-BDCC-56DBE619096C}.Debug|iPhoneSimulator.ActiveCfg = Debug|x86
		{4ED7BB11-5DBE-41C0-BDCC-56DBE619096C}.Debug|x64.ActiveCfg = Debug|x64
		{4ED7BB11-5DBE-41C0-BDCC-56DBE619096C}.Debug|x64.Build.0 = Debug|x64
		{4ED7BB11-5DBE-41C0-BDCC-56DBE619096C}.Debug|x64.Deploy.0 = Debug|x64
		{4ED7BB11-5DBE-41C0-BDCC-56DBE619096C}.Debug|x86.ActiveCfg = Debug|x86
		{4ED7BB11-5DBE-41C0-BDCC-56DBE619096C}.Debug|x86.Build.0 = Debug|x86
		{4ED7BB11-5DBE-41C0-BDCC-56DBE619096C}.Debug|x86.Deploy.0 = Debug|x86
		{4ED7BB11-5DBE-41C0-BDCC-56DBE619096C}.Release|Any CPU.ActiveCfg = Release|x86
		{4ED7BB11-5DBE-41C0-BDCC-56DBE619096C}.Release|ARM.ActiveCfg = Release|ARM
		{4ED7BB11-5DBE-41C0-BDCC-56DBE619096C}.Release|ARM.Build.0 = Release|ARM
		{4ED7BB11-5DBE-41C0-BDCC-56DBE619096C}.Release|ARM.Deploy.0 = Release|ARM
		{4ED7BB11-5DBE-41C0-BDCC-56DBE619096C}.Release|iPhone.ActiveCfg = Release|x86
		{4ED7BB11-5DBE-41C0-BDCC-56DBE619096C}.Release|iPhoneSimulator.ActiveCfg = Release|x86
		{4ED7BB11-5DBE-41C0-BDCC-56DBE619096C}.Release|x64.ActiveCfg = Release|x64
		{4ED7BB11-5DBE-41C0-BDCC-56DBE619096C}.Release|x64.Build.0 = Release|x64
		{4ED7BB11-5DBE-41C0-BDCC-56DBE619096C}.Release|x64.Deploy.0 = Release|x64
		{4ED7BB11-5DBE-41C0-BDCC-56DBE619096C}.Release|x86.ActiveCfg = Release|x86
		{4ED7BB11-5DBE-41C0-BDCC-56DBE619096C}.Release|x86.Build.0 = Release|x86
		{4ED7BB11-5DBE-41C0-BDCC-56DBE619096C}.Release|x86.Deploy.0 = Release|x86
		{BD3BCDA2-B5EB-46F6-9B6B-E138911B7DE7}.Debug|Any CPU.ActiveCfg = Debug|x86
		{BD3BCDA2-B5EB-46F6-9B6B-E138911B7DE7}.Debug|ARM.ActiveCfg = Debug|ARM
		{BD3BCDA2-B5EB-46F6-9B6B-E138911B7DE7}.Debug|ARM.Build.0 = Debug|ARM
		{BD3BCDA2-B5EB-46F6-9B6B-E138911B7DE7}.Debug|ARM.Deploy.0 = Debug|ARM
		{BD3BCDA2-B5EB-46F6-9B6B-E138911B7DE7}.Debug|iPhone.ActiveCfg = Debug|x86
		{BD3BCDA2-B5EB-46F6-9B6B-E138911B7DE7}.Debug|iPhoneSimulator.ActiveCfg = Debug|x86
		{BD3BCDA2-B5EB-46F6-9B6B-E138911B7DE7}.Debug|x64.ActiveCfg = Debug|x64
		{BD3BCDA2-B5EB-46F6-9B6B-E138911B7DE7}.Debug|x64.Build.0 = Debug|x64
		{BD3BCDA2-B5EB-46F6-9B6B-E138911B7DE7}.Debug|x64.Deploy.0 = Debug|x64
		{BD3BCDA2-B5EB-46F6-9B6B-E138911B7DE7}.Debug|x86.ActiveCfg = Debug|x86
		{BD3BCDA2-B5EB-46F6-9B6B-E138911B7DE7}.Debug|x86.Build.0 = Debug|x86
		{BD3BCDA2-B5EB-46F6-9B6B-E138911B7DE7}.Debug|x86.Deploy.0 = Debug|x86
		{BD3BCDA2-B5EB-46F6-9B6B-E138911B7DE7}.Release|Any CPU.ActiveCfg = Release|x86
		{BD3BCDA2-B5EB-46F6-9B6B-E138911B7DE7}.Release|ARM.ActiveCfg = Release|ARM
		{BD3BCDA2-B5EB-46F6-9B6B-E138911B7DE7}.Release|ARM.Build.0 = Release|ARM
		{BD3BCDA2-B5EB-46F6-9B6B-E138911B7DE7}.Release|ARM.Deploy.0 = Release|ARM
		{BD3BCDA2-B5EB-46F6-9B6B-E138911B7DE7}.Release|iPhone.ActiveCfg = Release|x86
		{BD3BCDA2-B5EB-46F6-9B6B-E138911B7DE7}.Release|iPhoneSimulator.ActiveCfg = Release|x86
		{BD3BCDA2-B5EB-46F6-9B6B-E138911B7DE7}.Release|x64.ActiveCfg = Release|x64
		{BD3BCDA2-B5EB-46F6-9B6B-E138911B7DE7}.Release|x64.Build.0 = Release|x64
		{BD3BCDA2-B5EB-46F6-9B6B-E138911B7DE7}.Release|x64.Deploy.0 = Release|x64
		{BD3BCDA2-B5EB-46F6-9B6B-E138911B7DE7}.Release|x86.ActiveCfg = Release|x86
		{BD3BCDA2-B5EB-46F6-9B6B-E138911B7DE7}.Release|x86.Build.0 = Release|x86
		{BD3BCDA2-B5EB-46F6-9B6B-E138911B7DE7}.Release|x86.Deploy.0 = Release|x86
		{F759FC51-32C4-4B42-8C64-2EE8D73555BA}.Debug|Any CPU.ActiveCfg = Debug|Any CPU
		{F759FC51-32C4-4B42-8C64-2EE8D73555BA}.Debug|Any CPU.Build.0 = Debug|Any CPU
		{F759FC51-32C4-4B42-8C64-2EE8D73555BA}.Debug|ARM.ActiveCfg = Debug|Any CPU
		{F759FC51-32C4-4B42-8C64-2EE8D73555BA}.Debug|ARM.Build.0 = Debug|Any CPU
		{F759FC51-32C4-4B42-8C64-2EE8D73555BA}.Debug|iPhone.ActiveCfg = Debug|Any CPU
		{F759FC51-32C4-4B42-8C64-2EE8D73555BA}.Debug|iPhone.Build.0 = Debug|Any CPU
		{F759FC51-32C4-4B42-8C64-2EE8D73555BA}.Debug|iPhoneSimulator.ActiveCfg = Debug|Any CPU
		{F759FC51-32C4-4B42-8C64-2EE8D73555BA}.Debug|iPhoneSimulator.Build.0 = Debug|Any CPU
		{F759FC51-32C4-4B42-8C64-2EE8D73555BA}.Debug|x64.ActiveCfg = Debug|Any CPU
		{F759FC51-32C4-4B42-8C64-2EE8D73555BA}.Debug|x64.Build.0 = Debug|Any CPU
		{F759FC51-32C4-4B42-8C64-2EE8D73555BA}.Debug|x86.ActiveCfg = Debug|Any CPU
		{F759FC51-32C4-4B42-8C64-2EE8D73555BA}.Debug|x86.Build.0 = Debug|Any CPU
		{F759FC51-32C4-4B42-8C64-2EE8D73555BA}.Release|Any CPU.ActiveCfg = Release|Any CPU
		{F759FC51-32C4-4B42-8C64-2EE8D73555BA}.Release|Any CPU.Build.0 = Release|Any CPU
		{F759FC51-32C4-4B42-8C64-2EE8D73555BA}.Release|ARM.ActiveCfg = Release|Any CPU
		{F759FC51-32C4-4B42-8C64-2EE8D73555BA}.Release|ARM.Build.0 = Release|Any CPU
		{F759FC51-32C4-4B42-8C64-2EE8D73555BA}.Release|iPhone.ActiveCfg = Release|Any CPU
		{F759FC51-32C4-4B42-8C64-2EE8D73555BA}.Release|iPhone.Build.0 = Release|Any CPU
		{F759FC51-32C4-4B42-8C64-2EE8D73555BA}.Release|iPhoneSimulator.ActiveCfg = Release|Any CPU
		{F759FC51-32C4-4B42-8C64-2EE8D73555BA}.Release|iPhoneSimulator.Build.0 = Release|Any CPU
		{F759FC51-32C4-4B42-8C64-2EE8D73555BA}.Release|x64.ActiveCfg = Release|Any CPU
		{F759FC51-32C4-4B42-8C64-2EE8D73555BA}.Release|x64.Build.0 = Release|Any CPU
		{F759FC51-32C4-4B42-8C64-2EE8D73555BA}.Release|x86.ActiveCfg = Release|Any CPU
		{F759FC51-32C4-4B42-8C64-2EE8D73555BA}.Release|x86.Build.0 = Release|Any CPU
		{D3FA59B0-246B-4CC0-A01F-92499A7CED73}.Debug|Any CPU.ActiveCfg = Debug|Any CPU
		{D3FA59B0-246B-4CC0-A01F-92499A7CED73}.Debug|Any CPU.Build.0 = Debug|Any CPU
		{D3FA59B0-246B-4CC0-A01F-92499A7CED73}.Debug|Any CPU.Deploy.0 = Debug|Any CPU
		{D3FA59B0-246B-4CC0-A01F-92499A7CED73}.Debug|ARM.ActiveCfg = Debug|Any CPU
		{D3FA59B0-246B-4CC0-A01F-92499A7CED73}.Debug|ARM.Build.0 = Debug|Any CPU
		{D3FA59B0-246B-4CC0-A01F-92499A7CED73}.Debug|ARM.Deploy.0 = Debug|Any CPU
		{D3FA59B0-246B-4CC0-A01F-92499A7CED73}.Debug|iPhone.ActiveCfg = Debug|Any CPU
		{D3FA59B0-246B-4CC0-A01F-92499A7CED73}.Debug|iPhone.Build.0 = Debug|Any CPU
		{D3FA59B0-246B-4CC0-A01F-92499A7CED73}.Debug|iPhone.Deploy.0 = Debug|Any CPU
		{D3FA59B0-246B-4CC0-A01F-92499A7CED73}.Debug|iPhoneSimulator.ActiveCfg = Debug|Any CPU
		{D3FA59B0-246B-4CC0-A01F-92499A7CED73}.Debug|iPhoneSimulator.Build.0 = Debug|Any CPU
		{D3FA59B0-246B-4CC0-A01F-92499A7CED73}.Debug|iPhoneSimulator.Deploy.0 = Debug|Any CPU
		{D3FA59B0-246B-4CC0-A01F-92499A7CED73}.Debug|x64.ActiveCfg = Debug|Any CPU
		{D3FA59B0-246B-4CC0-A01F-92499A7CED73}.Debug|x64.Build.0 = Debug|Any CPU
		{D3FA59B0-246B-4CC0-A01F-92499A7CED73}.Debug|x64.Deploy.0 = Debug|Any CPU
		{D3FA59B0-246B-4CC0-A01F-92499A7CED73}.Debug|x86.ActiveCfg = Debug|Any CPU
		{D3FA59B0-246B-4CC0-A01F-92499A7CED73}.Debug|x86.Build.0 = Debug|Any CPU
		{D3FA59B0-246B-4CC0-A01F-92499A7CED73}.Debug|x86.Deploy.0 = Debug|Any CPU
		{D3FA59B0-246B-4CC0-A01F-92499A7CED73}.Release|Any CPU.ActiveCfg = Release|Any CPU
		{D3FA59B0-246B-4CC0-A01F-92499A7CED73}.Release|Any CPU.Build.0 = Release|Any CPU
		{D3FA59B0-246B-4CC0-A01F-92499A7CED73}.Release|Any CPU.Deploy.0 = Release|Any CPU
		{D3FA59B0-246B-4CC0-A01F-92499A7CED73}.Release|ARM.ActiveCfg = Release|Any CPU
		{D3FA59B0-246B-4CC0-A01F-92499A7CED73}.Release|ARM.Build.0 = Release|Any CPU
		{D3FA59B0-246B-4CC0-A01F-92499A7CED73}.Release|ARM.Deploy.0 = Release|Any CPU
		{D3FA59B0-246B-4CC0-A01F-92499A7CED73}.Release|iPhone.ActiveCfg = Release|Any CPU
		{D3FA59B0-246B-4CC0-A01F-92499A7CED73}.Release|iPhone.Build.0 = Release|Any CPU
		{D3FA59B0-246B-4CC0-A01F-92499A7CED73}.Release|iPhone.Deploy.0 = Release|Any CPU
		{D3FA59B0-246B-4CC0-A01F-92499A7CED73}.Release|iPhoneSimulator.ActiveCfg = Release|Any CPU
		{D3FA59B0-246B-4CC0-A01F-92499A7CED73}.Release|iPhoneSimulator.Build.0 = Release|Any CPU
		{D3FA59B0-246B-4CC0-A01F-92499A7CED73}.Release|iPhoneSimulator.Deploy.0 = Release|Any CPU
		{D3FA59B0-246B-4CC0-A01F-92499A7CED73}.Release|x64.ActiveCfg = Release|Any CPU
		{D3FA59B0-246B-4CC0-A01F-92499A7CED73}.Release|x64.Build.0 = Release|Any CPU
		{D3FA59B0-246B-4CC0-A01F-92499A7CED73}.Release|x64.Deploy.0 = Release|Any CPU
		{D3FA59B0-246B-4CC0-A01F-92499A7CED73}.Release|x86.ActiveCfg = Release|Any CPU
		{D3FA59B0-246B-4CC0-A01F-92499A7CED73}.Release|x86.Build.0 = Release|Any CPU
		{D3FA59B0-246B-4CC0-A01F-92499A7CED73}.Release|x86.Deploy.0 = Release|Any CPU
		{F771FB8D-E929-435D-A3B4-7D936CDE2C18}.Debug|Any CPU.ActiveCfg = Debug|Any CPU
		{F771FB8D-E929-435D-A3B4-7D936CDE2C18}.Debug|Any CPU.Build.0 = Debug|Any CPU
		{F771FB8D-E929-435D-A3B4-7D936CDE2C18}.Debug|Any CPU.Deploy.0 = Debug|Any CPU
		{F771FB8D-E929-435D-A3B4-7D936CDE2C18}.Debug|ARM.ActiveCfg = Debug|Any CPU
		{F771FB8D-E929-435D-A3B4-7D936CDE2C18}.Debug|ARM.Build.0 = Debug|Any CPU
		{F771FB8D-E929-435D-A3B4-7D936CDE2C18}.Debug|ARM.Deploy.0 = Debug|Any CPU
		{F771FB8D-E929-435D-A3B4-7D936CDE2C18}.Debug|iPhone.ActiveCfg = Debug|Any CPU
		{F771FB8D-E929-435D-A3B4-7D936CDE2C18}.Debug|iPhone.Build.0 = Debug|Any CPU
		{F771FB8D-E929-435D-A3B4-7D936CDE2C18}.Debug|iPhone.Deploy.0 = Debug|Any CPU
		{F771FB8D-E929-435D-A3B4-7D936CDE2C18}.Debug|iPhoneSimulator.ActiveCfg = Debug|Any CPU
		{F771FB8D-E929-435D-A3B4-7D936CDE2C18}.Debug|iPhoneSimulator.Build.0 = Debug|Any CPU
		{F771FB8D-E929-435D-A3B4-7D936CDE2C18}.Debug|iPhoneSimulator.Deploy.0 = Debug|Any CPU
		{F771FB8D-E929-435D-A3B4-7D936CDE2C18}.Debug|x64.ActiveCfg = Debug|Any CPU
		{F771FB8D-E929-435D-A3B4-7D936CDE2C18}.Debug|x64.Build.0 = Debug|Any CPU
		{F771FB8D-E929-435D-A3B4-7D936CDE2C18}.Debug|x64.Deploy.0 = Debug|Any CPU
		{F771FB8D-E929-435D-A3B4-7D936CDE2C18}.Debug|x86.ActiveCfg = Debug|Any CPU
		{F771FB8D-E929-435D-A3B4-7D936CDE2C18}.Debug|x86.Build.0 = Debug|Any CPU
		{F771FB8D-E929-435D-A3B4-7D936CDE2C18}.Debug|x86.Deploy.0 = Debug|Any CPU
		{F771FB8D-E929-435D-A3B4-7D936CDE2C18}.Release|Any CPU.ActiveCfg = Release|Any CPU
		{F771FB8D-E929-435D-A3B4-7D936CDE2C18}.Release|Any CPU.Build.0 = Release|Any CPU
		{F771FB8D-E929-435D-A3B4-7D936CDE2C18}.Release|Any CPU.Deploy.0 = Release|Any CPU
		{F771FB8D-E929-435D-A3B4-7D936CDE2C18}.Release|ARM.ActiveCfg = Release|Any CPU
		{F771FB8D-E929-435D-A3B4-7D936CDE2C18}.Release|ARM.Build.0 = Release|Any CPU
		{F771FB8D-E929-435D-A3B4-7D936CDE2C18}.Release|ARM.Deploy.0 = Release|Any CPU
		{F771FB8D-E929-435D-A3B4-7D936CDE2C18}.Release|iPhone.ActiveCfg = Release|Any CPU
		{F771FB8D-E929-435D-A3B4-7D936CDE2C18}.Release|iPhone.Build.0 = Release|Any CPU
		{F771FB8D-E929-435D-A3B4-7D936CDE2C18}.Release|iPhone.Deploy.0 = Release|Any CPU
		{F771FB8D-E929-435D-A3B4-7D936CDE2C18}.Release|iPhoneSimulator.ActiveCfg = Release|Any CPU
		{F771FB8D-E929-435D-A3B4-7D936CDE2C18}.Release|iPhoneSimulator.Build.0 = Release|Any CPU
		{F771FB8D-E929-435D-A3B4-7D936CDE2C18}.Release|iPhoneSimulator.Deploy.0 = Release|Any CPU
		{F771FB8D-E929-435D-A3B4-7D936CDE2C18}.Release|x64.ActiveCfg = Release|Any CPU
		{F771FB8D-E929-435D-A3B4-7D936CDE2C18}.Release|x64.Build.0 = Release|Any CPU
		{F771FB8D-E929-435D-A3B4-7D936CDE2C18}.Release|x64.Deploy.0 = Release|Any CPU
		{F771FB8D-E929-435D-A3B4-7D936CDE2C18}.Release|x86.ActiveCfg = Release|Any CPU
		{F771FB8D-E929-435D-A3B4-7D936CDE2C18}.Release|x86.Build.0 = Release|Any CPU
		{F771FB8D-E929-435D-A3B4-7D936CDE2C18}.Release|x86.Deploy.0 = Release|Any CPU
		{3B849217-44F7-4947-8A56-55AA345DC648}.Debug|Any CPU.ActiveCfg = Debug|x86
		{3B849217-44F7-4947-8A56-55AA345DC648}.Debug|ARM.ActiveCfg = Debug|ARM
		{3B849217-44F7-4947-8A56-55AA345DC648}.Debug|ARM.Build.0 = Debug|ARM
		{3B849217-44F7-4947-8A56-55AA345DC648}.Debug|ARM.Deploy.0 = Debug|ARM
		{3B849217-44F7-4947-8A56-55AA345DC648}.Debug|iPhone.ActiveCfg = Debug|x86
		{3B849217-44F7-4947-8A56-55AA345DC648}.Debug|iPhoneSimulator.ActiveCfg = Debug|x86
		{3B849217-44F7-4947-8A56-55AA345DC648}.Debug|x64.ActiveCfg = Debug|x64
		{3B849217-44F7-4947-8A56-55AA345DC648}.Debug|x64.Build.0 = Debug|x64
		{3B849217-44F7-4947-8A56-55AA345DC648}.Debug|x64.Deploy.0 = Debug|x64
		{3B849217-44F7-4947-8A56-55AA345DC648}.Debug|x86.ActiveCfg = Debug|x86
		{3B849217-44F7-4947-8A56-55AA345DC648}.Debug|x86.Build.0 = Debug|x86
		{3B849217-44F7-4947-8A56-55AA345DC648}.Debug|x86.Deploy.0 = Debug|x86
		{3B849217-44F7-4947-8A56-55AA345DC648}.Release|Any CPU.ActiveCfg = Release|x86
		{3B849217-44F7-4947-8A56-55AA345DC648}.Release|ARM.ActiveCfg = Release|ARM
		{3B849217-44F7-4947-8A56-55AA345DC648}.Release|ARM.Build.0 = Release|ARM
		{3B849217-44F7-4947-8A56-55AA345DC648}.Release|ARM.Deploy.0 = Release|ARM
		{3B849217-44F7-4947-8A56-55AA345DC648}.Release|iPhone.ActiveCfg = Release|x86
		{3B849217-44F7-4947-8A56-55AA345DC648}.Release|iPhoneSimulator.ActiveCfg = Release|x86
		{3B849217-44F7-4947-8A56-55AA345DC648}.Release|x64.ActiveCfg = Release|x64
		{3B849217-44F7-4947-8A56-55AA345DC648}.Release|x64.Build.0 = Release|x64
		{3B849217-44F7-4947-8A56-55AA345DC648}.Release|x64.Deploy.0 = Release|x64
		{3B849217-44F7-4947-8A56-55AA345DC648}.Release|x86.ActiveCfg = Release|x86
		{3B849217-44F7-4947-8A56-55AA345DC648}.Release|x86.Build.0 = Release|x86
		{3B849217-44F7-4947-8A56-55AA345DC648}.Release|x86.Deploy.0 = Release|x86
		{82A1931E-F04F-4862-B74A-2F911820D456}.Debug|Any CPU.ActiveCfg = Debug|Any CPU
		{82A1931E-F04F-4862-B74A-2F911820D456}.Debug|Any CPU.Build.0 = Debug|Any CPU
		{82A1931E-F04F-4862-B74A-2F911820D456}.Debug|ARM.ActiveCfg = Debug|Any CPU
		{82A1931E-F04F-4862-B74A-2F911820D456}.Debug|ARM.Build.0 = Debug|Any CPU
		{82A1931E-F04F-4862-B74A-2F911820D456}.Debug|iPhone.ActiveCfg = Debug|Any CPU
		{82A1931E-F04F-4862-B74A-2F911820D456}.Debug|iPhone.Build.0 = Debug|Any CPU
		{82A1931E-F04F-4862-B74A-2F911820D456}.Debug|iPhoneSimulator.ActiveCfg = Debug|Any CPU
		{82A1931E-F04F-4862-B74A-2F911820D456}.Debug|iPhoneSimulator.Build.0 = Debug|Any CPU
		{82A1931E-F04F-4862-B74A-2F911820D456}.Debug|x64.ActiveCfg = Debug|Any CPU
		{82A1931E-F04F-4862-B74A-2F911820D456}.Debug|x64.Build.0 = Debug|Any CPU
		{82A1931E-F04F-4862-B74A-2F911820D456}.Debug|x86.ActiveCfg = Debug|Any CPU
		{82A1931E-F04F-4862-B74A-2F911820D456}.Debug|x86.Build.0 = Debug|Any CPU
		{82A1931E-F04F-4862-B74A-2F911820D456}.Release|Any CPU.ActiveCfg = Release|Any CPU
		{82A1931E-F04F-4862-B74A-2F911820D456}.Release|Any CPU.Build.0 = Release|Any CPU
		{82A1931E-F04F-4862-B74A-2F911820D456}.Release|ARM.ActiveCfg = Release|Any CPU
		{82A1931E-F04F-4862-B74A-2F911820D456}.Release|ARM.Build.0 = Release|Any CPU
		{82A1931E-F04F-4862-B74A-2F911820D456}.Release|iPhone.ActiveCfg = Release|Any CPU
		{82A1931E-F04F-4862-B74A-2F911820D456}.Release|iPhone.Build.0 = Release|Any CPU
		{82A1931E-F04F-4862-B74A-2F911820D456}.Release|iPhoneSimulator.ActiveCfg = Release|Any CPU
		{82A1931E-F04F-4862-B74A-2F911820D456}.Release|iPhoneSimulator.Build.0 = Release|Any CPU
		{82A1931E-F04F-4862-B74A-2F911820D456}.Release|x64.ActiveCfg = Release|Any CPU
		{82A1931E-F04F-4862-B74A-2F911820D456}.Release|x64.Build.0 = Release|Any CPU
		{82A1931E-F04F-4862-B74A-2F911820D456}.Release|x86.ActiveCfg = Release|Any CPU
		{82A1931E-F04F-4862-B74A-2F911820D456}.Release|x86.Build.0 = Release|Any CPU
		{E0D5B059-5DAC-4262-9D9E-F25AFAF75851}.Debug|Any CPU.ActiveCfg = Debug|Any CPU
		{E0D5B059-5DAC-4262-9D9E-F25AFAF75851}.Debug|Any CPU.Build.0 = Debug|Any CPU
		{E0D5B059-5DAC-4262-9D9E-F25AFAF75851}.Debug|Any CPU.Deploy.0 = Debug|Any CPU
		{E0D5B059-5DAC-4262-9D9E-F25AFAF75851}.Debug|ARM.ActiveCfg = Debug|Any CPU
		{E0D5B059-5DAC-4262-9D9E-F25AFAF75851}.Debug|ARM.Build.0 = Debug|Any CPU
		{E0D5B059-5DAC-4262-9D9E-F25AFAF75851}.Debug|ARM.Deploy.0 = Debug|Any CPU
		{E0D5B059-5DAC-4262-9D9E-F25AFAF75851}.Debug|iPhone.ActiveCfg = Debug|Any CPU
		{E0D5B059-5DAC-4262-9D9E-F25AFAF75851}.Debug|iPhone.Build.0 = Debug|Any CPU
		{E0D5B059-5DAC-4262-9D9E-F25AFAF75851}.Debug|iPhone.Deploy.0 = Debug|Any CPU
		{E0D5B059-5DAC-4262-9D9E-F25AFAF75851}.Debug|iPhoneSimulator.ActiveCfg = Debug|Any CPU
		{E0D5B059-5DAC-4262-9D9E-F25AFAF75851}.Debug|iPhoneSimulator.Build.0 = Debug|Any CPU
		{E0D5B059-5DAC-4262-9D9E-F25AFAF75851}.Debug|iPhoneSimulator.Deploy.0 = Debug|Any CPU
		{E0D5B059-5DAC-4262-9D9E-F25AFAF75851}.Debug|x64.ActiveCfg = Debug|Any CPU
		{E0D5B059-5DAC-4262-9D9E-F25AFAF75851}.Debug|x64.Build.0 = Debug|Any CPU
		{E0D5B059-5DAC-4262-9D9E-F25AFAF75851}.Debug|x64.Deploy.0 = Debug|Any CPU
		{E0D5B059-5DAC-4262-9D9E-F25AFAF75851}.Debug|x86.ActiveCfg = Debug|Any CPU
		{E0D5B059-5DAC-4262-9D9E-F25AFAF75851}.Debug|x86.Build.0 = Debug|Any CPU
		{E0D5B059-5DAC-4262-9D9E-F25AFAF75851}.Debug|x86.Deploy.0 = Debug|Any CPU
		{E0D5B059-5DAC-4262-9D9E-F25AFAF75851}.Release|Any CPU.ActiveCfg = Release|Any CPU
		{E0D5B059-5DAC-4262-9D9E-F25AFAF75851}.Release|Any CPU.Build.0 = Release|Any CPU
		{E0D5B059-5DAC-4262-9D9E-F25AFAF75851}.Release|Any CPU.Deploy.0 = Release|Any CPU
		{E0D5B059-5DAC-4262-9D9E-F25AFAF75851}.Release|ARM.ActiveCfg = Release|Any CPU
		{E0D5B059-5DAC-4262-9D9E-F25AFAF75851}.Release|ARM.Build.0 = Release|Any CPU
		{E0D5B059-5DAC-4262-9D9E-F25AFAF75851}.Release|ARM.Deploy.0 = Release|Any CPU
		{E0D5B059-5DAC-4262-9D9E-F25AFAF75851}.Release|iPhone.ActiveCfg = Release|Any CPU
		{E0D5B059-5DAC-4262-9D9E-F25AFAF75851}.Release|iPhone.Build.0 = Release|Any CPU
		{E0D5B059-5DAC-4262-9D9E-F25AFAF75851}.Release|iPhone.Deploy.0 = Release|Any CPU
		{E0D5B059-5DAC-4262-9D9E-F25AFAF75851}.Release|iPhoneSimulator.ActiveCfg = Release|Any CPU
		{E0D5B059-5DAC-4262-9D9E-F25AFAF75851}.Release|iPhoneSimulator.Build.0 = Release|Any CPU
		{E0D5B059-5DAC-4262-9D9E-F25AFAF75851}.Release|iPhoneSimulator.Deploy.0 = Release|Any CPU
		{E0D5B059-5DAC-4262-9D9E-F25AFAF75851}.Release|x64.ActiveCfg = Release|Any CPU
		{E0D5B059-5DAC-4262-9D9E-F25AFAF75851}.Release|x64.Build.0 = Release|Any CPU
		{E0D5B059-5DAC-4262-9D9E-F25AFAF75851}.Release|x64.Deploy.0 = Release|Any CPU
		{E0D5B059-5DAC-4262-9D9E-F25AFAF75851}.Release|x86.ActiveCfg = Release|Any CPU
		{E0D5B059-5DAC-4262-9D9E-F25AFAF75851}.Release|x86.Build.0 = Release|Any CPU
		{E0D5B059-5DAC-4262-9D9E-F25AFAF75851}.Release|x86.Deploy.0 = Release|Any CPU
		{F75E6DAC-F339-4166-9066-2A3C0F092BF9}.Debug|Any CPU.ActiveCfg = Debug|iPhone
		{F75E6DAC-F339-4166-9066-2A3C0F092BF9}.Debug|Any CPU.Build.0 = Debug|iPhone
		{F75E6DAC-F339-4166-9066-2A3C0F092BF9}.Debug|ARM.ActiveCfg = Debug|iPhone
		{F75E6DAC-F339-4166-9066-2A3C0F092BF9}.Debug|iPhone.ActiveCfg = Debug|iPhone
		{F75E6DAC-F339-4166-9066-2A3C0F092BF9}.Debug|iPhone.Build.0 = Debug|iPhone
		{F75E6DAC-F339-4166-9066-2A3C0F092BF9}.Debug|iPhoneSimulator.ActiveCfg = Debug|iPhoneSimulator
		{F75E6DAC-F339-4166-9066-2A3C0F092BF9}.Debug|iPhoneSimulator.Build.0 = Debug|iPhoneSimulator
		{F75E6DAC-F339-4166-9066-2A3C0F092BF9}.Debug|x64.ActiveCfg = Debug|iPhone
		{F75E6DAC-F339-4166-9066-2A3C0F092BF9}.Debug|x86.ActiveCfg = Debug|iPhone
		{F75E6DAC-F339-4166-9066-2A3C0F092BF9}.Release|Any CPU.ActiveCfg = Release|iPhone
		{F75E6DAC-F339-4166-9066-2A3C0F092BF9}.Release|ARM.ActiveCfg = Release|iPhone
		{F75E6DAC-F339-4166-9066-2A3C0F092BF9}.Release|iPhone.ActiveCfg = Release|iPhone
		{F75E6DAC-F339-4166-9066-2A3C0F092BF9}.Release|iPhone.Build.0 = Release|iPhone
		{F75E6DAC-F339-4166-9066-2A3C0F092BF9}.Release|iPhoneSimulator.ActiveCfg = Release|iPhoneSimulator
		{F75E6DAC-F339-4166-9066-2A3C0F092BF9}.Release|iPhoneSimulator.Build.0 = Release|iPhoneSimulator
		{F75E6DAC-F339-4166-9066-2A3C0F092BF9}.Release|x64.ActiveCfg = Release|iPhone
		{F75E6DAC-F339-4166-9066-2A3C0F092BF9}.Release|x86.ActiveCfg = Release|iPhone
		{813E086E-912A-46DC-B4A7-A61E2ECFC7E9}.Debug|Any CPU.ActiveCfg = Debug|Any CPU
		{813E086E-912A-46DC-B4A7-A61E2ECFC7E9}.Debug|Any CPU.Build.0 = Debug|Any CPU
		{813E086E-912A-46DC-B4A7-A61E2ECFC7E9}.Debug|ARM.ActiveCfg = Debug|Any CPU
		{813E086E-912A-46DC-B4A7-A61E2ECFC7E9}.Debug|ARM.Build.0 = Debug|Any CPU
		{813E086E-912A-46DC-B4A7-A61E2ECFC7E9}.Debug|iPhone.ActiveCfg = Debug|Any CPU
		{813E086E-912A-46DC-B4A7-A61E2ECFC7E9}.Debug|iPhone.Build.0 = Debug|Any CPU
		{813E086E-912A-46DC-B4A7-A61E2ECFC7E9}.Debug|iPhoneSimulator.ActiveCfg = Debug|Any CPU
		{813E086E-912A-46DC-B4A7-A61E2ECFC7E9}.Debug|iPhoneSimulator.Build.0 = Debug|Any CPU
		{813E086E-912A-46DC-B4A7-A61E2ECFC7E9}.Debug|x64.ActiveCfg = Debug|Any CPU
		{813E086E-912A-46DC-B4A7-A61E2ECFC7E9}.Debug|x64.Build.0 = Debug|Any CPU
		{813E086E-912A-46DC-B4A7-A61E2ECFC7E9}.Debug|x86.ActiveCfg = Debug|Any CPU
		{813E086E-912A-46DC-B4A7-A61E2ECFC7E9}.Debug|x86.Build.0 = Debug|Any CPU
		{813E086E-912A-46DC-B4A7-A61E2ECFC7E9}.Release|Any CPU.ActiveCfg = Release|Any CPU
		{813E086E-912A-46DC-B4A7-A61E2ECFC7E9}.Release|Any CPU.Build.0 = Release|Any CPU
		{813E086E-912A-46DC-B4A7-A61E2ECFC7E9}.Release|ARM.ActiveCfg = Release|Any CPU
		{813E086E-912A-46DC-B4A7-A61E2ECFC7E9}.Release|ARM.Build.0 = Release|Any CPU
		{813E086E-912A-46DC-B4A7-A61E2ECFC7E9}.Release|iPhone.ActiveCfg = Release|Any CPU
		{813E086E-912A-46DC-B4A7-A61E2ECFC7E9}.Release|iPhone.Build.0 = Release|Any CPU
		{813E086E-912A-46DC-B4A7-A61E2ECFC7E9}.Release|iPhoneSimulator.ActiveCfg = Release|Any CPU
		{813E086E-912A-46DC-B4A7-A61E2ECFC7E9}.Release|iPhoneSimulator.Build.0 = Release|Any CPU
		{813E086E-912A-46DC-B4A7-A61E2ECFC7E9}.Release|x64.ActiveCfg = Release|Any CPU
		{813E086E-912A-46DC-B4A7-A61E2ECFC7E9}.Release|x64.Build.0 = Release|Any CPU
		{813E086E-912A-46DC-B4A7-A61E2ECFC7E9}.Release|x86.ActiveCfg = Release|Any CPU
		{813E086E-912A-46DC-B4A7-A61E2ECFC7E9}.Release|x86.Build.0 = Release|Any CPU
		{65D28285-E7B9-4CDB-89FA-77BD2D50A57D}.Debug|Any CPU.ActiveCfg = Debug|x86
		{65D28285-E7B9-4CDB-89FA-77BD2D50A57D}.Debug|ARM.ActiveCfg = Debug|ARM
		{65D28285-E7B9-4CDB-89FA-77BD2D50A57D}.Debug|ARM.Build.0 = Debug|ARM
		{65D28285-E7B9-4CDB-89FA-77BD2D50A57D}.Debug|ARM.Deploy.0 = Debug|ARM
		{65D28285-E7B9-4CDB-89FA-77BD2D50A57D}.Debug|iPhone.ActiveCfg = Debug|x86
		{65D28285-E7B9-4CDB-89FA-77BD2D50A57D}.Debug|iPhoneSimulator.ActiveCfg = Debug|x86
		{65D28285-E7B9-4CDB-89FA-77BD2D50A57D}.Debug|x64.ActiveCfg = Debug|x64
		{65D28285-E7B9-4CDB-89FA-77BD2D50A57D}.Debug|x64.Build.0 = Debug|x64
		{65D28285-E7B9-4CDB-89FA-77BD2D50A57D}.Debug|x64.Deploy.0 = Debug|x64
		{65D28285-E7B9-4CDB-89FA-77BD2D50A57D}.Debug|x86.ActiveCfg = Debug|x86
		{65D28285-E7B9-4CDB-89FA-77BD2D50A57D}.Debug|x86.Build.0 = Debug|x86
		{65D28285-E7B9-4CDB-89FA-77BD2D50A57D}.Debug|x86.Deploy.0 = Debug|x86
		{65D28285-E7B9-4CDB-89FA-77BD2D50A57D}.Release|Any CPU.ActiveCfg = Release|x86
		{65D28285-E7B9-4CDB-89FA-77BD2D50A57D}.Release|ARM.ActiveCfg = Release|ARM
		{65D28285-E7B9-4CDB-89FA-77BD2D50A57D}.Release|ARM.Build.0 = Release|ARM
		{65D28285-E7B9-4CDB-89FA-77BD2D50A57D}.Release|ARM.Deploy.0 = Release|ARM
		{65D28285-E7B9-4CDB-89FA-77BD2D50A57D}.Release|iPhone.ActiveCfg = Release|x86
		{65D28285-E7B9-4CDB-89FA-77BD2D50A57D}.Release|iPhoneSimulator.ActiveCfg = Release|x86
		{65D28285-E7B9-4CDB-89FA-77BD2D50A57D}.Release|x64.ActiveCfg = Release|x64
		{65D28285-E7B9-4CDB-89FA-77BD2D50A57D}.Release|x64.Build.0 = Release|x64
		{65D28285-E7B9-4CDB-89FA-77BD2D50A57D}.Release|x64.Deploy.0 = Release|x64
		{65D28285-E7B9-4CDB-89FA-77BD2D50A57D}.Release|x86.ActiveCfg = Release|x86
		{65D28285-E7B9-4CDB-89FA-77BD2D50A57D}.Release|x86.Build.0 = Release|x86
		{65D28285-E7B9-4CDB-89FA-77BD2D50A57D}.Release|x86.Deploy.0 = Release|x86
		{7EDD7650-3B80-4B71-AFB6-18D24E44B146}.Debug|Any CPU.ActiveCfg = Debug|Any CPU
		{7EDD7650-3B80-4B71-AFB6-18D24E44B146}.Debug|Any CPU.Build.0 = Debug|Any CPU
		{7EDD7650-3B80-4B71-AFB6-18D24E44B146}.Debug|ARM.ActiveCfg = Debug|Any CPU
		{7EDD7650-3B80-4B71-AFB6-18D24E44B146}.Debug|ARM.Build.0 = Debug|Any CPU
		{7EDD7650-3B80-4B71-AFB6-18D24E44B146}.Debug|iPhone.ActiveCfg = Debug|Any CPU
		{7EDD7650-3B80-4B71-AFB6-18D24E44B146}.Debug|iPhone.Build.0 = Debug|Any CPU
		{7EDD7650-3B80-4B71-AFB6-18D24E44B146}.Debug|iPhoneSimulator.ActiveCfg = Debug|Any CPU
		{7EDD7650-3B80-4B71-AFB6-18D24E44B146}.Debug|iPhoneSimulator.Build.0 = Debug|Any CPU
		{7EDD7650-3B80-4B71-AFB6-18D24E44B146}.Debug|x64.ActiveCfg = Debug|Any CPU
		{7EDD7650-3B80-4B71-AFB6-18D24E44B146}.Debug|x64.Build.0 = Debug|Any CPU
		{7EDD7650-3B80-4B71-AFB6-18D24E44B146}.Debug|x86.ActiveCfg = Debug|Any CPU
		{7EDD7650-3B80-4B71-AFB6-18D24E44B146}.Debug|x86.Build.0 = Debug|Any CPU
		{7EDD7650-3B80-4B71-AFB6-18D24E44B146}.Release|Any CPU.ActiveCfg = Release|Any CPU
		{7EDD7650-3B80-4B71-AFB6-18D24E44B146}.Release|Any CPU.Build.0 = Release|Any CPU
		{7EDD7650-3B80-4B71-AFB6-18D24E44B146}.Release|ARM.ActiveCfg = Release|Any CPU
		{7EDD7650-3B80-4B71-AFB6-18D24E44B146}.Release|ARM.Build.0 = Release|Any CPU
		{7EDD7650-3B80-4B71-AFB6-18D24E44B146}.Release|iPhone.ActiveCfg = Release|Any CPU
		{7EDD7650-3B80-4B71-AFB6-18D24E44B146}.Release|iPhone.Build.0 = Release|Any CPU
		{7EDD7650-3B80-4B71-AFB6-18D24E44B146}.Release|iPhoneSimulator.ActiveCfg = Release|Any CPU
		{7EDD7650-3B80-4B71-AFB6-18D24E44B146}.Release|iPhoneSimulator.Build.0 = Release|Any CPU
		{7EDD7650-3B80-4B71-AFB6-18D24E44B146}.Release|x64.ActiveCfg = Release|Any CPU
		{7EDD7650-3B80-4B71-AFB6-18D24E44B146}.Release|x64.Build.0 = Release|Any CPU
		{7EDD7650-3B80-4B71-AFB6-18D24E44B146}.Release|x86.ActiveCfg = Release|Any CPU
		{7EDD7650-3B80-4B71-AFB6-18D24E44B146}.Release|x86.Build.0 = Release|Any CPU
		{F87347BC-A468-4E4E-8F8E-387E98B1BE92}.Debug|Any CPU.ActiveCfg = Debug|Any CPU
		{F87347BC-A468-4E4E-8F8E-387E98B1BE92}.Debug|Any CPU.Build.0 = Debug|Any CPU
		{F87347BC-A468-4E4E-8F8E-387E98B1BE92}.Debug|Any CPU.Deploy.0 = Debug|Any CPU
		{F87347BC-A468-4E4E-8F8E-387E98B1BE92}.Debug|ARM.ActiveCfg = Debug|Any CPU
		{F87347BC-A468-4E4E-8F8E-387E98B1BE92}.Debug|ARM.Build.0 = Debug|Any CPU
		{F87347BC-A468-4E4E-8F8E-387E98B1BE92}.Debug|ARM.Deploy.0 = Debug|Any CPU
		{F87347BC-A468-4E4E-8F8E-387E98B1BE92}.Debug|iPhone.ActiveCfg = Debug|Any CPU
		{F87347BC-A468-4E4E-8F8E-387E98B1BE92}.Debug|iPhone.Build.0 = Debug|Any CPU
		{F87347BC-A468-4E4E-8F8E-387E98B1BE92}.Debug|iPhone.Deploy.0 = Debug|Any CPU
		{F87347BC-A468-4E4E-8F8E-387E98B1BE92}.Debug|iPhoneSimulator.ActiveCfg = Debug|Any CPU
		{F87347BC-A468-4E4E-8F8E-387E98B1BE92}.Debug|iPhoneSimulator.Build.0 = Debug|Any CPU
		{F87347BC-A468-4E4E-8F8E-387E98B1BE92}.Debug|iPhoneSimulator.Deploy.0 = Debug|Any CPU
		{F87347BC-A468-4E4E-8F8E-387E98B1BE92}.Debug|x64.ActiveCfg = Debug|Any CPU
		{F87347BC-A468-4E4E-8F8E-387E98B1BE92}.Debug|x64.Build.0 = Debug|Any CPU
		{F87347BC-A468-4E4E-8F8E-387E98B1BE92}.Debug|x64.Deploy.0 = Debug|Any CPU
		{F87347BC-A468-4E4E-8F8E-387E98B1BE92}.Debug|x86.ActiveCfg = Debug|Any CPU
		{F87347BC-A468-4E4E-8F8E-387E98B1BE92}.Debug|x86.Build.0 = Debug|Any CPU
		{F87347BC-A468-4E4E-8F8E-387E98B1BE92}.Debug|x86.Deploy.0 = Debug|Any CPU
		{F87347BC-A468-4E4E-8F8E-387E98B1BE92}.Release|Any CPU.ActiveCfg = Release|Any CPU
		{F87347BC-A468-4E4E-8F8E-387E98B1BE92}.Release|Any CPU.Build.0 = Release|Any CPU
		{F87347BC-A468-4E4E-8F8E-387E98B1BE92}.Release|Any CPU.Deploy.0 = Release|Any CPU
		{F87347BC-A468-4E4E-8F8E-387E98B1BE92}.Release|ARM.ActiveCfg = Release|Any CPU
		{F87347BC-A468-4E4E-8F8E-387E98B1BE92}.Release|ARM.Build.0 = Release|Any CPU
		{F87347BC-A468-4E4E-8F8E-387E98B1BE92}.Release|ARM.Deploy.0 = Release|Any CPU
		{F87347BC-A468-4E4E-8F8E-387E98B1BE92}.Release|iPhone.ActiveCfg = Release|Any CPU
		{F87347BC-A468-4E4E-8F8E-387E98B1BE92}.Release|iPhone.Build.0 = Release|Any CPU
		{F87347BC-A468-4E4E-8F8E-387E98B1BE92}.Release|iPhone.Deploy.0 = Release|Any CPU
		{F87347BC-A468-4E4E-8F8E-387E98B1BE92}.Release|iPhoneSimulator.ActiveCfg = Release|Any CPU
		{F87347BC-A468-4E4E-8F8E-387E98B1BE92}.Release|iPhoneSimulator.Build.0 = Release|Any CPU
		{F87347BC-A468-4E4E-8F8E-387E98B1BE92}.Release|iPhoneSimulator.Deploy.0 = Release|Any CPU
		{F87347BC-A468-4E4E-8F8E-387E98B1BE92}.Release|x64.ActiveCfg = Release|Any CPU
		{F87347BC-A468-4E4E-8F8E-387E98B1BE92}.Release|x64.Build.0 = Release|Any CPU
		{F87347BC-A468-4E4E-8F8E-387E98B1BE92}.Release|x64.Deploy.0 = Release|Any CPU
		{F87347BC-A468-4E4E-8F8E-387E98B1BE92}.Release|x86.ActiveCfg = Release|Any CPU
		{F87347BC-A468-4E4E-8F8E-387E98B1BE92}.Release|x86.Build.0 = Release|Any CPU
		{F87347BC-A468-4E4E-8F8E-387E98B1BE92}.Release|x86.Deploy.0 = Release|Any CPU
		{92E81594-526C-4F0F-8421-B3FDB03AEC21}.Debug|Any CPU.ActiveCfg = Debug|Any CPU
		{92E81594-526C-4F0F-8421-B3FDB03AEC21}.Debug|Any CPU.Build.0 = Debug|Any CPU
		{92E81594-526C-4F0F-8421-B3FDB03AEC21}.Debug|ARM.ActiveCfg = Debug|Any CPU
		{92E81594-526C-4F0F-8421-B3FDB03AEC21}.Debug|ARM.Build.0 = Debug|Any CPU
		{92E81594-526C-4F0F-8421-B3FDB03AEC21}.Debug|iPhone.ActiveCfg = Debug|Any CPU
		{92E81594-526C-4F0F-8421-B3FDB03AEC21}.Debug|iPhone.Build.0 = Debug|Any CPU
		{92E81594-526C-4F0F-8421-B3FDB03AEC21}.Debug|iPhoneSimulator.ActiveCfg = Debug|Any CPU
		{92E81594-526C-4F0F-8421-B3FDB03AEC21}.Debug|iPhoneSimulator.Build.0 = Debug|Any CPU
		{92E81594-526C-4F0F-8421-B3FDB03AEC21}.Debug|x64.ActiveCfg = Debug|Any CPU
		{92E81594-526C-4F0F-8421-B3FDB03AEC21}.Debug|x64.Build.0 = Debug|Any CPU
		{92E81594-526C-4F0F-8421-B3FDB03AEC21}.Debug|x86.ActiveCfg = Debug|Any CPU
		{92E81594-526C-4F0F-8421-B3FDB03AEC21}.Debug|x86.Build.0 = Debug|Any CPU
		{92E81594-526C-4F0F-8421-B3FDB03AEC21}.Release|Any CPU.ActiveCfg = Release|Any CPU
		{92E81594-526C-4F0F-8421-B3FDB03AEC21}.Release|Any CPU.Build.0 = Release|Any CPU
		{92E81594-526C-4F0F-8421-B3FDB03AEC21}.Release|ARM.ActiveCfg = Release|Any CPU
		{92E81594-526C-4F0F-8421-B3FDB03AEC21}.Release|ARM.Build.0 = Release|Any CPU
		{92E81594-526C-4F0F-8421-B3FDB03AEC21}.Release|iPhone.ActiveCfg = Release|Any CPU
		{92E81594-526C-4F0F-8421-B3FDB03AEC21}.Release|iPhone.Build.0 = Release|Any CPU
		{92E81594-526C-4F0F-8421-B3FDB03AEC21}.Release|iPhoneSimulator.ActiveCfg = Release|Any CPU
		{92E81594-526C-4F0F-8421-B3FDB03AEC21}.Release|iPhoneSimulator.Build.0 = Release|Any CPU
		{92E81594-526C-4F0F-8421-B3FDB03AEC21}.Release|x64.ActiveCfg = Release|Any CPU
		{92E81594-526C-4F0F-8421-B3FDB03AEC21}.Release|x64.Build.0 = Release|Any CPU
		{92E81594-526C-4F0F-8421-B3FDB03AEC21}.Release|x86.ActiveCfg = Release|Any CPU
		{92E81594-526C-4F0F-8421-B3FDB03AEC21}.Release|x86.Build.0 = Release|Any CPU
		{52420733-05FF-454C-AFF1-23B6C7AE1915}.Debug|Any CPU.ActiveCfg = Debug|iPhone
		{52420733-05FF-454C-AFF1-23B6C7AE1915}.Debug|ARM.ActiveCfg = Debug|iPhone
		{52420733-05FF-454C-AFF1-23B6C7AE1915}.Debug|iPhone.ActiveCfg = Debug|iPhone
		{52420733-05FF-454C-AFF1-23B6C7AE1915}.Debug|iPhone.Build.0 = Debug|iPhone
		{52420733-05FF-454C-AFF1-23B6C7AE1915}.Debug|iPhoneSimulator.ActiveCfg = Debug|iPhoneSimulator
		{52420733-05FF-454C-AFF1-23B6C7AE1915}.Debug|iPhoneSimulator.Build.0 = Debug|iPhoneSimulator
		{52420733-05FF-454C-AFF1-23B6C7AE1915}.Debug|x64.ActiveCfg = Debug|iPhone
		{52420733-05FF-454C-AFF1-23B6C7AE1915}.Debug|x86.ActiveCfg = Debug|iPhone
		{52420733-05FF-454C-AFF1-23B6C7AE1915}.Release|Any CPU.ActiveCfg = Release|iPhone
		{52420733-05FF-454C-AFF1-23B6C7AE1915}.Release|ARM.ActiveCfg = Release|iPhone
		{52420733-05FF-454C-AFF1-23B6C7AE1915}.Release|iPhone.ActiveCfg = Release|iPhone
		{52420733-05FF-454C-AFF1-23B6C7AE1915}.Release|iPhone.Build.0 = Release|iPhone
		{52420733-05FF-454C-AFF1-23B6C7AE1915}.Release|iPhoneSimulator.ActiveCfg = Release|iPhoneSimulator
		{52420733-05FF-454C-AFF1-23B6C7AE1915}.Release|iPhoneSimulator.Build.0 = Release|iPhoneSimulator
		{52420733-05FF-454C-AFF1-23B6C7AE1915}.Release|x64.ActiveCfg = Release|iPhone
		{52420733-05FF-454C-AFF1-23B6C7AE1915}.Release|x86.ActiveCfg = Release|iPhone
		{389777F9-4C0F-4262-9A44-8C7F548C0B75}.Debug|Any CPU.ActiveCfg = Debug|Any CPU
		{389777F9-4C0F-4262-9A44-8C7F548C0B75}.Debug|Any CPU.Build.0 = Debug|Any CPU
		{389777F9-4C0F-4262-9A44-8C7F548C0B75}.Debug|ARM.ActiveCfg = Debug|Any CPU
		{389777F9-4C0F-4262-9A44-8C7F548C0B75}.Debug|ARM.Build.0 = Debug|Any CPU
		{389777F9-4C0F-4262-9A44-8C7F548C0B75}.Debug|iPhone.ActiveCfg = Debug|Any CPU
		{389777F9-4C0F-4262-9A44-8C7F548C0B75}.Debug|iPhone.Build.0 = Debug|Any CPU
		{389777F9-4C0F-4262-9A44-8C7F548C0B75}.Debug|iPhoneSimulator.ActiveCfg = Debug|Any CPU
		{389777F9-4C0F-4262-9A44-8C7F548C0B75}.Debug|iPhoneSimulator.Build.0 = Debug|Any CPU
		{389777F9-4C0F-4262-9A44-8C7F548C0B75}.Debug|x64.ActiveCfg = Debug|Any CPU
		{389777F9-4C0F-4262-9A44-8C7F548C0B75}.Debug|x64.Build.0 = Debug|Any CPU
		{389777F9-4C0F-4262-9A44-8C7F548C0B75}.Debug|x86.ActiveCfg = Debug|Any CPU
		{389777F9-4C0F-4262-9A44-8C7F548C0B75}.Debug|x86.Build.0 = Debug|Any CPU
		{389777F9-4C0F-4262-9A44-8C7F548C0B75}.Release|Any CPU.ActiveCfg = Release|Any CPU
		{389777F9-4C0F-4262-9A44-8C7F548C0B75}.Release|Any CPU.Build.0 = Release|Any CPU
		{389777F9-4C0F-4262-9A44-8C7F548C0B75}.Release|ARM.ActiveCfg = Release|Any CPU
		{389777F9-4C0F-4262-9A44-8C7F548C0B75}.Release|ARM.Build.0 = Release|Any CPU
		{389777F9-4C0F-4262-9A44-8C7F548C0B75}.Release|iPhone.ActiveCfg = Release|Any CPU
		{389777F9-4C0F-4262-9A44-8C7F548C0B75}.Release|iPhone.Build.0 = Release|Any CPU
		{389777F9-4C0F-4262-9A44-8C7F548C0B75}.Release|iPhoneSimulator.ActiveCfg = Release|Any CPU
		{389777F9-4C0F-4262-9A44-8C7F548C0B75}.Release|iPhoneSimulator.Build.0 = Release|Any CPU
		{389777F9-4C0F-4262-9A44-8C7F548C0B75}.Release|x64.ActiveCfg = Release|Any CPU
		{389777F9-4C0F-4262-9A44-8C7F548C0B75}.Release|x64.Build.0 = Release|Any CPU
		{389777F9-4C0F-4262-9A44-8C7F548C0B75}.Release|x86.ActiveCfg = Release|Any CPU
		{389777F9-4C0F-4262-9A44-8C7F548C0B75}.Release|x86.Build.0 = Release|Any CPU
		{A7322883-D6B3-4CD9-AF40-845836058B9F}.Debug|Any CPU.ActiveCfg = Debug|Any CPU
		{A7322883-D6B3-4CD9-AF40-845836058B9F}.Debug|Any CPU.Build.0 = Debug|Any CPU
		{A7322883-D6B3-4CD9-AF40-845836058B9F}.Debug|ARM.ActiveCfg = Debug|Any CPU
		{A7322883-D6B3-4CD9-AF40-845836058B9F}.Debug|ARM.Build.0 = Debug|Any CPU
		{A7322883-D6B3-4CD9-AF40-845836058B9F}.Debug|iPhone.ActiveCfg = Debug|Any CPU
		{A7322883-D6B3-4CD9-AF40-845836058B9F}.Debug|iPhone.Build.0 = Debug|Any CPU
		{A7322883-D6B3-4CD9-AF40-845836058B9F}.Debug|iPhoneSimulator.ActiveCfg = Debug|Any CPU
		{A7322883-D6B3-4CD9-AF40-845836058B9F}.Debug|iPhoneSimulator.Build.0 = Debug|Any CPU
		{A7322883-D6B3-4CD9-AF40-845836058B9F}.Debug|x64.ActiveCfg = Debug|Any CPU
		{A7322883-D6B3-4CD9-AF40-845836058B9F}.Debug|x64.Build.0 = Debug|Any CPU
		{A7322883-D6B3-4CD9-AF40-845836058B9F}.Debug|x86.ActiveCfg = Debug|Any CPU
		{A7322883-D6B3-4CD9-AF40-845836058B9F}.Debug|x86.Build.0 = Debug|Any CPU
		{A7322883-D6B3-4CD9-AF40-845836058B9F}.Release|Any CPU.ActiveCfg = Release|Any CPU
		{A7322883-D6B3-4CD9-AF40-845836058B9F}.Release|Any CPU.Build.0 = Release|Any CPU
		{A7322883-D6B3-4CD9-AF40-845836058B9F}.Release|ARM.ActiveCfg = Release|Any CPU
		{A7322883-D6B3-4CD9-AF40-845836058B9F}.Release|ARM.Build.0 = Release|Any CPU
		{A7322883-D6B3-4CD9-AF40-845836058B9F}.Release|iPhone.ActiveCfg = Release|Any CPU
		{A7322883-D6B3-4CD9-AF40-845836058B9F}.Release|iPhone.Build.0 = Release|Any CPU
		{A7322883-D6B3-4CD9-AF40-845836058B9F}.Release|iPhoneSimulator.ActiveCfg = Release|Any CPU
		{A7322883-D6B3-4CD9-AF40-845836058B9F}.Release|iPhoneSimulator.Build.0 = Release|Any CPU
		{A7322883-D6B3-4CD9-AF40-845836058B9F}.Release|x64.ActiveCfg = Release|Any CPU
		{A7322883-D6B3-4CD9-AF40-845836058B9F}.Release|x64.Build.0 = Release|Any CPU
		{A7322883-D6B3-4CD9-AF40-845836058B9F}.Release|x86.ActiveCfg = Release|Any CPU
		{A7322883-D6B3-4CD9-AF40-845836058B9F}.Release|x86.Build.0 = Release|Any CPU
	EndGlobalSection
	GlobalSection(SolutionProperties) = preSolution
		HideSolutionNode = FALSE
	EndGlobalSection
	GlobalSection(NestedProjects) = preSolution
		{1AC8149A-B28F-4DB6-A65E-31E379605528} = {B5B24C14-6AE6-4F30-A089-F22876B55AA2}
		{4A4AC861-6DEA-49E0-A330-5442B1F1F294} = {0B2B9CE5-5087-4670-BFDF-0FA71D85B82A}
		{135A31E6-E396-40A0-AE09-2C9E238C4538} = {B5B24C14-6AE6-4F30-A089-F22876B55AA2}
		{B6191ECE-AAA9-4563-B1E4-2D3CEADE4376} = {B5B24C14-6AE6-4F30-A089-F22876B55AA2}
		{A737FCED-1BDA-412A-BD1E-35275D961D30} = {B5B24C14-6AE6-4F30-A089-F22876B55AA2}
		{4ED7BB11-5DBE-41C0-BDCC-56DBE619096C} = {B5B24C14-6AE6-4F30-A089-F22876B55AA2}
		{BD3BCDA2-B5EB-46F6-9B6B-E138911B7DE7} = {B5B24C14-6AE6-4F30-A089-F22876B55AA2}
		{0FC159BF-5C26-4CF1-9DE5-000139B39EE0} = {B5B24C14-6AE6-4F30-A089-F22876B55AA2}
		{D1D998D6-35CE-4B79-9539-3110B55BE19C} = {B5B24C14-6AE6-4F30-A089-F22876B55AA2}
		{F759FC51-32C4-4B42-8C64-2EE8D73555BA} = {B5B24C14-6AE6-4F30-A089-F22876B55AA2}
		{D3FA59B0-246B-4CC0-A01F-92499A7CED73} = {B5B24C14-6AE6-4F30-A089-F22876B55AA2}
		{F771FB8D-E929-435D-A3B4-7D936CDE2C18} = {B5B24C14-6AE6-4F30-A089-F22876B55AA2}
		{3B849217-44F7-4947-8A56-55AA345DC648} = {740B4B75-7B30-458C-846D-5E14B54B51BC}
		{82A1931E-F04F-4862-B74A-2F911820D456} = {740B4B75-7B30-458C-846D-5E14B54B51BC}
		{E0D5B059-5DAC-4262-9D9E-F25AFAF75851} = {740B4B75-7B30-458C-846D-5E14B54B51BC}
		{F75E6DAC-F339-4166-9066-2A3C0F092BF9} = {740B4B75-7B30-458C-846D-5E14B54B51BC}
		{813E086E-912A-46DC-B4A7-A61E2ECFC7E9} = {740B4B75-7B30-458C-846D-5E14B54B51BC}
		{65D28285-E7B9-4CDB-89FA-77BD2D50A57D} = {740B4B75-7B30-458C-846D-5E14B54B51BC}
		{7EDD7650-3B80-4B71-AFB6-18D24E44B146} = {740B4B75-7B30-458C-846D-5E14B54B51BC}
		{F87347BC-A468-4E4E-8F8E-387E98B1BE92} = {740B4B75-7B30-458C-846D-5E14B54B51BC}
		{92E81594-526C-4F0F-8421-B3FDB03AEC21} = {740B4B75-7B30-458C-846D-5E14B54B51BC}
		{52420733-05FF-454C-AFF1-23B6C7AE1915} = {740B4B75-7B30-458C-846D-5E14B54B51BC}
		{389777F9-4C0F-4262-9A44-8C7F548C0B75} = {740B4B75-7B30-458C-846D-5E14B54B51BC}
		{A7322883-D6B3-4CD9-AF40-845836058B9F} = {740B4B75-7B30-458C-846D-5E14B54B51BC}
	EndGlobalSection
	GlobalSection(ExtensibilityGlobals) = postSolution
		SolutionGuid = {80DD99F3-7A4C-49E7-B942-07960D455516}
	EndGlobalSection
EndGlobal
