
Microsoft Visual Studio Solution File, Format Version 12.00
# Visual Studio Version 16
VisualStudioVersion = 16.0.29123.88
MinimumVisualStudioVersion = 10.0.40219.1
Project("{2150E333-8FDC-42A3-9474-1A3956D46DE8}") = "!Solution Items", "!Solution Items", "{D86EA0D6-8581-45CA-8AF0-16AF124E4839}"
	ProjectSection(SolutionItems) = preProject
		.editorconfig = .editorconfig
		.gitignore = .gitignore
		README.md = README.md
	EndProjectSection
EndProject
Project("{2150E333-8FDC-42A3-9474-1A3956D46DE8}") = "Forms", "Forms", "{B5B24C14-6AE6-4F30-A089-F22876B55AA2}"
EndProject
Project("{FAE04EC0-301F-11D3-BF4B-00C04F79EFBC}") = "Hymnal.XF.iOS", "src\Hymnal.XF.iOS\Hymnal.XF.iOS.csproj", "{A737FCED-1BDA-412A-BD1E-35275D961D30}"
EndProject
Project("{FAE04EC0-301F-11D3-BF4B-00C04F79EFBC}") = "Hymnal.XF.Droid", "src\Hymnal.XF.Droid\Hymnal.XF.Droid.csproj", "{C494B802-1607-44BD-87D3-F94A0E28CC6C}"
EndProject
Project("{2150E333-8FDC-42A3-9474-1A3956D46DE8}") = "AzureFunctions", "AzureFunctions", "{05526554-DF50-435B-8B6E-9E8F2416AC7E}"
EndProject
Project("{9A19103F-16F7-4668-BE54-9A1E7A4F7556}") = "Hymnal.AzureFunctions.Models", "AzureFunctions\Hymnal.AzureFunctions.Models\Hymnal.AzureFunctions.Models.csproj", "{E9F097E6-8099-4622-96B7-E8353F626D01}"
EndProject
Project("{9A19103F-16F7-4668-BE54-9A1E7A4F7556}") = "Hymnal.AzureFunctions.Client", "AzureFunctions\Hymnal.AzureFunctions.Client\Hymnal.AzureFunctions.Client.csproj", "{46FF8276-6C1F-4DC4-B13D-67AA7E93BD91}"
EndProject
Project("{9A19103F-16F7-4668-BE54-9A1E7A4F7556}") = "Hymnal.AzureFunctions.Test", "AzureFunctions\Hymnal.AzureFunctions.Test\Hymnal.AzureFunctions.Test.csproj", "{CCA6352B-6DF8-4A74-8BC3-E00B5FACA134}"
EndProject
Project("{9A19103F-16F7-4668-BE54-9A1E7A4F7556}") = "Helpers", "Helpers\Helpers\Helpers.csproj", "{DCB68EE1-1F43-42AB-9FD0-6BFE3BF228CE}"
EndProject
Project("{2150E333-8FDC-42A3-9474-1A3956D46DE8}") = "X Helpers", "X Helpers", "{96628E4D-B80C-47B5-83E1-7A54D036BA40}"
EndProject
Project("{9A19103F-16F7-4668-BE54-9A1E7A4F7556}") = "Hymnal.XF", "src\Hymnal.XF\Hymnal.XF.csproj", "{9731F4DE-0968-4217-8934-E6B8594D0AA6}"
EndProject
Global
	GlobalSection(SolutionConfigurationPlatforms) = preSolution
		Debug|Any CPU = Debug|Any CPU
		Debug|ARM = Debug|ARM
		Debug|iPhone = Debug|iPhone
		Debug|iPhoneSimulator = Debug|iPhoneSimulator
		Debug|x64 = Debug|x64
		Debug|x86 = Debug|x86
		Release|Any CPU = Release|Any CPU
		Release|ARM = Release|ARM
		Release|iPhone = Release|iPhone
		Release|iPhoneSimulator = Release|iPhoneSimulator
		Release|x64 = Release|x64
		Release|x86 = Release|x86
	EndGlobalSection
	GlobalSection(ProjectConfigurationPlatforms) = postSolution
		{A737FCED-1BDA-412A-BD1E-35275D961D30}.Debug|Any CPU.ActiveCfg = Debug|iPhone
		{A737FCED-1BDA-412A-BD1E-35275D961D30}.Debug|Any CPU.Build.0 = Debug|iPhone
		{A737FCED-1BDA-412A-BD1E-35275D961D30}.Debug|ARM.ActiveCfg = Debug|iPhone
		{A737FCED-1BDA-412A-BD1E-35275D961D30}.Debug|iPhone.ActiveCfg = Debug|iPhone
		{A737FCED-1BDA-412A-BD1E-35275D961D30}.Debug|iPhone.Build.0 = Debug|iPhone
		{A737FCED-1BDA-412A-BD1E-35275D961D30}.Debug|iPhone.Deploy.0 = Debug|iPhone
		{A737FCED-1BDA-412A-BD1E-35275D961D30}.Debug|iPhoneSimulator.ActiveCfg = Debug|iPhoneSimulator
		{A737FCED-1BDA-412A-BD1E-35275D961D30}.Debug|iPhoneSimulator.Build.0 = Debug|iPhoneSimulator
		{A737FCED-1BDA-412A-BD1E-35275D961D30}.Debug|iPhoneSimulator.Deploy.0 = Debug|iPhoneSimulator
		{A737FCED-1BDA-412A-BD1E-35275D961D30}.Debug|x64.ActiveCfg = Debug|iPhone
		{A737FCED-1BDA-412A-BD1E-35275D961D30}.Debug|x86.ActiveCfg = Debug|iPhone
		{A737FCED-1BDA-412A-BD1E-35275D961D30}.Release|Any CPU.ActiveCfg = Release|iPhone
		{A737FCED-1BDA-412A-BD1E-35275D961D30}.Release|ARM.ActiveCfg = Release|iPhone
		{A737FCED-1BDA-412A-BD1E-35275D961D30}.Release|iPhone.ActiveCfg = Release|iPhone
		{A737FCED-1BDA-412A-BD1E-35275D961D30}.Release|iPhone.Build.0 = Release|iPhone
		{A737FCED-1BDA-412A-BD1E-35275D961D30}.Release|iPhone.Deploy.0 = Release|iPhone
		{A737FCED-1BDA-412A-BD1E-35275D961D30}.Release|iPhoneSimulator.ActiveCfg = Release|iPhoneSimulator
		{A737FCED-1BDA-412A-BD1E-35275D961D30}.Release|iPhoneSimulator.Build.0 = Release|iPhoneSimulator
		{A737FCED-1BDA-412A-BD1E-35275D961D30}.Release|iPhoneSimulator.Deploy.0 = Release|iPhoneSimulator
		{A737FCED-1BDA-412A-BD1E-35275D961D30}.Release|x64.ActiveCfg = Release|iPhone
		{A737FCED-1BDA-412A-BD1E-35275D961D30}.Release|x86.ActiveCfg = Release|iPhone
		{C494B802-1607-44BD-87D3-F94A0E28CC6C}.Debug|Any CPU.ActiveCfg = Debug|Any CPU
		{C494B802-1607-44BD-87D3-F94A0E28CC6C}.Debug|Any CPU.Build.0 = Debug|Any CPU
		{C494B802-1607-44BD-87D3-F94A0E28CC6C}.Debug|Any CPU.Deploy.0 = Debug|Any CPU
		{C494B802-1607-44BD-87D3-F94A0E28CC6C}.Debug|ARM.ActiveCfg = Debug|Any CPU
		{C494B802-1607-44BD-87D3-F94A0E28CC6C}.Debug|ARM.Build.0 = Debug|Any CPU
		{C494B802-1607-44BD-87D3-F94A0E28CC6C}.Debug|ARM.Deploy.0 = Debug|Any CPU
		{C494B802-1607-44BD-87D3-F94A0E28CC6C}.Debug|iPhone.ActiveCfg = Debug|Any CPU
		{C494B802-1607-44BD-87D3-F94A0E28CC6C}.Debug|iPhone.Build.0 = Debug|Any CPU
		{C494B802-1607-44BD-87D3-F94A0E28CC6C}.Debug|iPhone.Deploy.0 = Debug|Any CPU
		{C494B802-1607-44BD-87D3-F94A0E28CC6C}.Debug|iPhoneSimulator.ActiveCfg = Debug|Any CPU
		{C494B802-1607-44BD-87D3-F94A0E28CC6C}.Debug|iPhoneSimulator.Build.0 = Debug|Any CPU
		{C494B802-1607-44BD-87D3-F94A0E28CC6C}.Debug|iPhoneSimulator.Deploy.0 = Debug|Any CPU
		{C494B802-1607-44BD-87D3-F94A0E28CC6C}.Debug|x64.ActiveCfg = Debug|Any CPU
		{C494B802-1607-44BD-87D3-F94A0E28CC6C}.Debug|x64.Build.0 = Debug|Any CPU
		{C494B802-1607-44BD-87D3-F94A0E28CC6C}.Debug|x64.Deploy.0 = Debug|Any CPU
		{C494B802-1607-44BD-87D3-F94A0E28CC6C}.Debug|x86.ActiveCfg = Debug|Any CPU
		{C494B802-1607-44BD-87D3-F94A0E28CC6C}.Debug|x86.Build.0 = Debug|Any CPU
		{C494B802-1607-44BD-87D3-F94A0E28CC6C}.Debug|x86.Deploy.0 = Debug|Any CPU
		{C494B802-1607-44BD-87D3-F94A0E28CC6C}.Release|Any CPU.ActiveCfg = Release|Any CPU
		{C494B802-1607-44BD-87D3-F94A0E28CC6C}.Release|Any CPU.Build.0 = Release|Any CPU
		{C494B802-1607-44BD-87D3-F94A0E28CC6C}.Release|Any CPU.Deploy.0 = Release|Any CPU
		{C494B802-1607-44BD-87D3-F94A0E28CC6C}.Release|ARM.ActiveCfg = Release|Any CPU
		{C494B802-1607-44BD-87D3-F94A0E28CC6C}.Release|ARM.Build.0 = Release|Any CPU
		{C494B802-1607-44BD-87D3-F94A0E28CC6C}.Release|ARM.Deploy.0 = Release|Any CPU
		{C494B802-1607-44BD-87D3-F94A0E28CC6C}.Release|iPhone.ActiveCfg = Release|Any CPU
		{C494B802-1607-44BD-87D3-F94A0E28CC6C}.Release|iPhone.Build.0 = Release|Any CPU
		{C494B802-1607-44BD-87D3-F94A0E28CC6C}.Release|iPhone.Deploy.0 = Release|Any CPU
		{C494B802-1607-44BD-87D3-F94A0E28CC6C}.Release|iPhoneSimulator.ActiveCfg = Release|Any CPU
		{C494B802-1607-44BD-87D3-F94A0E28CC6C}.Release|iPhoneSimulator.Build.0 = Release|Any CPU
		{C494B802-1607-44BD-87D3-F94A0E28CC6C}.Release|iPhoneSimulator.Deploy.0 = Release|Any CPU
		{C494B802-1607-44BD-87D3-F94A0E28CC6C}.Release|x64.ActiveCfg = Release|Any CPU
		{C494B802-1607-44BD-87D3-F94A0E28CC6C}.Release|x64.Build.0 = Release|Any CPU
		{C494B802-1607-44BD-87D3-F94A0E28CC6C}.Release|x64.Deploy.0 = Release|Any CPU
		{C494B802-1607-44BD-87D3-F94A0E28CC6C}.Release|x86.ActiveCfg = Release|Any CPU
		{C494B802-1607-44BD-87D3-F94A0E28CC6C}.Release|x86.Build.0 = Release|Any CPU
		{C494B802-1607-44BD-87D3-F94A0E28CC6C}.Release|x86.Deploy.0 = Release|Any CPU
		{E9F097E6-8099-4622-96B7-E8353F626D01}.Debug|Any CPU.ActiveCfg = Debug|Any CPU
		{E9F097E6-8099-4622-96B7-E8353F626D01}.Debug|Any CPU.Build.0 = Debug|Any CPU
		{E9F097E6-8099-4622-96B7-E8353F626D01}.Debug|ARM.ActiveCfg = Debug|Any CPU
		{E9F097E6-8099-4622-96B7-E8353F626D01}.Debug|ARM.Build.0 = Debug|Any CPU
		{E9F097E6-8099-4622-96B7-E8353F626D01}.Debug|iPhone.ActiveCfg = Debug|Any CPU
		{E9F097E6-8099-4622-96B7-E8353F626D01}.Debug|iPhone.Build.0 = Debug|Any CPU
		{E9F097E6-8099-4622-96B7-E8353F626D01}.Debug|iPhoneSimulator.ActiveCfg = Debug|Any CPU
		{E9F097E6-8099-4622-96B7-E8353F626D01}.Debug|iPhoneSimulator.Build.0 = Debug|Any CPU
		{E9F097E6-8099-4622-96B7-E8353F626D01}.Debug|x64.ActiveCfg = Debug|Any CPU
		{E9F097E6-8099-4622-96B7-E8353F626D01}.Debug|x64.Build.0 = Debug|Any CPU
		{E9F097E6-8099-4622-96B7-E8353F626D01}.Debug|x86.ActiveCfg = Debug|Any CPU
		{E9F097E6-8099-4622-96B7-E8353F626D01}.Debug|x86.Build.0 = Debug|Any CPU
		{E9F097E6-8099-4622-96B7-E8353F626D01}.Release|Any CPU.ActiveCfg = Release|Any CPU
		{E9F097E6-8099-4622-96B7-E8353F626D01}.Release|Any CPU.Build.0 = Release|Any CPU
		{E9F097E6-8099-4622-96B7-E8353F626D01}.Release|ARM.ActiveCfg = Release|Any CPU
		{E9F097E6-8099-4622-96B7-E8353F626D01}.Release|ARM.Build.0 = Release|Any CPU
		{E9F097E6-8099-4622-96B7-E8353F626D01}.Release|iPhone.ActiveCfg = Release|Any CPU
		{E9F097E6-8099-4622-96B7-E8353F626D01}.Release|iPhone.Build.0 = Release|Any CPU
		{E9F097E6-8099-4622-96B7-E8353F626D01}.Release|iPhoneSimulator.ActiveCfg = Release|Any CPU
		{E9F097E6-8099-4622-96B7-E8353F626D01}.Release|iPhoneSimulator.Build.0 = Release|Any CPU
		{E9F097E6-8099-4622-96B7-E8353F626D01}.Release|x64.ActiveCfg = Release|Any CPU
		{E9F097E6-8099-4622-96B7-E8353F626D01}.Release|x64.Build.0 = Release|Any CPU
		{E9F097E6-8099-4622-96B7-E8353F626D01}.Release|x86.ActiveCfg = Release|Any CPU
		{E9F097E6-8099-4622-96B7-E8353F626D01}.Release|x86.Build.0 = Release|Any CPU
		{46FF8276-6C1F-4DC4-B13D-67AA7E93BD91}.Debug|Any CPU.ActiveCfg = Debug|Any CPU
		{46FF8276-6C1F-4DC4-B13D-67AA7E93BD91}.Debug|Any CPU.Build.0 = Debug|Any CPU
		{46FF8276-6C1F-4DC4-B13D-67AA7E93BD91}.Debug|ARM.ActiveCfg = Debug|Any CPU
		{46FF8276-6C1F-4DC4-B13D-67AA7E93BD91}.Debug|ARM.Build.0 = Debug|Any CPU
		{46FF8276-6C1F-4DC4-B13D-67AA7E93BD91}.Debug|iPhone.ActiveCfg = Debug|Any CPU
		{46FF8276-6C1F-4DC4-B13D-67AA7E93BD91}.Debug|iPhone.Build.0 = Debug|Any CPU
		{46FF8276-6C1F-4DC4-B13D-67AA7E93BD91}.Debug|iPhoneSimulator.ActiveCfg = Debug|Any CPU
		{46FF8276-6C1F-4DC4-B13D-67AA7E93BD91}.Debug|iPhoneSimulator.Build.0 = Debug|Any CPU
		{46FF8276-6C1F-4DC4-B13D-67AA7E93BD91}.Debug|x64.ActiveCfg = Debug|Any CPU
		{46FF8276-6C1F-4DC4-B13D-67AA7E93BD91}.Debug|x64.Build.0 = Debug|Any CPU
		{46FF8276-6C1F-4DC4-B13D-67AA7E93BD91}.Debug|x86.ActiveCfg = Debug|Any CPU
		{46FF8276-6C1F-4DC4-B13D-67AA7E93BD91}.Debug|x86.Build.0 = Debug|Any CPU
		{46FF8276-6C1F-4DC4-B13D-67AA7E93BD91}.Release|Any CPU.ActiveCfg = Release|Any CPU
		{46FF8276-6C1F-4DC4-B13D-67AA7E93BD91}.Release|Any CPU.Build.0 = Release|Any CPU
		{46FF8276-6C1F-4DC4-B13D-67AA7E93BD91}.Release|ARM.ActiveCfg = Release|Any CPU
		{46FF8276-6C1F-4DC4-B13D-67AA7E93BD91}.Release|ARM.Build.0 = Release|Any CPU
		{46FF8276-6C1F-4DC4-B13D-67AA7E93BD91}.Release|iPhone.ActiveCfg = Release|Any CPU
		{46FF8276-6C1F-4DC4-B13D-67AA7E93BD91}.Release|iPhone.Build.0 = Release|Any CPU
		{46FF8276-6C1F-4DC4-B13D-67AA7E93BD91}.Release|iPhoneSimulator.ActiveCfg = Release|Any CPU
		{46FF8276-6C1F-4DC4-B13D-67AA7E93BD91}.Release|iPhoneSimulator.Build.0 = Release|Any CPU
		{46FF8276-6C1F-4DC4-B13D-67AA7E93BD91}.Release|x64.ActiveCfg = Release|Any CPU
		{46FF8276-6C1F-4DC4-B13D-67AA7E93BD91}.Release|x64.Build.0 = Release|Any CPU
		{46FF8276-6C1F-4DC4-B13D-67AA7E93BD91}.Release|x86.ActiveCfg = Release|Any CPU
		{46FF8276-6C1F-4DC4-B13D-67AA7E93BD91}.Release|x86.Build.0 = Release|Any CPU
		{CCA6352B-6DF8-4A74-8BC3-E00B5FACA134}.Debug|Any CPU.ActiveCfg = Debug|Any CPU
		{CCA6352B-6DF8-4A74-8BC3-E00B5FACA134}.Debug|Any CPU.Build.0 = Debug|Any CPU
		{CCA6352B-6DF8-4A74-8BC3-E00B5FACA134}.Debug|ARM.ActiveCfg = Debug|Any CPU
		{CCA6352B-6DF8-4A74-8BC3-E00B5FACA134}.Debug|ARM.Build.0 = Debug|Any CPU
		{CCA6352B-6DF8-4A74-8BC3-E00B5FACA134}.Debug|iPhone.ActiveCfg = Debug|Any CPU
		{CCA6352B-6DF8-4A74-8BC3-E00B5FACA134}.Debug|iPhone.Build.0 = Debug|Any CPU
		{CCA6352B-6DF8-4A74-8BC3-E00B5FACA134}.Debug|iPhoneSimulator.ActiveCfg = Debug|Any CPU
		{CCA6352B-6DF8-4A74-8BC3-E00B5FACA134}.Debug|iPhoneSimulator.Build.0 = Debug|Any CPU
		{CCA6352B-6DF8-4A74-8BC3-E00B5FACA134}.Debug|x64.ActiveCfg = Debug|Any CPU
		{CCA6352B-6DF8-4A74-8BC3-E00B5FACA134}.Debug|x64.Build.0 = Debug|Any CPU
		{CCA6352B-6DF8-4A74-8BC3-E00B5FACA134}.Debug|x86.ActiveCfg = Debug|Any CPU
		{CCA6352B-6DF8-4A74-8BC3-E00B5FACA134}.Debug|x86.Build.0 = Debug|Any CPU
		{CCA6352B-6DF8-4A74-8BC3-E00B5FACA134}.Release|Any CPU.ActiveCfg = Release|Any CPU
		{CCA6352B-6DF8-4A74-8BC3-E00B5FACA134}.Release|Any CPU.Build.0 = Release|Any CPU
		{CCA6352B-6DF8-4A74-8BC3-E00B5FACA134}.Release|ARM.ActiveCfg = Release|Any CPU
		{CCA6352B-6DF8-4A74-8BC3-E00B5FACA134}.Release|ARM.Build.0 = Release|Any CPU
		{CCA6352B-6DF8-4A74-8BC3-E00B5FACA134}.Release|iPhone.ActiveCfg = Release|Any CPU
		{CCA6352B-6DF8-4A74-8BC3-E00B5FACA134}.Release|iPhone.Build.0 = Release|Any CPU
		{CCA6352B-6DF8-4A74-8BC3-E00B5FACA134}.Release|iPhoneSimulator.ActiveCfg = Release|Any CPU
		{CCA6352B-6DF8-4A74-8BC3-E00B5FACA134}.Release|iPhoneSimulator.Build.0 = Release|Any CPU
		{CCA6352B-6DF8-4A74-8BC3-E00B5FACA134}.Release|x64.ActiveCfg = Release|Any CPU
		{CCA6352B-6DF8-4A74-8BC3-E00B5FACA134}.Release|x64.Build.0 = Release|Any CPU
		{CCA6352B-6DF8-4A74-8BC3-E00B5FACA134}.Release|x86.ActiveCfg = Release|Any CPU
		{CCA6352B-6DF8-4A74-8BC3-E00B5FACA134}.Release|x86.Build.0 = Release|Any CPU
		{DCB68EE1-1F43-42AB-9FD0-6BFE3BF228CE}.Debug|Any CPU.ActiveCfg = Debug|Any CPU
		{DCB68EE1-1F43-42AB-9FD0-6BFE3BF228CE}.Debug|Any CPU.Build.0 = Debug|Any CPU
		{DCB68EE1-1F43-42AB-9FD0-6BFE3BF228CE}.Debug|ARM.ActiveCfg = Debug|Any CPU
		{DCB68EE1-1F43-42AB-9FD0-6BFE3BF228CE}.Debug|ARM.Build.0 = Debug|Any CPU
		{DCB68EE1-1F43-42AB-9FD0-6BFE3BF228CE}.Debug|iPhone.ActiveCfg = Debug|Any CPU
		{DCB68EE1-1F43-42AB-9FD0-6BFE3BF228CE}.Debug|iPhone.Build.0 = Debug|Any CPU
		{DCB68EE1-1F43-42AB-9FD0-6BFE3BF228CE}.Debug|iPhoneSimulator.ActiveCfg = Debug|Any CPU
		{DCB68EE1-1F43-42AB-9FD0-6BFE3BF228CE}.Debug|iPhoneSimulator.Build.0 = Debug|Any CPU
		{DCB68EE1-1F43-42AB-9FD0-6BFE3BF228CE}.Debug|x64.ActiveCfg = Debug|Any CPU
		{DCB68EE1-1F43-42AB-9FD0-6BFE3BF228CE}.Debug|x64.Build.0 = Debug|Any CPU
		{DCB68EE1-1F43-42AB-9FD0-6BFE3BF228CE}.Debug|x86.ActiveCfg = Debug|Any CPU
		{DCB68EE1-1F43-42AB-9FD0-6BFE3BF228CE}.Debug|x86.Build.0 = Debug|Any CPU
		{DCB68EE1-1F43-42AB-9FD0-6BFE3BF228CE}.Release|Any CPU.ActiveCfg = Release|Any CPU
		{DCB68EE1-1F43-42AB-9FD0-6BFE3BF228CE}.Release|Any CPU.Build.0 = Release|Any CPU
		{DCB68EE1-1F43-42AB-9FD0-6BFE3BF228CE}.Release|ARM.ActiveCfg = Release|Any CPU
		{DCB68EE1-1F43-42AB-9FD0-6BFE3BF228CE}.Release|ARM.Build.0 = Release|Any CPU
		{DCB68EE1-1F43-42AB-9FD0-6BFE3BF228CE}.Release|iPhone.ActiveCfg = Release|Any CPU
		{DCB68EE1-1F43-42AB-9FD0-6BFE3BF228CE}.Release|iPhone.Build.0 = Release|Any CPU
		{DCB68EE1-1F43-42AB-9FD0-6BFE3BF228CE}.Release|iPhoneSimulator.ActiveCfg = Release|Any CPU
		{DCB68EE1-1F43-42AB-9FD0-6BFE3BF228CE}.Release|iPhoneSimulator.Build.0 = Release|Any CPU
		{DCB68EE1-1F43-42AB-9FD0-6BFE3BF228CE}.Release|x64.ActiveCfg = Release|Any CPU
		{DCB68EE1-1F43-42AB-9FD0-6BFE3BF228CE}.Release|x64.Build.0 = Release|Any CPU
		{DCB68EE1-1F43-42AB-9FD0-6BFE3BF228CE}.Release|x86.ActiveCfg = Release|Any CPU
		{DCB68EE1-1F43-42AB-9FD0-6BFE3BF228CE}.Release|x86.Build.0 = Release|Any CPU
		{9731F4DE-0968-4217-8934-E6B8594D0AA6}.Debug|Any CPU.ActiveCfg = Debug|Any CPU
		{9731F4DE-0968-4217-8934-E6B8594D0AA6}.Debug|Any CPU.Build.0 = Debug|Any CPU
		{9731F4DE-0968-4217-8934-E6B8594D0AA6}.Debug|ARM.ActiveCfg = Debug|Any CPU
		{9731F4DE-0968-4217-8934-E6B8594D0AA6}.Debug|ARM.Build.0 = Debug|Any CPU
		{9731F4DE-0968-4217-8934-E6B8594D0AA6}.Debug|iPhone.ActiveCfg = Debug|Any CPU
		{9731F4DE-0968-4217-8934-E6B8594D0AA6}.Debug|iPhone.Build.0 = Debug|Any CPU
		{9731F4DE-0968-4217-8934-E6B8594D0AA6}.Debug|iPhoneSimulator.ActiveCfg = Debug|Any CPU
		{9731F4DE-0968-4217-8934-E6B8594D0AA6}.Debug|iPhoneSimulator.Build.0 = Debug|Any CPU
		{9731F4DE-0968-4217-8934-E6B8594D0AA6}.Debug|x64.ActiveCfg = Debug|Any CPU
		{9731F4DE-0968-4217-8934-E6B8594D0AA6}.Debug|x64.Build.0 = Debug|Any CPU
		{9731F4DE-0968-4217-8934-E6B8594D0AA6}.Debug|x86.ActiveCfg = Debug|Any CPU
		{9731F4DE-0968-4217-8934-E6B8594D0AA6}.Debug|x86.Build.0 = Debug|Any CPU
		{9731F4DE-0968-4217-8934-E6B8594D0AA6}.Release|Any CPU.ActiveCfg = Release|Any CPU
		{9731F4DE-0968-4217-8934-E6B8594D0AA6}.Release|Any CPU.Build.0 = Release|Any CPU
		{9731F4DE-0968-4217-8934-E6B8594D0AA6}.Release|ARM.ActiveCfg = Release|Any CPU
		{9731F4DE-0968-4217-8934-E6B8594D0AA6}.Release|ARM.Build.0 = Release|Any CPU
		{9731F4DE-0968-4217-8934-E6B8594D0AA6}.Release|iPhone.ActiveCfg = Release|Any CPU
		{9731F4DE-0968-4217-8934-E6B8594D0AA6}.Release|iPhone.Build.0 = Release|Any CPU
		{9731F4DE-0968-4217-8934-E6B8594D0AA6}.Release|iPhoneSimulator.ActiveCfg = Release|Any CPU
		{9731F4DE-0968-4217-8934-E6B8594D0AA6}.Release|iPhoneSimulator.Build.0 = Release|Any CPU
		{9731F4DE-0968-4217-8934-E6B8594D0AA6}.Release|x64.ActiveCfg = Release|Any CPU
		{9731F4DE-0968-4217-8934-E6B8594D0AA6}.Release|x64.Build.0 = Release|Any CPU
		{9731F4DE-0968-4217-8934-E6B8594D0AA6}.Release|x86.ActiveCfg = Release|Any CPU
		{9731F4DE-0968-4217-8934-E6B8594D0AA6}.Release|x86.Build.0 = Release|Any CPU
	EndGlobalSection
	GlobalSection(SolutionProperties) = preSolution
		HideSolutionNode = FALSE
	EndGlobalSection
	GlobalSection(NestedProjects) = preSolution
		{A737FCED-1BDA-412A-BD1E-35275D961D30} = {B5B24C14-6AE6-4F30-A089-F22876B55AA2}
		{C494B802-1607-44BD-87D3-F94A0E28CC6C} = {B5B24C14-6AE6-4F30-A089-F22876B55AA2}
		{E9F097E6-8099-4622-96B7-E8353F626D01} = {05526554-DF50-435B-8B6E-9E8F2416AC7E}
		{46FF8276-6C1F-4DC4-B13D-67AA7E93BD91} = {05526554-DF50-435B-8B6E-9E8F2416AC7E}
		{CCA6352B-6DF8-4A74-8BC3-E00B5FACA134} = {05526554-DF50-435B-8B6E-9E8F2416AC7E}
		{DCB68EE1-1F43-42AB-9FD0-6BFE3BF228CE} = {96628E4D-B80C-47B5-83E1-7A54D036BA40}
	EndGlobalSection
	GlobalSection(ExtensibilityGlobals) = postSolution
		SolutionGuid = {80DD99F3-7A4C-49E7-B942-07960D455516}
	EndGlobalSection
EndGlobal
